// !$*UTF8*$!
{
	archiveVersion = 1;
	classes = {
	};
	objectVersion = 46;
	objects = {

/* Begin PBXBuildFile section */
		33051C3C1AE09F29004978A1 /* Main.storyboard in Resources */ = {isa = PBXBuildFile; fileRef = 33051C3A1AE09F29004978A1 /* Main.storyboard */; };
		33051C3E1AE09F29004978A1 /* Images.xcassets in Resources */ = {isa = PBXBuildFile; fileRef = 33051C3D1AE09F29004978A1 /* Images.xcassets */; };
		33051C411AE09F29004978A1 /* LaunchScreen.xib in Resources */ = {isa = PBXBuildFile; fileRef = 33051C3F1AE09F29004978A1 /* LaunchScreen.xib */; };
		33051C551AE09FED004978A1 /* AppDelegate.swift in Sources */ = {isa = PBXBuildFile; fileRef = 33051C541AE09FED004978A1 /* AppDelegate.swift */; };
		33051C5F1AE09FFA004978A1 /* iOS_SnakeViewController.swift in Sources */ = {isa = PBXBuildFile; fileRef = 33051C571AE09FFA004978A1 /* iOS_SnakeViewController.swift */; };
		33051C601AE09FFA004978A1 /* iOS_AppleView.swift in Sources */ = {isa = PBXBuildFile; fileRef = 33051C591AE09FFA004978A1 /* iOS_AppleView.swift */; };
		33051C611AE09FFA004978A1 /* iOS_ObstacleView.swift in Sources */ = {isa = PBXBuildFile; fileRef = 33051C5A1AE09FFA004978A1 /* iOS_ObstacleView.swift */; };
		33051C621AE09FFA004978A1 /* iOS_SnakeView.swift in Sources */ = {isa = PBXBuildFile; fileRef = 33051C5B1AE09FFA004978A1 /* iOS_SnakeView.swift */; };
		33051C631AE09FFA004978A1 /* iOS_StageElementViewFactory.swift in Sources */ = {isa = PBXBuildFile; fileRef = 33051C5C1AE09FFA004978A1 /* iOS_StageElementViewFactory.swift */; };
		33051C641AE09FFA004978A1 /* iOS_StageView.swift in Sources */ = {isa = PBXBuildFile; fileRef = 33051C5D1AE09FFA004978A1 /* iOS_StageView.swift */; };
		33051C651AE09FFA004978A1 /* iOS_StageViewTransform.swift in Sources */ = {isa = PBXBuildFile; fileRef = 33051C5E1AE09FFA004978A1 /* iOS_StageViewTransform.swift */; };
		33051C671AE0A092004978A1 /* ConcreteStageElementViewFactory.swift in Sources */ = {isa = PBXBuildFile; fileRef = 333A14671ADDADF500F12835 /* ConcreteStageElementViewFactory.swift */; };
		33051C681AE0A092004978A1 /* StageViewTransform.swift in Sources */ = {isa = PBXBuildFile; fileRef = 3345F4641AD504A000FF143D /* StageViewTransform.swift */; };
		33051C691AE0A092004978A1 /* DebuggerConsoleView.swift in Sources */ = {isa = PBXBuildFile; fileRef = 3324D8781AD873B700C202D3 /* DebuggerConsoleView.swift */; };
		33051C6A1AE0A092004978A1 /* StageElementView.swift in Sources */ = {isa = PBXBuildFile; fileRef = 333A146B1ADDAF4800F12835 /* StageElementView.swift */; };
		33051C6B1AE0A092004978A1 /* StageViewCache.swift in Sources */ = {isa = PBXBuildFile; fileRef = 333A14711ADDB8D700F12835 /* StageViewCache.swift */; };
		33051C6C1AE0A092004978A1 /* SnakeGameController.swift in Sources */ = {isa = PBXBuildFile; fileRef = 337003BC1AD7920D00ADD2C4 /* SnakeGameController.swift */; };
		33051C6D1AE0A092004978A1 /* KeyboardControlBindings.swift in Sources */ = {isa = PBXBuildFile; fileRef = 3345F4101AD4F8AA00FF143D /* KeyboardControlBindings.swift */; };
		33051C6E1AE0A092004978A1 /* SnakeController.swift in Sources */ = {isa = PBXBuildFile; fileRef = 3345F4111AD4F8AA00FF143D /* SnakeController.swift */; };
		33051C6F1AE0A092004978A1 /* Stage.swift in Sources */ = {isa = PBXBuildFile; fileRef = 3345F4141AD4F8AA00FF143D /* Stage.swift */; };
		33051C701AE0A092004978A1 /* StageConfigurator.swift in Sources */ = {isa = PBXBuildFile; fileRef = 3345F4151AD4F8AA00FF143D /* StageConfigurator.swift */; };
		33051C711AE0A092004978A1 /* StageConfiguratorLevel1.swift in Sources */ = {isa = PBXBuildFile; fileRef = 3345F4161AD4F8AA00FF143D /* StageConfiguratorLevel1.swift */; };
		33051C721AE0A092004978A1 /* StageLocation.swift in Sources */ = {isa = PBXBuildFile; fileRef = 3345F4171AD4F8AA00FF143D /* StageLocation.swift */; };
		33051C731AE0A092004978A1 /* StageSize.swift in Sources */ = {isa = PBXBuildFile; fileRef = 3345F4181AD4F8AA00FF143D /* StageSize.swift */; };
		33051C741AE0A092004978A1 /* Apple.swift in Sources */ = {isa = PBXBuildFile; fileRef = 3345F41A1AD4F8AA00FF143D /* Apple.swift */; };
		33051C751AE0A092004978A1 /* Direction.swift in Sources */ = {isa = PBXBuildFile; fileRef = 3345F41B1AD4F8AA00FF143D /* Direction.swift */; };
		33051C761AE0A092004978A1 /* Obstacle.swift in Sources */ = {isa = PBXBuildFile; fileRef = 3345F41C1AD4F8AA00FF143D /* Obstacle.swift */; };
		33051C771AE0A092004978A1 /* Snake.swift in Sources */ = {isa = PBXBuildFile; fileRef = 3345F41D1AD4F8AA00FF143D /* Snake.swift */; };
		33051C781AE0A092004978A1 /* SnakeConfigurator.swift in Sources */ = {isa = PBXBuildFile; fileRef = 3345F41E1AD4F8AA00FF143D /* SnakeConfigurator.swift */; };
		33051C791AE0A092004978A1 /* StageElement.swift in Sources */ = {isa = PBXBuildFile; fileRef = 3345F41F1AD4F8AA00FF143D /* StageElement.swift */; };
		33051C7A1AE0A092004978A1 /* StageElementDirectable.swift in Sources */ = {isa = PBXBuildFile; fileRef = 3345F4201AD4F8AA00FF143D /* StageElementDirectable.swift */; };
		33051C7B1AE0A092004978A1 /* StageLocatable.swift in Sources */ = {isa = PBXBuildFile; fileRef = 3345F4211AD4F8AA00FF143D /* StageLocatable.swift */; };
		33051C7C1AE0A092004978A1 /* Tunnel.swift in Sources */ = {isa = PBXBuildFile; fileRef = 3345F4221AD4F8AA00FF143D /* Tunnel.swift */; };
		33051C7D1AE0A092004978A1 /* NSObject+ClassName.swift in Sources */ = {isa = PBXBuildFile; fileRef = 3345F4241AD4F8AA00FF143D /* NSObject+ClassName.swift */; };
		33051C7E1AE0A092004978A1 /* TimerFactory.swift in Sources */ = {isa = PBXBuildFile; fileRef = 3345F4251AD4F8AA00FF143D /* TimerFactory.swift */; };
		33051C7F1AE0A092004978A1 /* Utils.swift in Sources */ = {isa = PBXBuildFile; fileRef = 3345F4261AD4F8AA00FF143D /* Utils.swift */; };
		331964771ADC813F00AF6CD5 /* OSX_WindowResizer.swift in Sources */ = {isa = PBXBuildFile; fileRef = 331964761ADC813F00AF6CD5 /* OSX_WindowResizer.swift */; };
		331964801ADCB56C00AF6CD5 /* OSX_SnakeWindowController.swift in Sources */ = {isa = PBXBuildFile; fileRef = 3319647F1ADCB56C00AF6CD5 /* OSX_SnakeWindowController.swift */; };
		331964911ADCC28C00AF6CD5 /* OSX_WindowResizerTests.swift in Sources */ = {isa = PBXBuildFile; fileRef = 331964901ADCC28C00AF6CD5 /* OSX_WindowResizerTests.swift */; };
		33267CBF1AE99D910050BBEC /* MPCControllerTests.swift in Sources */ = {isa = PBXBuildFile; fileRef = 33267CBE1AE99D910050BBEC /* MPCControllerTests.swift */; };
		33267CC01AE99E1F0050BBEC /* MPCController.swift in Sources */ = {isa = PBXBuildFile; fileRef = 3385B66F1AE6129800FF1F98 /* MPCController.swift */; };
		33267CC11AE99E240050BBEC /* PeerInvite.swift in Sources */ = {isa = PBXBuildFile; fileRef = 33978A8E1AE8548C000FA45B /* PeerInvite.swift */; };
		33267CC31AE9DC300050BBEC /* iOS_PeerInvite.swift in Sources */ = {isa = PBXBuildFile; fileRef = 33267CC21AE9DC300050BBEC /* iOS_PeerInvite.swift */; };
		3337BF781AD89C8700AD9CB7 /* StageViewTransform.swift in Sources */ = {isa = PBXBuildFile; fileRef = 3345F4641AD504A000FF143D /* StageViewTransform.swift */; };
		3337BF791AD89C8700AD9CB7 /* DebuggerConsoleView.swift in Sources */ = {isa = PBXBuildFile; fileRef = 3324D8781AD873B700C202D3 /* DebuggerConsoleView.swift */; };
		3337BF7A1AD89C8700AD9CB7 /* SnakeGameController.swift in Sources */ = {isa = PBXBuildFile; fileRef = 337003BC1AD7920D00ADD2C4 /* SnakeGameController.swift */; };
		3337BF7B1AD89C8700AD9CB7 /* KeyboardControlBindings.swift in Sources */ = {isa = PBXBuildFile; fileRef = 3345F4101AD4F8AA00FF143D /* KeyboardControlBindings.swift */; };
		3337BF7C1AD89C8700AD9CB7 /* SnakeController.swift in Sources */ = {isa = PBXBuildFile; fileRef = 3345F4111AD4F8AA00FF143D /* SnakeController.swift */; };
		3337BF7D1AD89C8700AD9CB7 /* Stage.swift in Sources */ = {isa = PBXBuildFile; fileRef = 3345F4141AD4F8AA00FF143D /* Stage.swift */; };
		3337BF7E1AD89C8700AD9CB7 /* StageConfigurator.swift in Sources */ = {isa = PBXBuildFile; fileRef = 3345F4151AD4F8AA00FF143D /* StageConfigurator.swift */; };
		3337BF7F1AD89C8700AD9CB7 /* StageConfiguratorLevel1.swift in Sources */ = {isa = PBXBuildFile; fileRef = 3345F4161AD4F8AA00FF143D /* StageConfiguratorLevel1.swift */; };
		3337BF801AD89C8700AD9CB7 /* StageLocation.swift in Sources */ = {isa = PBXBuildFile; fileRef = 3345F4171AD4F8AA00FF143D /* StageLocation.swift */; };
		3337BF811AD89C8700AD9CB7 /* StageSize.swift in Sources */ = {isa = PBXBuildFile; fileRef = 3345F4181AD4F8AA00FF143D /* StageSize.swift */; };
		3337BF821AD89C8700AD9CB7 /* Apple.swift in Sources */ = {isa = PBXBuildFile; fileRef = 3345F41A1AD4F8AA00FF143D /* Apple.swift */; };
		3337BF831AD89C8700AD9CB7 /* Direction.swift in Sources */ = {isa = PBXBuildFile; fileRef = 3345F41B1AD4F8AA00FF143D /* Direction.swift */; };
		3337BF841AD89C8700AD9CB7 /* Obstacle.swift in Sources */ = {isa = PBXBuildFile; fileRef = 3345F41C1AD4F8AA00FF143D /* Obstacle.swift */; };
		3337BF851AD89C8700AD9CB7 /* Snake.swift in Sources */ = {isa = PBXBuildFile; fileRef = 3345F41D1AD4F8AA00FF143D /* Snake.swift */; };
		3337BF861AD89C8700AD9CB7 /* SnakeConfigurator.swift in Sources */ = {isa = PBXBuildFile; fileRef = 3345F41E1AD4F8AA00FF143D /* SnakeConfigurator.swift */; };
		3337BF871AD89C8700AD9CB7 /* StageElement.swift in Sources */ = {isa = PBXBuildFile; fileRef = 3345F41F1AD4F8AA00FF143D /* StageElement.swift */; };
		3337BF881AD89C8700AD9CB7 /* StageElementDirectable.swift in Sources */ = {isa = PBXBuildFile; fileRef = 3345F4201AD4F8AA00FF143D /* StageElementDirectable.swift */; };
		3337BF891AD89C8700AD9CB7 /* StageLocatable.swift in Sources */ = {isa = PBXBuildFile; fileRef = 3345F4211AD4F8AA00FF143D /* StageLocatable.swift */; };
		3337BF8A1AD89C8700AD9CB7 /* Tunnel.swift in Sources */ = {isa = PBXBuildFile; fileRef = 3345F4221AD4F8AA00FF143D /* Tunnel.swift */; };
		3337BF8B1AD89C8700AD9CB7 /* NSObject+ClassName.swift in Sources */ = {isa = PBXBuildFile; fileRef = 3345F4241AD4F8AA00FF143D /* NSObject+ClassName.swift */; };
		3337BF8C1AD89C8700AD9CB7 /* TimerFactory.swift in Sources */ = {isa = PBXBuildFile; fileRef = 3345F4251AD4F8AA00FF143D /* TimerFactory.swift */; };
		3337BF8D1AD89C8700AD9CB7 /* Utils.swift in Sources */ = {isa = PBXBuildFile; fileRef = 3345F4261AD4F8AA00FF143D /* Utils.swift */; };
		3337BF8F1AD89C8700AD9CB7 /* AppleMock.swift in Sources */ = {isa = PBXBuildFile; fileRef = 33E4D4C41ACA185F00C6C853 /* AppleMock.swift */; };
		3337BF901AD89C8700AD9CB7 /* SnakeMock.swift in Sources */ = {isa = PBXBuildFile; fileRef = 33E4D4C51ACA185F00C6C853 /* SnakeMock.swift */; };
		3337BF911AD89C8700AD9CB7 /* DebuggerConsoleViewTests.swift in Sources */ = {isa = PBXBuildFile; fileRef = 3324D87B1AD88C0900C202D3 /* DebuggerConsoleViewTests.swift */; };
		3337BF931AD89C8700AD9CB7 /* SnakeControllerTests.swift in Sources */ = {isa = PBXBuildFile; fileRef = 338C72741AD371320006983A /* SnakeControllerTests.swift */; };
		3337BF941AD89C8700AD9CB7 /* SnakeConfiguratorTests.swift in Sources */ = {isa = PBXBuildFile; fileRef = 33637C881AD1DE7300F6617B /* SnakeConfiguratorTests.swift */; };
		3337BF951AD89C8700AD9CB7 /* TimerFactoryTests.swift in Sources */ = {isa = PBXBuildFile; fileRef = 3334C0EA1ACCDEE900377A7F /* TimerFactoryTests.swift */; };
		3337BF961AD89C8700AD9CB7 /* KeyboardControlBindingsTests.swift in Sources */ = {isa = PBXBuildFile; fileRef = 333B6BA81AD3163A007993E6 /* KeyboardControlBindingsTests.swift */; };
		3337BF971AD89C8700AD9CB7 /* DirectionTests.swift in Sources */ = {isa = PBXBuildFile; fileRef = 33463E961AD614A7006AB375 /* DirectionTests.swift */; };
		3337BF981AD89C8700AD9CB7 /* ObstacleTest.swift in Sources */ = {isa = PBXBuildFile; fileRef = 33E4D4C61ACA185F00C6C853 /* ObstacleTest.swift */; };
		3337BF991AD89C8700AD9CB7 /* TunnelTest.swift in Sources */ = {isa = PBXBuildFile; fileRef = 33E4D4C21ACA185F00C6C853 /* TunnelTest.swift */; };
		3337BF9A1AD89C8700AD9CB7 /* AppleTests.swift in Sources */ = {isa = PBXBuildFile; fileRef = 33E4D4C11ACA185F00C6C853 /* AppleTests.swift */; };
		3337BF9B1AD89C8700AD9CB7 /* SnakeTests.swift in Sources */ = {isa = PBXBuildFile; fileRef = 33E4D4C71ACA185F00C6C853 /* SnakeTests.swift */; };
		3337BF9C1AD89C8700AD9CB7 /* StageConfiguratorTest.swift in Sources */ = {isa = PBXBuildFile; fileRef = 33E4D4C81ACA185F00C6C853 /* StageConfiguratorTest.swift */; };
		3337BF9D1AD89C8700AD9CB7 /* StageElementDirectableTests.swift in Sources */ = {isa = PBXBuildFile; fileRef = 33E4D4C91ACA185F00C6C853 /* StageElementDirectableTests.swift */; };
		3337BF9E1AD89C8700AD9CB7 /* StageElementTests.swift in Sources */ = {isa = PBXBuildFile; fileRef = 33E4D4CA1ACA185F00C6C853 /* StageElementTests.swift */; };
		3337BF9F1AD89C8700AD9CB7 /* StageLocationTest.swift in Sources */ = {isa = PBXBuildFile; fileRef = 33E4D4CB1ACA185F00C6C853 /* StageLocationTest.swift */; };
		3337BFA01AD89C8700AD9CB7 /* StageSizeTest.swift in Sources */ = {isa = PBXBuildFile; fileRef = 33E4D4CC1ACA185F00C6C853 /* StageSizeTest.swift */; };
		3337BFA11AD89C8700AD9CB7 /* StageTests.swift in Sources */ = {isa = PBXBuildFile; fileRef = 33E4D4CD1ACA185F00C6C853 /* StageTests.swift */; };
		3337BFA21AD89C8700AD9CB7 /* UtilsTests.swift in Sources */ = {isa = PBXBuildFile; fileRef = 33E4D4CE1ACA185F00C6C853 /* UtilsTests.swift */; };
		3337BFD01AD8A07800AD9CB7 /* AppDelegate.swift in Sources */ = {isa = PBXBuildFile; fileRef = 3337BFCF1AD8A07800AD9CB7 /* AppDelegate.swift */; };
		3337BFD41AD8A07800AD9CB7 /* Images.xcassets in Resources */ = {isa = PBXBuildFile; fileRef = 3337BFD31AD8A07800AD9CB7 /* Images.xcassets */; };
		3337BFD71AD8A07800AD9CB7 /* Main.storyboard in Resources */ = {isa = PBXBuildFile; fileRef = 3337BFD51AD8A07800AD9CB7 /* Main.storyboard */; };
		3337BFEE1AD8A16200AD9CB7 /* OSX_SnakeViewController.swift in Sources */ = {isa = PBXBuildFile; fileRef = 3337BFED1AD8A16200AD9CB7 /* OSX_SnakeViewController.swift */; };
		3337BFF21AD8A1CA00AD9CB7 /* StageViewTransform.swift in Sources */ = {isa = PBXBuildFile; fileRef = 3345F4641AD504A000FF143D /* StageViewTransform.swift */; };
		3337BFF31AD8A1CA00AD9CB7 /* DebuggerConsoleView.swift in Sources */ = {isa = PBXBuildFile; fileRef = 3324D8781AD873B700C202D3 /* DebuggerConsoleView.swift */; };
		3337BFF41AD8A1CA00AD9CB7 /* SnakeGameController.swift in Sources */ = {isa = PBXBuildFile; fileRef = 337003BC1AD7920D00ADD2C4 /* SnakeGameController.swift */; };
		3337BFF51AD8A1CA00AD9CB7 /* KeyboardControlBindings.swift in Sources */ = {isa = PBXBuildFile; fileRef = 3345F4101AD4F8AA00FF143D /* KeyboardControlBindings.swift */; };
		3337BFF61AD8A1CA00AD9CB7 /* SnakeController.swift in Sources */ = {isa = PBXBuildFile; fileRef = 3345F4111AD4F8AA00FF143D /* SnakeController.swift */; };
		3337BFF71AD8A1CA00AD9CB7 /* Stage.swift in Sources */ = {isa = PBXBuildFile; fileRef = 3345F4141AD4F8AA00FF143D /* Stage.swift */; };
		3337BFF81AD8A1CA00AD9CB7 /* StageConfigurator.swift in Sources */ = {isa = PBXBuildFile; fileRef = 3345F4151AD4F8AA00FF143D /* StageConfigurator.swift */; };
		3337BFF91AD8A1CA00AD9CB7 /* StageConfiguratorLevel1.swift in Sources */ = {isa = PBXBuildFile; fileRef = 3345F4161AD4F8AA00FF143D /* StageConfiguratorLevel1.swift */; };
		3337BFFA1AD8A1CA00AD9CB7 /* StageLocation.swift in Sources */ = {isa = PBXBuildFile; fileRef = 3345F4171AD4F8AA00FF143D /* StageLocation.swift */; };
		3337BFFB1AD8A1CA00AD9CB7 /* StageSize.swift in Sources */ = {isa = PBXBuildFile; fileRef = 3345F4181AD4F8AA00FF143D /* StageSize.swift */; };
		3337BFFC1AD8A1CA00AD9CB7 /* Apple.swift in Sources */ = {isa = PBXBuildFile; fileRef = 3345F41A1AD4F8AA00FF143D /* Apple.swift */; };
		3337BFFD1AD8A1CA00AD9CB7 /* Direction.swift in Sources */ = {isa = PBXBuildFile; fileRef = 3345F41B1AD4F8AA00FF143D /* Direction.swift */; };
		3337BFFE1AD8A1CA00AD9CB7 /* Obstacle.swift in Sources */ = {isa = PBXBuildFile; fileRef = 3345F41C1AD4F8AA00FF143D /* Obstacle.swift */; };
		3337BFFF1AD8A1CA00AD9CB7 /* Snake.swift in Sources */ = {isa = PBXBuildFile; fileRef = 3345F41D1AD4F8AA00FF143D /* Snake.swift */; };
		3337C0001AD8A1CA00AD9CB7 /* SnakeConfigurator.swift in Sources */ = {isa = PBXBuildFile; fileRef = 3345F41E1AD4F8AA00FF143D /* SnakeConfigurator.swift */; };
		3337C0011AD8A1CA00AD9CB7 /* StageElement.swift in Sources */ = {isa = PBXBuildFile; fileRef = 3345F41F1AD4F8AA00FF143D /* StageElement.swift */; };
		3337C0021AD8A1CA00AD9CB7 /* StageElementDirectable.swift in Sources */ = {isa = PBXBuildFile; fileRef = 3345F4201AD4F8AA00FF143D /* StageElementDirectable.swift */; };
		3337C0031AD8A1CA00AD9CB7 /* StageLocatable.swift in Sources */ = {isa = PBXBuildFile; fileRef = 3345F4211AD4F8AA00FF143D /* StageLocatable.swift */; };
		3337C0041AD8A1CA00AD9CB7 /* Tunnel.swift in Sources */ = {isa = PBXBuildFile; fileRef = 3345F4221AD4F8AA00FF143D /* Tunnel.swift */; };
		3337C0051AD8A1CA00AD9CB7 /* NSObject+ClassName.swift in Sources */ = {isa = PBXBuildFile; fileRef = 3345F4241AD4F8AA00FF143D /* NSObject+ClassName.swift */; };
		3337C0061AD8A1CA00AD9CB7 /* TimerFactory.swift in Sources */ = {isa = PBXBuildFile; fileRef = 3345F4251AD4F8AA00FF143D /* TimerFactory.swift */; };
		3337C0071AD8A1CA00AD9CB7 /* Utils.swift in Sources */ = {isa = PBXBuildFile; fileRef = 3345F4261AD4F8AA00FF143D /* Utils.swift */; };
		333A14691ADDAEA600F12835 /* OSX_StageElementViewFactory.swift in Sources */ = {isa = PBXBuildFile; fileRef = 333A14681ADDAEA600F12835 /* OSX_StageElementViewFactory.swift */; };
		333A146A1ADDAEDA00F12835 /* ConcreteStageElementViewFactory.swift in Sources */ = {isa = PBXBuildFile; fileRef = 333A14671ADDADF500F12835 /* ConcreteStageElementViewFactory.swift */; };
		333A146C1ADDAF4800F12835 /* StageElementView.swift in Sources */ = {isa = PBXBuildFile; fileRef = 333A146B1ADDAF4800F12835 /* StageElementView.swift */; };
		333A146E1ADDAFC800F12835 /* OSX_ObstacleView.swift in Sources */ = {isa = PBXBuildFile; fileRef = 333A146D1ADDAFC800F12835 /* OSX_ObstacleView.swift */; };
		333A14721ADDB8D700F12835 /* StageViewCache.swift in Sources */ = {isa = PBXBuildFile; fileRef = 333A14711ADDB8D700F12835 /* StageViewCache.swift */; };
		333A14741ADDC7B100F12835 /* OSX_StageView.swift in Sources */ = {isa = PBXBuildFile; fileRef = 333A14731ADDC7B100F12835 /* OSX_StageView.swift */; };
		3345B4FE1ADF1F0100F3E3DC /* OSX_StageElementViewFactoryTests.swift in Sources */ = {isa = PBXBuildFile; fileRef = 3345B4FD1ADF1F0100F3E3DC /* OSX_StageElementViewFactoryTests.swift */; };
		3345B4FF1ADF207D00F3E3DC /* OSX_StageElementViewFactory.swift in Sources */ = {isa = PBXBuildFile; fileRef = 333A14681ADDAEA600F12835 /* OSX_StageElementViewFactory.swift */; };
		3345B5001ADF20EF00F3E3DC /* StageElementView.swift in Sources */ = {isa = PBXBuildFile; fileRef = 333A146B1ADDAF4800F12835 /* StageElementView.swift */; };
		3345B5011ADF250700F3E3DC /* OSX_ObstacleView.swift in Sources */ = {isa = PBXBuildFile; fileRef = 333A146D1ADDAFC800F12835 /* OSX_ObstacleView.swift */; };
		3345B5021ADF250C00F3E3DC /* OSX_AppleView.swift in Sources */ = {isa = PBXBuildFile; fileRef = 334916641ADE055C0094281C /* OSX_AppleView.swift */; };
		3345B5031ADF251000F3E3DC /* OSX_SnakeView.swift in Sources */ = {isa = PBXBuildFile; fileRef = 334916661ADE06A40094281C /* OSX_SnakeView.swift */; };
		3345B5041ADF252500F3E3DC /* ConcreteStageElementViewFactory.swift in Sources */ = {isa = PBXBuildFile; fileRef = 333A14671ADDADF500F12835 /* ConcreteStageElementViewFactory.swift */; };
		334916651ADE055C0094281C /* OSX_AppleView.swift in Sources */ = {isa = PBXBuildFile; fileRef = 334916641ADE055C0094281C /* OSX_AppleView.swift */; };
		334916671ADE06A40094281C /* OSX_SnakeView.swift in Sources */ = {isa = PBXBuildFile; fileRef = 334916661ADE06A40094281C /* OSX_SnakeView.swift */; };
		3385B66A1AE5E91000FF1F98 /* iOS_GameLobbyViewController.swift in Sources */ = {isa = PBXBuildFile; fileRef = 3385B6681AE5E91000FF1F98 /* iOS_GameLobbyViewController.swift */; };
		3385B66B1AE5E91000FF1F98 /* iOS_GameLobbyViewController.xib in Resources */ = {isa = PBXBuildFile; fileRef = 3385B6691AE5E91000FF1F98 /* iOS_GameLobbyViewController.xib */; };
		3385B6701AE6129800FF1F98 /* MPCController.swift in Sources */ = {isa = PBXBuildFile; fileRef = 3385B66F1AE6129800FF1F98 /* MPCController.swift */; };
		33978A831AE81CCB000FA45B /* OSX_GameLobbyViewController.swift in Sources */ = {isa = PBXBuildFile; fileRef = 33978A811AE81CCB000FA45B /* OSX_GameLobbyViewController.swift */; };
		33978A841AE81CCB000FA45B /* OSX_GameLobbyViewController.xib in Resources */ = {isa = PBXBuildFile; fileRef = 33978A821AE81CCB000FA45B /* OSX_GameLobbyViewController.xib */; };
		33978A8B1AE82346000FA45B /* OSX_MainWindowController.swift in Sources */ = {isa = PBXBuildFile; fileRef = 33978A891AE82346000FA45B /* OSX_MainWindowController.swift */; };
		33978A8C1AE82346000FA45B /* OSX_MainWindowController.xib in Resources */ = {isa = PBXBuildFile; fileRef = 33978A8A1AE82346000FA45B /* OSX_MainWindowController.xib */; };
		33978A8D1AE82D20000FA45B /* MPCController.swift in Sources */ = {isa = PBXBuildFile; fileRef = 3385B66F1AE6129800FF1F98 /* MPCController.swift */; };
		33978A8F1AE8548C000FA45B /* PeerInvite.swift in Sources */ = {isa = PBXBuildFile; fileRef = 33978A8E1AE8548C000FA45B /* PeerInvite.swift */; };
		33978A901AE8548C000FA45B /* PeerInvite.swift in Sources */ = {isa = PBXBuildFile; fileRef = 33978A8E1AE8548C000FA45B /* PeerInvite.swift */; };
		33B3B4EF1AE7365F003E36F3 /* iOS_MPCFoundPeersController.swift in Sources */ = {isa = PBXBuildFile; fileRef = 33B3B4EE1AE7365F003E36F3 /* iOS_MPCFoundPeersController.swift */; };
		33C1858B1AE5B704009EB9FA /* iOS_StartMenuViewController.swift in Sources */ = {isa = PBXBuildFile; fileRef = 33C1858A1AE5B704009EB9FA /* iOS_StartMenuViewController.swift */; };
		33C1858D1AE5B7B6009EB9FA /* MenuOptions.swift in Sources */ = {isa = PBXBuildFile; fileRef = 33C1858C1AE5B7B6009EB9FA /* MenuOptions.swift */; };
		33D284361ADCC5FC00DE03A0 /* OSX_WindowResizer.swift in Sources */ = {isa = PBXBuildFile; fileRef = 331964761ADC813F00AF6CD5 /* OSX_WindowResizer.swift */; };
		33D284381ADCE22A00DE03A0 /* OSX_StageViewTransform.swift in Sources */ = {isa = PBXBuildFile; fileRef = 33D284371ADCE22A00DE03A0 /* OSX_StageViewTransform.swift */; };
		33D284391ADCE22A00DE03A0 /* OSX_StageViewTransform.swift in Sources */ = {isa = PBXBuildFile; fileRef = 33D284371ADCE22A00DE03A0 /* OSX_StageViewTransform.swift */; };
		33D2843E1ADCE42500DE03A0 /* OSX_StageViewTransformTests.swift in Sources */ = {isa = PBXBuildFile; fileRef = 33D2843D1ADCE42500DE03A0 /* OSX_StageViewTransformTests.swift */; };
		33D2843F1ADCE84600DE03A0 /* StageViewTransform.swift in Sources */ = {isa = PBXBuildFile; fileRef = 3345F4641AD504A000FF143D /* StageViewTransform.swift */; };
		33D284401ADCE8AA00DE03A0 /* StageLocation.swift in Sources */ = {isa = PBXBuildFile; fileRef = 3345F4171AD4F8AA00FF143D /* StageLocation.swift */; };
		33D284411ADCE8B300DE03A0 /* Direction.swift in Sources */ = {isa = PBXBuildFile; fileRef = 3345F41B1AD4F8AA00FF143D /* Direction.swift */; };
		33D284421ADCE98F00DE03A0 /* Utils.swift in Sources */ = {isa = PBXBuildFile; fileRef = 3345F4261AD4F8AA00FF143D /* Utils.swift */; };
		33D284431ADCE9C200DE03A0 /* StageSize.swift in Sources */ = {isa = PBXBuildFile; fileRef = 3345F4181AD4F8AA00FF143D /* StageSize.swift */; };
		33D284441ADCE9C800DE03A0 /* StageElement.swift in Sources */ = {isa = PBXBuildFile; fileRef = 3345F41F1AD4F8AA00FF143D /* StageElement.swift */; };
		33D284451ADCE9FB00DE03A0 /* Stage.swift in Sources */ = {isa = PBXBuildFile; fileRef = 3345F4141AD4F8AA00FF143D /* Stage.swift */; };
		33D284461ADCE9FB00DE03A0 /* StageConfigurator.swift in Sources */ = {isa = PBXBuildFile; fileRef = 3345F4151AD4F8AA00FF143D /* StageConfigurator.swift */; };
		33D284471ADCE9FB00DE03A0 /* StageConfiguratorLevel1.swift in Sources */ = {isa = PBXBuildFile; fileRef = 3345F4161AD4F8AA00FF143D /* StageConfiguratorLevel1.swift */; };
		33D284481ADCE9FB00DE03A0 /* Apple.swift in Sources */ = {isa = PBXBuildFile; fileRef = 3345F41A1AD4F8AA00FF143D /* Apple.swift */; };
		33D284491ADCE9FB00DE03A0 /* Obstacle.swift in Sources */ = {isa = PBXBuildFile; fileRef = 3345F41C1AD4F8AA00FF143D /* Obstacle.swift */; };
		33D2844A1ADCE9FB00DE03A0 /* Snake.swift in Sources */ = {isa = PBXBuildFile; fileRef = 3345F41D1AD4F8AA00FF143D /* Snake.swift */; };
		33D2844B1ADCE9FB00DE03A0 /* SnakeConfigurator.swift in Sources */ = {isa = PBXBuildFile; fileRef = 3345F41E1AD4F8AA00FF143D /* SnakeConfigurator.swift */; };
		33D2844C1ADCE9FB00DE03A0 /* StageElementDirectable.swift in Sources */ = {isa = PBXBuildFile; fileRef = 3345F4201AD4F8AA00FF143D /* StageElementDirectable.swift */; };
		33D2844D1ADCE9FB00DE03A0 /* StageLocatable.swift in Sources */ = {isa = PBXBuildFile; fileRef = 3345F4211AD4F8AA00FF143D /* StageLocatable.swift */; };
		33D2844E1ADCE9FB00DE03A0 /* Tunnel.swift in Sources */ = {isa = PBXBuildFile; fileRef = 3345F4221AD4F8AA00FF143D /* Tunnel.swift */; };
		33D2844F1ADCE9FB00DE03A0 /* NSObject+ClassName.swift in Sources */ = {isa = PBXBuildFile; fileRef = 3345F4241AD4F8AA00FF143D /* NSObject+ClassName.swift */; };
		33D284501ADCE9FB00DE03A0 /* TimerFactory.swift in Sources */ = {isa = PBXBuildFile; fileRef = 3345F4251AD4F8AA00FF143D /* TimerFactory.swift */; };
/* End PBXBuildFile section */

/* Begin PBXContainerItemProxy section */
		3319648B1ADCC23A00AF6CD5 /* PBXContainerItemProxy */ = {
			isa = PBXContainerItemProxy;
			containerPortal = 4CE0CA371A803F2600BE030C /* Project object */;
			proxyType = 1;
			remoteGlobalIDString = 3337BFCA1AD8A07800AD9CB7;
			remoteInfo = Snake_OSX;
		};
/* End PBXContainerItemProxy section */

/* Begin PBXFileReference section */
		33051C321AE09F29004978A1 /* Snake_iOS.app */ = {isa = PBXFileReference; explicitFileType = wrapper.application; includeInIndex = 0; path = Snake_iOS.app; sourceTree = BUILT_PRODUCTS_DIR; };
		33051C351AE09F29004978A1 /* Info.plist */ = {isa = PBXFileReference; lastKnownFileType = text.plist.xml; path = Info.plist; sourceTree = "<group>"; };
		33051C3B1AE09F29004978A1 /* Base */ = {isa = PBXFileReference; lastKnownFileType = file.storyboard; name = Base; path = Base.lproj/Main.storyboard; sourceTree = "<group>"; };
		33051C3D1AE09F29004978A1 /* Images.xcassets */ = {isa = PBXFileReference; lastKnownFileType = folder.assetcatalog; path = Images.xcassets; sourceTree = "<group>"; };
		33051C401AE09F29004978A1 /* Base */ = {isa = PBXFileReference; lastKnownFileType = file.xib; name = Base; path = Base.lproj/LaunchScreen.xib; sourceTree = "<group>"; };
		33051C541AE09FED004978A1 /* AppDelegate.swift */ = {isa = PBXFileReference; fileEncoding = 4; lastKnownFileType = sourcecode.swift; path = AppDelegate.swift; sourceTree = "<group>"; };
		33051C571AE09FFA004978A1 /* iOS_SnakeViewController.swift */ = {isa = PBXFileReference; fileEncoding = 4; lastKnownFileType = sourcecode.swift; path = iOS_SnakeViewController.swift; sourceTree = "<group>"; };
		33051C591AE09FFA004978A1 /* iOS_AppleView.swift */ = {isa = PBXFileReference; fileEncoding = 4; lastKnownFileType = sourcecode.swift; path = iOS_AppleView.swift; sourceTree = "<group>"; };
		33051C5A1AE09FFA004978A1 /* iOS_ObstacleView.swift */ = {isa = PBXFileReference; fileEncoding = 4; lastKnownFileType = sourcecode.swift; path = iOS_ObstacleView.swift; sourceTree = "<group>"; };
		33051C5B1AE09FFA004978A1 /* iOS_SnakeView.swift */ = {isa = PBXFileReference; fileEncoding = 4; lastKnownFileType = sourcecode.swift; path = iOS_SnakeView.swift; sourceTree = "<group>"; };
		33051C5C1AE09FFA004978A1 /* iOS_StageElementViewFactory.swift */ = {isa = PBXFileReference; fileEncoding = 4; lastKnownFileType = sourcecode.swift; path = iOS_StageElementViewFactory.swift; sourceTree = "<group>"; };
		33051C5D1AE09FFA004978A1 /* iOS_StageView.swift */ = {isa = PBXFileReference; fileEncoding = 4; lastKnownFileType = sourcecode.swift; path = iOS_StageView.swift; sourceTree = "<group>"; };
		33051C5E1AE09FFA004978A1 /* iOS_StageViewTransform.swift */ = {isa = PBXFileReference; fileEncoding = 4; lastKnownFileType = sourcecode.swift; path = iOS_StageViewTransform.swift; sourceTree = "<group>"; };
		331964761ADC813F00AF6CD5 /* OSX_WindowResizer.swift */ = {isa = PBXFileReference; fileEncoding = 4; lastKnownFileType = sourcecode.swift; name = OSX_WindowResizer.swift; path = View/OSX_WindowResizer.swift; sourceTree = "<group>"; };
		3319647F1ADCB56C00AF6CD5 /* OSX_SnakeWindowController.swift */ = {isa = PBXFileReference; fileEncoding = 4; lastKnownFileType = sourcecode.swift; name = OSX_SnakeWindowController.swift; path = Controller/OSX_SnakeWindowController.swift; sourceTree = "<group>"; };
		331964851ADCC23A00AF6CD5 /* Snake_OSX_Tests.xctest */ = {isa = PBXFileReference; explicitFileType = wrapper.cfbundle; includeInIndex = 0; path = Snake_OSX_Tests.xctest; sourceTree = BUILT_PRODUCTS_DIR; };
		331964881ADCC23A00AF6CD5 /* Info.plist */ = {isa = PBXFileReference; lastKnownFileType = text.plist.xml; path = Info.plist; sourceTree = "<group>"; };
		331964901ADCC28C00AF6CD5 /* OSX_WindowResizerTests.swift */ = {isa = PBXFileReference; fileEncoding = 4; lastKnownFileType = sourcecode.swift; path = OSX_WindowResizerTests.swift; sourceTree = "<group>"; };
		3324D8781AD873B700C202D3 /* DebuggerConsoleView.swift */ = {isa = PBXFileReference; fileEncoding = 4; lastKnownFileType = sourcecode.swift; name = DebuggerConsoleView.swift; path = View/DebuggerConsoleView.swift; sourceTree = "<group>"; };
		3324D87B1AD88C0900C202D3 /* DebuggerConsoleViewTests.swift */ = {isa = PBXFileReference; fileEncoding = 4; lastKnownFileType = sourcecode.swift; path = DebuggerConsoleViewTests.swift; sourceTree = "<group>"; };
		33267CBE1AE99D910050BBEC /* MPCControllerTests.swift */ = {isa = PBXFileReference; fileEncoding = 4; lastKnownFileType = sourcecode.swift; path = MPCControllerTests.swift; sourceTree = "<group>"; };
		33267CC21AE9DC300050BBEC /* iOS_PeerInvite.swift */ = {isa = PBXFileReference; fileEncoding = 4; lastKnownFileType = sourcecode.swift; path = iOS_PeerInvite.swift; sourceTree = "<group>"; };
		3334C0EA1ACCDEE900377A7F /* TimerFactoryTests.swift */ = {isa = PBXFileReference; fileEncoding = 4; lastKnownFileType = sourcecode.swift; path = TimerFactoryTests.swift; sourceTree = "<group>"; };
		3337BF6E1AD89BC800AD9CB7 /* Snake_Tests.xctest */ = {isa = PBXFileReference; explicitFileType = wrapper.cfbundle; includeInIndex = 0; path = Snake_Tests.xctest; sourceTree = BUILT_PRODUCTS_DIR; };
		3337BFCB1AD8A07800AD9CB7 /* Snake_OSX.app */ = {isa = PBXFileReference; explicitFileType = wrapper.application; includeInIndex = 0; path = Snake_OSX.app; sourceTree = BUILT_PRODUCTS_DIR; };
		3337BFCE1AD8A07800AD9CB7 /* Info.plist */ = {isa = PBXFileReference; lastKnownFileType = text.plist.xml; path = Info.plist; sourceTree = "<group>"; };
		3337BFCF1AD8A07800AD9CB7 /* AppDelegate.swift */ = {isa = PBXFileReference; lastKnownFileType = sourcecode.swift; path = AppDelegate.swift; sourceTree = "<group>"; };
		3337BFD31AD8A07800AD9CB7 /* Images.xcassets */ = {isa = PBXFileReference; lastKnownFileType = folder.assetcatalog; path = Images.xcassets; sourceTree = "<group>"; };
		3337BFD61AD8A07800AD9CB7 /* Base */ = {isa = PBXFileReference; lastKnownFileType = file.storyboard; name = Base; path = Base.lproj/Main.storyboard; sourceTree = "<group>"; };
		3337BFED1AD8A16200AD9CB7 /* OSX_SnakeViewController.swift */ = {isa = PBXFileReference; fileEncoding = 4; lastKnownFileType = sourcecode.swift; name = OSX_SnakeViewController.swift; path = Controller/OSX_SnakeViewController.swift; sourceTree = "<group>"; };
		333A14671ADDADF500F12835 /* ConcreteStageElementViewFactory.swift */ = {isa = PBXFileReference; lastKnownFileType = sourcecode.swift; name = ConcreteStageElementViewFactory.swift; path = View/ConcreteStageElementViewFactory.swift; sourceTree = "<group>"; };
		333A14681ADDAEA600F12835 /* OSX_StageElementViewFactory.swift */ = {isa = PBXFileReference; fileEncoding = 4; lastKnownFileType = sourcecode.swift; name = OSX_StageElementViewFactory.swift; path = View/OSX_StageElementViewFactory.swift; sourceTree = "<group>"; };
		333A146B1ADDAF4800F12835 /* StageElementView.swift */ = {isa = PBXFileReference; fileEncoding = 4; lastKnownFileType = sourcecode.swift; path = StageElementView.swift; sourceTree = "<group>"; };
		333A146D1ADDAFC800F12835 /* OSX_ObstacleView.swift */ = {isa = PBXFileReference; fileEncoding = 4; lastKnownFileType = sourcecode.swift; name = OSX_ObstacleView.swift; path = View/OSX_ObstacleView.swift; sourceTree = "<group>"; };
		333A14711ADDB8D700F12835 /* StageViewCache.swift */ = {isa = PBXFileReference; fileEncoding = 4; lastKnownFileType = sourcecode.swift; name = StageViewCache.swift; path = View/StageViewCache.swift; sourceTree = "<group>"; };
		333A14731ADDC7B100F12835 /* OSX_StageView.swift */ = {isa = PBXFileReference; fileEncoding = 4; lastKnownFileType = sourcecode.swift; name = OSX_StageView.swift; path = View/OSX_StageView.swift; sourceTree = "<group>"; };
		333B6BA81AD3163A007993E6 /* KeyboardControlBindingsTests.swift */ = {isa = PBXFileReference; fileEncoding = 4; lastKnownFileType = sourcecode.swift; name = KeyboardControlBindingsTests.swift; path = Snake_Tests/KeyboardControlBindingsTests.swift; sourceTree = SOURCE_ROOT; };
		3345B4FD1ADF1F0100F3E3DC /* OSX_StageElementViewFactoryTests.swift */ = {isa = PBXFileReference; fileEncoding = 4; lastKnownFileType = sourcecode.swift; path = OSX_StageElementViewFactoryTests.swift; sourceTree = "<group>"; };
		3345F4101AD4F8AA00FF143D /* KeyboardControlBindings.swift */ = {isa = PBXFileReference; fileEncoding = 4; lastKnownFileType = sourcecode.swift; path = KeyboardControlBindings.swift; sourceTree = "<group>"; };
		3345F4111AD4F8AA00FF143D /* SnakeController.swift */ = {isa = PBXFileReference; fileEncoding = 4; lastKnownFileType = sourcecode.swift; path = SnakeController.swift; sourceTree = "<group>"; };
		3345F4141AD4F8AA00FF143D /* Stage.swift */ = {isa = PBXFileReference; fileEncoding = 4; lastKnownFileType = sourcecode.swift; path = Stage.swift; sourceTree = "<group>"; };
		3345F4151AD4F8AA00FF143D /* StageConfigurator.swift */ = {isa = PBXFileReference; fileEncoding = 4; lastKnownFileType = sourcecode.swift; path = StageConfigurator.swift; sourceTree = "<group>"; };
		3345F4161AD4F8AA00FF143D /* StageConfiguratorLevel1.swift */ = {isa = PBXFileReference; fileEncoding = 4; lastKnownFileType = sourcecode.swift; path = StageConfiguratorLevel1.swift; sourceTree = "<group>"; };
		3345F4171AD4F8AA00FF143D /* StageLocation.swift */ = {isa = PBXFileReference; fileEncoding = 4; lastKnownFileType = sourcecode.swift; path = StageLocation.swift; sourceTree = "<group>"; };
		3345F4181AD4F8AA00FF143D /* StageSize.swift */ = {isa = PBXFileReference; fileEncoding = 4; lastKnownFileType = sourcecode.swift; path = StageSize.swift; sourceTree = "<group>"; };
		3345F41A1AD4F8AA00FF143D /* Apple.swift */ = {isa = PBXFileReference; fileEncoding = 4; lastKnownFileType = sourcecode.swift; path = Apple.swift; sourceTree = "<group>"; };
		3345F41B1AD4F8AA00FF143D /* Direction.swift */ = {isa = PBXFileReference; fileEncoding = 4; lastKnownFileType = sourcecode.swift; path = Direction.swift; sourceTree = "<group>"; };
		3345F41C1AD4F8AA00FF143D /* Obstacle.swift */ = {isa = PBXFileReference; fileEncoding = 4; lastKnownFileType = sourcecode.swift; path = Obstacle.swift; sourceTree = "<group>"; };
		3345F41D1AD4F8AA00FF143D /* Snake.swift */ = {isa = PBXFileReference; fileEncoding = 4; lastKnownFileType = sourcecode.swift; path = Snake.swift; sourceTree = "<group>"; };
		3345F41E1AD4F8AA00FF143D /* SnakeConfigurator.swift */ = {isa = PBXFileReference; fileEncoding = 4; lastKnownFileType = sourcecode.swift; path = SnakeConfigurator.swift; sourceTree = "<group>"; };
		3345F41F1AD4F8AA00FF143D /* StageElement.swift */ = {isa = PBXFileReference; fileEncoding = 4; lastKnownFileType = sourcecode.swift; path = StageElement.swift; sourceTree = "<group>"; };
		3345F4201AD4F8AA00FF143D /* StageElementDirectable.swift */ = {isa = PBXFileReference; fileEncoding = 4; lastKnownFileType = sourcecode.swift; path = StageElementDirectable.swift; sourceTree = "<group>"; };
		3345F4211AD4F8AA00FF143D /* StageLocatable.swift */ = {isa = PBXFileReference; fileEncoding = 4; lastKnownFileType = sourcecode.swift; path = StageLocatable.swift; sourceTree = "<group>"; };
		3345F4221AD4F8AA00FF143D /* Tunnel.swift */ = {isa = PBXFileReference; fileEncoding = 4; lastKnownFileType = sourcecode.swift; path = Tunnel.swift; sourceTree = "<group>"; };
		3345F4241AD4F8AA00FF143D /* NSObject+ClassName.swift */ = {isa = PBXFileReference; fileEncoding = 4; lastKnownFileType = sourcecode.swift; path = "NSObject+ClassName.swift"; sourceTree = "<group>"; };
		3345F4251AD4F8AA00FF143D /* TimerFactory.swift */ = {isa = PBXFileReference; fileEncoding = 4; lastKnownFileType = sourcecode.swift; path = TimerFactory.swift; sourceTree = "<group>"; };
		3345F4261AD4F8AA00FF143D /* Utils.swift */ = {isa = PBXFileReference; fileEncoding = 4; lastKnownFileType = sourcecode.swift; path = Utils.swift; sourceTree = "<group>"; };
		3345F4641AD504A000FF143D /* StageViewTransform.swift */ = {isa = PBXFileReference; fileEncoding = 4; lastKnownFileType = sourcecode.swift; name = StageViewTransform.swift; path = View/StageViewTransform.swift; sourceTree = "<group>"; };
		33463E911AD5F9D5006AB375 /* iOS_StageViewTransformTests.swift */ = {isa = PBXFileReference; fileEncoding = 4; lastKnownFileType = sourcecode.swift; path = iOS_StageViewTransformTests.swift; sourceTree = "<group>"; };
		33463E941AD5FB36006AB375 /* iOS_StageViewTransformMock.swift */ = {isa = PBXFileReference; fileEncoding = 4; lastKnownFileType = sourcecode.swift; path = iOS_StageViewTransformMock.swift; sourceTree = "<group>"; };
		33463E961AD614A7006AB375 /* DirectionTests.swift */ = {isa = PBXFileReference; fileEncoding = 4; lastKnownFileType = sourcecode.swift; name = DirectionTests.swift; path = Snake_Tests/DirectionTests.swift; sourceTree = SOURCE_ROOT; };
		334916641ADE055C0094281C /* OSX_AppleView.swift */ = {isa = PBXFileReference; fileEncoding = 4; lastKnownFileType = sourcecode.swift; name = OSX_AppleView.swift; path = View/OSX_AppleView.swift; sourceTree = "<group>"; };
		334916661ADE06A40094281C /* OSX_SnakeView.swift */ = {isa = PBXFileReference; fileEncoding = 4; lastKnownFileType = sourcecode.swift; name = OSX_SnakeView.swift; path = View/OSX_SnakeView.swift; sourceTree = "<group>"; };
		33637C881AD1DE7300F6617B /* SnakeConfiguratorTests.swift */ = {isa = PBXFileReference; fileEncoding = 4; lastKnownFileType = sourcecode.swift; path = SnakeConfiguratorTests.swift; sourceTree = "<group>"; };
		337003BC1AD7920D00ADD2C4 /* SnakeGameController.swift */ = {isa = PBXFileReference; lastKnownFileType = sourcecode.swift; path = SnakeGameController.swift; sourceTree = "<group>"; };
		3385B6681AE5E91000FF1F98 /* iOS_GameLobbyViewController.swift */ = {isa = PBXFileReference; fileEncoding = 4; lastKnownFileType = sourcecode.swift; path = iOS_GameLobbyViewController.swift; sourceTree = "<group>"; };
		3385B6691AE5E91000FF1F98 /* iOS_GameLobbyViewController.xib */ = {isa = PBXFileReference; fileEncoding = 4; lastKnownFileType = file.xib; path = iOS_GameLobbyViewController.xib; sourceTree = "<group>"; };
		3385B66F1AE6129800FF1F98 /* MPCController.swift */ = {isa = PBXFileReference; fileEncoding = 4; lastKnownFileType = sourcecode.swift; name = MPCController.swift; path = MultipeerConn/MPCController.swift; sourceTree = "<group>"; };
		338C72741AD371320006983A /* SnakeControllerTests.swift */ = {isa = PBXFileReference; fileEncoding = 4; lastKnownFileType = sourcecode.swift; path = SnakeControllerTests.swift; sourceTree = "<group>"; };
		33978A811AE81CCB000FA45B /* OSX_GameLobbyViewController.swift */ = {isa = PBXFileReference; fileEncoding = 4; lastKnownFileType = sourcecode.swift; name = OSX_GameLobbyViewController.swift; path = Controller/OSX_GameLobbyViewController.swift; sourceTree = "<group>"; };
		33978A821AE81CCB000FA45B /* OSX_GameLobbyViewController.xib */ = {isa = PBXFileReference; fileEncoding = 4; lastKnownFileType = file.xib; name = OSX_GameLobbyViewController.xib; path = Controller/OSX_GameLobbyViewController.xib; sourceTree = "<group>"; };
		33978A891AE82346000FA45B /* OSX_MainWindowController.swift */ = {isa = PBXFileReference; fileEncoding = 4; lastKnownFileType = sourcecode.swift; name = OSX_MainWindowController.swift; path = Controller/OSX_MainWindowController.swift; sourceTree = "<group>"; };
		33978A8A1AE82346000FA45B /* OSX_MainWindowController.xib */ = {isa = PBXFileReference; fileEncoding = 4; lastKnownFileType = file.xib; name = OSX_MainWindowController.xib; path = Controller/OSX_MainWindowController.xib; sourceTree = "<group>"; };
		33978A8E1AE8548C000FA45B /* PeerInvite.swift */ = {isa = PBXFileReference; fileEncoding = 4; lastKnownFileType = sourcecode.swift; name = PeerInvite.swift; path = MultipeerConn/PeerInvite.swift; sourceTree = "<group>"; };
		33B3B4EE1AE7365F003E36F3 /* iOS_MPCFoundPeersController.swift */ = {isa = PBXFileReference; fileEncoding = 4; lastKnownFileType = sourcecode.swift; path = iOS_MPCFoundPeersController.swift; sourceTree = "<group>"; };
		33C1858A1AE5B704009EB9FA /* iOS_StartMenuViewController.swift */ = {isa = PBXFileReference; fileEncoding = 4; lastKnownFileType = sourcecode.swift; path = iOS_StartMenuViewController.swift; sourceTree = "<group>"; };
		33C1858C1AE5B7B6009EB9FA /* MenuOptions.swift */ = {isa = PBXFileReference; fileEncoding = 4; lastKnownFileType = sourcecode.swift; path = MenuOptions.swift; sourceTree = "<group>"; };
		33D284371ADCE22A00DE03A0 /* OSX_StageViewTransform.swift */ = {isa = PBXFileReference; fileEncoding = 4; lastKnownFileType = sourcecode.swift; name = OSX_StageViewTransform.swift; path = View/OSX_StageViewTransform.swift; sourceTree = "<group>"; };
		33D2843D1ADCE42500DE03A0 /* OSX_StageViewTransformTests.swift */ = {isa = PBXFileReference; fileEncoding = 4; lastKnownFileType = sourcecode.swift; path = OSX_StageViewTransformTests.swift; sourceTree = "<group>"; };
		33E4D4BB1ACA17A100C6C853 /* Info.plist */ = {isa = PBXFileReference; lastKnownFileType = text.plist.xml; path = Info.plist; sourceTree = "<group>"; };
		33E4D4C11ACA185F00C6C853 /* AppleTests.swift */ = {isa = PBXFileReference; fileEncoding = 4; lastKnownFileType = sourcecode.swift; path = AppleTests.swift; sourceTree = "<group>"; };
		33E4D4C21ACA185F00C6C853 /* TunnelTest.swift */ = {isa = PBXFileReference; fileEncoding = 4; lastKnownFileType = sourcecode.swift; path = TunnelTest.swift; sourceTree = "<group>"; };
		33E4D4C41ACA185F00C6C853 /* AppleMock.swift */ = {isa = PBXFileReference; fileEncoding = 4; lastKnownFileType = sourcecode.swift; path = AppleMock.swift; sourceTree = "<group>"; };
		33E4D4C51ACA185F00C6C853 /* SnakeMock.swift */ = {isa = PBXFileReference; fileEncoding = 4; lastKnownFileType = sourcecode.swift; path = SnakeMock.swift; sourceTree = "<group>"; };
		33E4D4C61ACA185F00C6C853 /* ObstacleTest.swift */ = {isa = PBXFileReference; fileEncoding = 4; lastKnownFileType = sourcecode.swift; path = ObstacleTest.swift; sourceTree = "<group>"; };
		33E4D4C71ACA185F00C6C853 /* SnakeTests.swift */ = {isa = PBXFileReference; fileEncoding = 4; lastKnownFileType = sourcecode.swift; path = SnakeTests.swift; sourceTree = "<group>"; };
		33E4D4C81ACA185F00C6C853 /* StageConfiguratorTest.swift */ = {isa = PBXFileReference; fileEncoding = 4; lastKnownFileType = sourcecode.swift; path = StageConfiguratorTest.swift; sourceTree = "<group>"; };
		33E4D4C91ACA185F00C6C853 /* StageElementDirectableTests.swift */ = {isa = PBXFileReference; fileEncoding = 4; lastKnownFileType = sourcecode.swift; path = StageElementDirectableTests.swift; sourceTree = "<group>"; };
		33E4D4CA1ACA185F00C6C853 /* StageElementTests.swift */ = {isa = PBXFileReference; fileEncoding = 4; lastKnownFileType = sourcecode.swift; path = StageElementTests.swift; sourceTree = "<group>"; };
		33E4D4CB1ACA185F00C6C853 /* StageLocationTest.swift */ = {isa = PBXFileReference; fileEncoding = 4; lastKnownFileType = sourcecode.swift; path = StageLocationTest.swift; sourceTree = "<group>"; };
		33E4D4CC1ACA185F00C6C853 /* StageSizeTest.swift */ = {isa = PBXFileReference; fileEncoding = 4; lastKnownFileType = sourcecode.swift; path = StageSizeTest.swift; sourceTree = "<group>"; };
		33E4D4CD1ACA185F00C6C853 /* StageTests.swift */ = {isa = PBXFileReference; fileEncoding = 4; lastKnownFileType = sourcecode.swift; path = StageTests.swift; sourceTree = "<group>"; };
		33E4D4CE1ACA185F00C6C853 /* UtilsTests.swift */ = {isa = PBXFileReference; fileEncoding = 4; lastKnownFileType = sourcecode.swift; path = UtilsTests.swift; sourceTree = "<group>"; };
/* End PBXFileReference section */

/* Begin PBXFrameworksBuildPhase section */
		33051C2F1AE09F29004978A1 /* Frameworks */ = {
			isa = PBXFrameworksBuildPhase;
			buildActionMask = 2147483647;
			files = (
			);
			runOnlyForDeploymentPostprocessing = 0;
		};
		331964821ADCC23A00AF6CD5 /* Frameworks */ = {
			isa = PBXFrameworksBuildPhase;
			buildActionMask = 2147483647;
			files = (
			);
			runOnlyForDeploymentPostprocessing = 0;
		};
		3337BF6B1AD89BC800AD9CB7 /* Frameworks */ = {
			isa = PBXFrameworksBuildPhase;
			buildActionMask = 2147483647;
			files = (
			);
			runOnlyForDeploymentPostprocessing = 0;
		};
		3337BFC81AD8A07800AD9CB7 /* Frameworks */ = {
			isa = PBXFrameworksBuildPhase;
			buildActionMask = 2147483647;
			files = (
			);
			runOnlyForDeploymentPostprocessing = 0;
		};
/* End PBXFrameworksBuildPhase section */

/* Begin PBXGroup section */
		33051C331AE09F29004978A1 /* Snake_iOS */ = {
			isa = PBXGroup;
			children = (
				33051C661AE0A005004978A1 /* Template Files */,
				33051C561AE09FFA004978A1 /* Controller */,
				33051C581AE09FFA004978A1 /* View */,
				33051C341AE09F29004978A1 /* Supporting Files */,
			);
			path = Snake_iOS;
			sourceTree = "<group>";
		};
		33051C341AE09F29004978A1 /* Supporting Files */ = {
			isa = PBXGroup;
			children = (
				33051C351AE09F29004978A1 /* Info.plist */,
			);
			name = "Supporting Files";
			sourceTree = "<group>";
		};
		33051C561AE09FFA004978A1 /* Controller */ = {
			isa = PBXGroup;
			children = (
				33051C571AE09FFA004978A1 /* iOS_SnakeViewController.swift */,
				33C1858A1AE5B704009EB9FA /* iOS_StartMenuViewController.swift */,
				3385B6681AE5E91000FF1F98 /* iOS_GameLobbyViewController.swift */,
				3385B6691AE5E91000FF1F98 /* iOS_GameLobbyViewController.xib */,
				33B3B4EE1AE7365F003E36F3 /* iOS_MPCFoundPeersController.swift */,
			);
			path = Controller;
			sourceTree = "<group>";
		};
		33051C581AE09FFA004978A1 /* View */ = {
			isa = PBXGroup;
			children = (
				33051C3A1AE09F29004978A1 /* Main.storyboard */,
				33051C591AE09FFA004978A1 /* iOS_AppleView.swift */,
				33051C5A1AE09FFA004978A1 /* iOS_ObstacleView.swift */,
				33051C5B1AE09FFA004978A1 /* iOS_SnakeView.swift */,
				33051C5C1AE09FFA004978A1 /* iOS_StageElementViewFactory.swift */,
				33051C5D1AE09FFA004978A1 /* iOS_StageView.swift */,
				33051C5E1AE09FFA004978A1 /* iOS_StageViewTransform.swift */,
				33267CC21AE9DC300050BBEC /* iOS_PeerInvite.swift */,
			);
			path = View;
			sourceTree = "<group>";
		};
		33051C661AE0A005004978A1 /* Template Files */ = {
			isa = PBXGroup;
			children = (
				33051C541AE09FED004978A1 /* AppDelegate.swift */,
				33051C3D1AE09F29004978A1 /* Images.xcassets */,
				33051C3F1AE09F29004978A1 /* LaunchScreen.xib */,
			);
			name = "Template Files";
			sourceTree = "<group>";
		};
		331964861ADCC23A00AF6CD5 /* Snake_OSX_Tests */ = {
			isa = PBXGroup;
			children = (
				33D2843D1ADCE42500DE03A0 /* OSX_StageViewTransformTests.swift */,
				331964901ADCC28C00AF6CD5 /* OSX_WindowResizerTests.swift */,
				331964871ADCC23A00AF6CD5 /* Supporting Files */,
				3345B4FD1ADF1F0100F3E3DC /* OSX_StageElementViewFactoryTests.swift */,
			);
			path = Snake_OSX_Tests;
			sourceTree = "<group>";
		};
		331964871ADCC23A00AF6CD5 /* Supporting Files */ = {
			isa = PBXGroup;
			children = (
				331964881ADCC23A00AF6CD5 /* Info.plist */,
			);
			name = "Supporting Files";
			sourceTree = "<group>";
		};
		3337BFCC1AD8A07800AD9CB7 /* Snake_OSX */ = {
			isa = PBXGroup;
			children = (
				3337BFEC1AD8A14A00AD9CB7 /* Controller */,
				3337BFEB1AD8A0E800AD9CB7 /* View */,
				3337BFEA1AD8A0B100AD9CB7 /* Template Files */,
				3337BFCD1AD8A07800AD9CB7 /* Supporting Files */,
			);
			path = Snake_OSX;
			sourceTree = "<group>";
		};
		3337BFCD1AD8A07800AD9CB7 /* Supporting Files */ = {
			isa = PBXGroup;
			children = (
				3337BFCE1AD8A07800AD9CB7 /* Info.plist */,
			);
			name = "Supporting Files";
			sourceTree = "<group>";
		};
		3337BFEA1AD8A0B100AD9CB7 /* Template Files */ = {
			isa = PBXGroup;
			children = (
				3337BFCF1AD8A07800AD9CB7 /* AppDelegate.swift */,
				3337BFD31AD8A07800AD9CB7 /* Images.xcassets */,
			);
			name = "Template Files";
			sourceTree = "<group>";
		};
		3337BFEB1AD8A0E800AD9CB7 /* View */ = {
			isa = PBXGroup;
			children = (
				333A14681ADDAEA600F12835 /* OSX_StageElementViewFactory.swift */,
				33D284371ADCE22A00DE03A0 /* OSX_StageViewTransform.swift */,
				331964761ADC813F00AF6CD5 /* OSX_WindowResizer.swift */,
				3337BFD51AD8A07800AD9CB7 /* Main.storyboard */,
				333A14731ADDC7B100F12835 /* OSX_StageView.swift */,
				333A146D1ADDAFC800F12835 /* OSX_ObstacleView.swift */,
				334916641ADE055C0094281C /* OSX_AppleView.swift */,
				334916661ADE06A40094281C /* OSX_SnakeView.swift */,
			);
			name = View;
			sourceTree = "<group>";
		};
		3337BFEC1AD8A14A00AD9CB7 /* Controller */ = {
			isa = PBXGroup;
			children = (
				3319647F1ADCB56C00AF6CD5 /* OSX_SnakeWindowController.swift */,
				3337BFED1AD8A16200AD9CB7 /* OSX_SnakeViewController.swift */,
				33978A811AE81CCB000FA45B /* OSX_GameLobbyViewController.swift */,
				33978A821AE81CCB000FA45B /* OSX_GameLobbyViewController.xib */,
				33978A891AE82346000FA45B /* OSX_MainWindowController.swift */,
				33978A8A1AE82346000FA45B /* OSX_MainWindowController.xib */,
			);
			name = Controller;
			sourceTree = "<group>";
		};
		3345F40F1AD4F8AA00FF143D /* Controller */ = {
			isa = PBXGroup;
			children = (
				337003BC1AD7920D00ADD2C4 /* SnakeGameController.swift */,
				3345F4101AD4F8AA00FF143D /* KeyboardControlBindings.swift */,
				3345F4111AD4F8AA00FF143D /* SnakeController.swift */,
				33C1858C1AE5B7B6009EB9FA /* MenuOptions.swift */,
			);
			path = Controller;
			sourceTree = "<group>";
		};
		3345F4121AD4F8AA00FF143D /* Model */ = {
			isa = PBXGroup;
			children = (
				3385B66C1AE60A0800FF1F98 /* MultipeerConn */,
				3345F4131AD4F8AA00FF143D /* Stage */,
				3345F4191AD4F8AA00FF143D /* StageElements */,
			);
			path = Model;
			sourceTree = "<group>";
		};
		3345F4131AD4F8AA00FF143D /* Stage */ = {
			isa = PBXGroup;
			children = (
				3345F4141AD4F8AA00FF143D /* Stage.swift */,
				3345F4151AD4F8AA00FF143D /* StageConfigurator.swift */,
				3345F4161AD4F8AA00FF143D /* StageConfiguratorLevel1.swift */,
				3345F4171AD4F8AA00FF143D /* StageLocation.swift */,
				3345F4181AD4F8AA00FF143D /* StageSize.swift */,
			);
			path = Stage;
			sourceTree = "<group>";
		};
		3345F4191AD4F8AA00FF143D /* StageElements */ = {
			isa = PBXGroup;
			children = (
				3345F41A1AD4F8AA00FF143D /* Apple.swift */,
				3345F41B1AD4F8AA00FF143D /* Direction.swift */,
				3345F41C1AD4F8AA00FF143D /* Obstacle.swift */,
				3345F41D1AD4F8AA00FF143D /* Snake.swift */,
				3345F41E1AD4F8AA00FF143D /* SnakeConfigurator.swift */,
				3345F41F1AD4F8AA00FF143D /* StageElement.swift */,
				3345F4201AD4F8AA00FF143D /* StageElementDirectable.swift */,
				3345F4211AD4F8AA00FF143D /* StageLocatable.swift */,
				3345F4221AD4F8AA00FF143D /* Tunnel.swift */,
			);
			path = StageElements;
			sourceTree = "<group>";
		};
		3345F4231AD4F8AA00FF143D /* Utils */ = {
			isa = PBXGroup;
			children = (
				3345F4241AD4F8AA00FF143D /* NSObject+ClassName.swift */,
				3345F4251AD4F8AA00FF143D /* TimerFactory.swift */,
				3345F4261AD4F8AA00FF143D /* Utils.swift */,
			);
			path = Utils;
			sourceTree = "<group>";
		};
		3345F4681AD504A500FF143D /* View */ = {
			isa = PBXGroup;
			children = (
				333A14671ADDADF500F12835 /* ConcreteStageElementViewFactory.swift */,
				3345F4641AD504A000FF143D /* StageViewTransform.swift */,
				3324D8781AD873B700C202D3 /* DebuggerConsoleView.swift */,
				333A146B1ADDAF4800F12835 /* StageElementView.swift */,
				333A14711ADDB8D700F12835 /* StageViewCache.swift */,
			);
			name = View;
			sourceTree = "<group>";
		};
		3385B66C1AE60A0800FF1F98 /* MultipeerConn */ = {
			isa = PBXGroup;
			children = (
				3385B66F1AE6129800FF1F98 /* MPCController.swift */,
				33978A8E1AE8548C000FA45B /* PeerInvite.swift */,
			);
			name = MultipeerConn;
			sourceTree = "<group>";
		};
		33E4D4761ACA16A900C6C853 /* Snake */ = {
			isa = PBXGroup;
			children = (
				3345F4681AD504A500FF143D /* View */,
				3345F40F1AD4F8AA00FF143D /* Controller */,
				3345F4121AD4F8AA00FF143D /* Model */,
				3345F4231AD4F8AA00FF143D /* Utils */,
			);
			path = Snake;
			sourceTree = "<group>";
		};
		33E4D4B91ACA17A100C6C853 /* Snake_Tests */ = {
			isa = PBXGroup;
			children = (
				33E4D4C31ACA185F00C6C853 /* Mocks */,
				3324D87B1AD88C0900C202D3 /* DebuggerConsoleViewTests.swift */,
				33463E911AD5F9D5006AB375 /* iOS_StageViewTransformTests.swift */,
				338C72741AD371320006983A /* SnakeControllerTests.swift */,
				33637C881AD1DE7300F6617B /* SnakeConfiguratorTests.swift */,
				3334C0EA1ACCDEE900377A7F /* TimerFactoryTests.swift */,
				333B6BA81AD3163A007993E6 /* KeyboardControlBindingsTests.swift */,
				33463E961AD614A7006AB375 /* DirectionTests.swift */,
				33E4D4C61ACA185F00C6C853 /* ObstacleTest.swift */,
				33E4D4C21ACA185F00C6C853 /* TunnelTest.swift */,
				33E4D4C11ACA185F00C6C853 /* AppleTests.swift */,
				33E4D4C71ACA185F00C6C853 /* SnakeTests.swift */,
				33E4D4C81ACA185F00C6C853 /* StageConfiguratorTest.swift */,
				33E4D4C91ACA185F00C6C853 /* StageElementDirectableTests.swift */,
				33E4D4CA1ACA185F00C6C853 /* StageElementTests.swift */,
				33E4D4CB1ACA185F00C6C853 /* StageLocationTest.swift */,
				33E4D4CC1ACA185F00C6C853 /* StageSizeTest.swift */,
				33E4D4CD1ACA185F00C6C853 /* StageTests.swift */,
				33E4D4CE1ACA185F00C6C853 /* UtilsTests.swift */,
				33E4D4BA1ACA17A100C6C853 /* Supporting Files */,
				33267CBE1AE99D910050BBEC /* MPCControllerTests.swift */,
			);
			path = Snake_Tests;
			sourceTree = "<group>";
		};
		33E4D4BA1ACA17A100C6C853 /* Supporting Files */ = {
			isa = PBXGroup;
			children = (
				33E4D4BB1ACA17A100C6C853 /* Info.plist */,
			);
			name = "Supporting Files";
			sourceTree = "<group>";
		};
		33E4D4C31ACA185F00C6C853 /* Mocks */ = {
			isa = PBXGroup;
			children = (
				33463E941AD5FB36006AB375 /* iOS_StageViewTransformMock.swift */,
				33E4D4C41ACA185F00C6C853 /* AppleMock.swift */,
				33E4D4C51ACA185F00C6C853 /* SnakeMock.swift */,
			);
			path = Mocks;
			sourceTree = "<group>";
		};
		4CE0CA361A803F2600BE030C = {
			isa = PBXGroup;
			children = (
				33E4D4761ACA16A900C6C853 /* Snake */,
				3337BFCC1AD8A07800AD9CB7 /* Snake_OSX */,
				33051C331AE09F29004978A1 /* Snake_iOS */,
				3337BF6E1AD89BC800AD9CB7 /* Snake_Tests.xctest */,
				3337BFCB1AD8A07800AD9CB7 /* Snake_OSX.app */,
				331964851ADCC23A00AF6CD5 /* Snake_OSX_Tests.xctest */,
				33E4D4B91ACA17A100C6C853 /* Snake_Tests */,
				331964861ADCC23A00AF6CD5 /* Snake_OSX_Tests */,
				33051C321AE09F29004978A1 /* Snake_iOS.app */,
			);
			sourceTree = "<group>";
		};
/* End PBXGroup section */

/* Begin PBXNativeTarget section */
		33051C311AE09F29004978A1 /* Snake_iOS */ = {
			isa = PBXNativeTarget;
			buildConfigurationList = 33051C4E1AE09F2A004978A1 /* Build configuration list for PBXNativeTarget "Snake_iOS" */;
			buildPhases = (
				33051C2E1AE09F29004978A1 /* Sources */,
				33051C2F1AE09F29004978A1 /* Frameworks */,
				33051C301AE09F29004978A1 /* Resources */,
			);
			buildRules = (
			);
			dependencies = (
			);
			name = Snake_iOS;
			productName = Snake_iOS;
			productReference = 33051C321AE09F29004978A1 /* Snake_iOS.app */;
			productType = "com.apple.product-type.application";
		};
		331964841ADCC23A00AF6CD5 /* Snake_OSX_Tests */ = {
			isa = PBXNativeTarget;
			buildConfigurationList = 3319648D1ADCC23A00AF6CD5 /* Build configuration list for PBXNativeTarget "Snake_OSX_Tests" */;
			buildPhases = (
				331964811ADCC23A00AF6CD5 /* Sources */,
				331964821ADCC23A00AF6CD5 /* Frameworks */,
				331964831ADCC23A00AF6CD5 /* Resources */,
			);
			buildRules = (
			);
			dependencies = (
				3319648C1ADCC23A00AF6CD5 /* PBXTargetDependency */,
			);
			name = Snake_OSX_Tests;
			productName = Snake_OSX_Tests;
			productReference = 331964851ADCC23A00AF6CD5 /* Snake_OSX_Tests.xctest */;
			productType = "com.apple.product-type.bundle.unit-test";
		};
		3337BF6D1AD89BC800AD9CB7 /* Snake_Tests */ = {
			isa = PBXNativeTarget;
			buildConfigurationList = 3337BF741AD89BC800AD9CB7 /* Build configuration list for PBXNativeTarget "Snake_Tests" */;
			buildPhases = (
				3337BF6A1AD89BC800AD9CB7 /* Sources */,
				3337BF6B1AD89BC800AD9CB7 /* Frameworks */,
				3337BF6C1AD89BC800AD9CB7 /* Resources */,
			);
			buildRules = (
			);
			dependencies = (
			);
			name = Snake_Tests;
			productName = Snake_Tests;
			productReference = 3337BF6E1AD89BC800AD9CB7 /* Snake_Tests.xctest */;
			productType = "com.apple.product-type.bundle.unit-test";
		};
		3337BFCA1AD8A07800AD9CB7 /* Snake_OSX */ = {
			isa = PBXNativeTarget;
			buildConfigurationList = 3337BFE41AD8A07900AD9CB7 /* Build configuration list for PBXNativeTarget "Snake_OSX" */;
			buildPhases = (
				3337BFC71AD8A07800AD9CB7 /* Sources */,
				3337BFC81AD8A07800AD9CB7 /* Frameworks */,
				3337BFC91AD8A07800AD9CB7 /* Resources */,
			);
			buildRules = (
			);
			dependencies = (
			);
			name = Snake_OSX;
			productName = Snake_OSX;
			productReference = 3337BFCB1AD8A07800AD9CB7 /* Snake_OSX.app */;
			productType = "com.apple.product-type.application";
		};
/* End PBXNativeTarget section */

/* Begin PBXProject section */
		4CE0CA371A803F2600BE030C /* Project object */ = {
			isa = PBXProject;
			attributes = {
				LastUpgradeCheck = 0610;
				ORGANIZATIONNAME = PartyLand;
				TargetAttributes = {
					33051C311AE09F29004978A1 = {
						CreatedOnToolsVersion = 6.2;
					};
					331964841ADCC23A00AF6CD5 = {
						CreatedOnToolsVersion = 6.2;
						TestTargetID = 3337BFCA1AD8A07800AD9CB7;
					};
					3337BF6D1AD89BC800AD9CB7 = {
						CreatedOnToolsVersion = 6.2;
					};
					3337BFCA1AD8A07800AD9CB7 = {
						CreatedOnToolsVersion = 6.2;
					};
				};
			};
			buildConfigurationList = 4CE0CA3A1A803F2600BE030C /* Build configuration list for PBXProject "SnakeSwift" */;
			compatibilityVersion = "Xcode 3.2";
			developmentRegion = English;
			hasScannedForEncodings = 0;
			knownRegions = (
				en,
				Base,
			);
			mainGroup = 4CE0CA361A803F2600BE030C;
			productRefGroup = 4CE0CA361A803F2600BE030C;
			projectDirPath = "";
			projectRoot = "";
			targets = (
				3337BF6D1AD89BC800AD9CB7 /* Snake_Tests */,
				3337BFCA1AD8A07800AD9CB7 /* Snake_OSX */,
				331964841ADCC23A00AF6CD5 /* Snake_OSX_Tests */,
				33051C311AE09F29004978A1 /* Snake_iOS */,
			);
		};
/* End PBXProject section */

/* Begin PBXResourcesBuildPhase section */
		33051C301AE09F29004978A1 /* Resources */ = {
			isa = PBXResourcesBuildPhase;
			buildActionMask = 2147483647;
			files = (
				33051C3C1AE09F29004978A1 /* Main.storyboard in Resources */,
				33051C411AE09F29004978A1 /* LaunchScreen.xib in Resources */,
				33051C3E1AE09F29004978A1 /* Images.xcassets in Resources */,
				3385B66B1AE5E91000FF1F98 /* iOS_GameLobbyViewController.xib in Resources */,
			);
			runOnlyForDeploymentPostprocessing = 0;
		};
		331964831ADCC23A00AF6CD5 /* Resources */ = {
			isa = PBXResourcesBuildPhase;
			buildActionMask = 2147483647;
			files = (
			);
			runOnlyForDeploymentPostprocessing = 0;
		};
		3337BF6C1AD89BC800AD9CB7 /* Resources */ = {
			isa = PBXResourcesBuildPhase;
			buildActionMask = 2147483647;
			files = (
			);
			runOnlyForDeploymentPostprocessing = 0;
		};
		3337BFC91AD8A07800AD9CB7 /* Resources */ = {
			isa = PBXResourcesBuildPhase;
			buildActionMask = 2147483647;
			files = (
				3337BFD41AD8A07800AD9CB7 /* Images.xcassets in Resources */,
				33978A841AE81CCB000FA45B /* OSX_GameLobbyViewController.xib in Resources */,
				3337BFD71AD8A07800AD9CB7 /* Main.storyboard in Resources */,
				33978A8C1AE82346000FA45B /* OSX_MainWindowController.xib in Resources */,
			);
			runOnlyForDeploymentPostprocessing = 0;
		};
/* End PBXResourcesBuildPhase section */

/* Begin PBXSourcesBuildPhase section */
		33051C2E1AE09F29004978A1 /* Sources */ = {
			isa = PBXSourcesBuildPhase;
			buildActionMask = 2147483647;
			files = (
				33051C671AE0A092004978A1 /* ConcreteStageElementViewFactory.swift in Sources */,
				33C1858B1AE5B704009EB9FA /* iOS_StartMenuViewController.swift in Sources */,
				33051C681AE0A092004978A1 /* StageViewTransform.swift in Sources */,
				3385B6701AE6129800FF1F98 /* MPCController.swift in Sources */,
				33051C691AE0A092004978A1 /* DebuggerConsoleView.swift in Sources */,
				33051C6A1AE0A092004978A1 /* StageElementView.swift in Sources */,
				33051C6B1AE0A092004978A1 /* StageViewCache.swift in Sources */,
				33051C6C1AE0A092004978A1 /* SnakeGameController.swift in Sources */,
				33051C6D1AE0A092004978A1 /* KeyboardControlBindings.swift in Sources */,
				33051C6E1AE0A092004978A1 /* SnakeController.swift in Sources */,
				33051C6F1AE0A092004978A1 /* Stage.swift in Sources */,
				33B3B4EF1AE7365F003E36F3 /* iOS_MPCFoundPeersController.swift in Sources */,
				33267CC31AE9DC300050BBEC /* iOS_PeerInvite.swift in Sources */,
				33051C701AE0A092004978A1 /* StageConfigurator.swift in Sources */,
				33051C711AE0A092004978A1 /* StageConfiguratorLevel1.swift in Sources */,
				33051C721AE0A092004978A1 /* StageLocation.swift in Sources */,
				3385B66A1AE5E91000FF1F98 /* iOS_GameLobbyViewController.swift in Sources */,
				33051C731AE0A092004978A1 /* StageSize.swift in Sources */,
				33051C741AE0A092004978A1 /* Apple.swift in Sources */,
				33051C751AE0A092004978A1 /* Direction.swift in Sources */,
				33051C761AE0A092004978A1 /* Obstacle.swift in Sources */,
				33051C771AE0A092004978A1 /* Snake.swift in Sources */,
				33051C781AE0A092004978A1 /* SnakeConfigurator.swift in Sources */,
				33051C791AE0A092004978A1 /* StageElement.swift in Sources */,
				33051C7A1AE0A092004978A1 /* StageElementDirectable.swift in Sources */,
				33051C7B1AE0A092004978A1 /* StageLocatable.swift in Sources */,
				33C1858D1AE5B7B6009EB9FA /* MenuOptions.swift in Sources */,
				33051C7C1AE0A092004978A1 /* Tunnel.swift in Sources */,
				33978A901AE8548C000FA45B /* PeerInvite.swift in Sources */,
				33051C7D1AE0A092004978A1 /* NSObject+ClassName.swift in Sources */,
				33051C7E1AE0A092004978A1 /* TimerFactory.swift in Sources */,
				33051C7F1AE0A092004978A1 /* Utils.swift in Sources */,
				33051C551AE09FED004978A1 /* AppDelegate.swift in Sources */,
				33051C631AE09FFA004978A1 /* iOS_StageElementViewFactory.swift in Sources */,
				33051C621AE09FFA004978A1 /* iOS_SnakeView.swift in Sources */,
				33051C601AE09FFA004978A1 /* iOS_AppleView.swift in Sources */,
				33051C651AE09FFA004978A1 /* iOS_StageViewTransform.swift in Sources */,
				33051C5F1AE09FFA004978A1 /* iOS_SnakeViewController.swift in Sources */,
				33051C611AE09FFA004978A1 /* iOS_ObstacleView.swift in Sources */,
				33051C641AE09FFA004978A1 /* iOS_StageView.swift in Sources */,
			);
			runOnlyForDeploymentPostprocessing = 0;
		};
		331964811ADCC23A00AF6CD5 /* Sources */ = {
			isa = PBXSourcesBuildPhase;
			buildActionMask = 2147483647;
			files = (
				33D284451ADCE9FB00DE03A0 /* Stage.swift in Sources */,
				33D284461ADCE9FB00DE03A0 /* StageConfigurator.swift in Sources */,
				33D284471ADCE9FB00DE03A0 /* StageConfiguratorLevel1.swift in Sources */,
				33D284481ADCE9FB00DE03A0 /* Apple.swift in Sources */,
				3345B5041ADF252500F3E3DC /* ConcreteStageElementViewFactory.swift in Sources */,
				33D284491ADCE9FB00DE03A0 /* Obstacle.swift in Sources */,
				3345B5021ADF250C00F3E3DC /* OSX_AppleView.swift in Sources */,
				33D2844A1ADCE9FB00DE03A0 /* Snake.swift in Sources */,
				3345B5001ADF20EF00F3E3DC /* StageElementView.swift in Sources */,
				33D2844B1ADCE9FB00DE03A0 /* SnakeConfigurator.swift in Sources */,
				33D2844C1ADCE9FB00DE03A0 /* StageElementDirectable.swift in Sources */,
				33D2844D1ADCE9FB00DE03A0 /* StageLocatable.swift in Sources */,
				33D2844E1ADCE9FB00DE03A0 /* Tunnel.swift in Sources */,
				3345B4FF1ADF207D00F3E3DC /* OSX_StageElementViewFactory.swift in Sources */,
				3345B5011ADF250700F3E3DC /* OSX_ObstacleView.swift in Sources */,
				33D2844F1ADCE9FB00DE03A0 /* NSObject+ClassName.swift in Sources */,
				33D284501ADCE9FB00DE03A0 /* TimerFactory.swift in Sources */,
				3345B5031ADF251000F3E3DC /* OSX_SnakeView.swift in Sources */,
				33D284411ADCE8B300DE03A0 /* Direction.swift in Sources */,
				331964911ADCC28C00AF6CD5 /* OSX_WindowResizerTests.swift in Sources */,
				3345B4FE1ADF1F0100F3E3DC /* OSX_StageElementViewFactoryTests.swift in Sources */,
				33D284431ADCE9C200DE03A0 /* StageSize.swift in Sources */,
				33D284441ADCE9C800DE03A0 /* StageElement.swift in Sources */,
				33D2843E1ADCE42500DE03A0 /* OSX_StageViewTransformTests.swift in Sources */,
				33D2843F1ADCE84600DE03A0 /* StageViewTransform.swift in Sources */,
				33D284391ADCE22A00DE03A0 /* OSX_StageViewTransform.swift in Sources */,
				33D284361ADCC5FC00DE03A0 /* OSX_WindowResizer.swift in Sources */,
				33D284401ADCE8AA00DE03A0 /* StageLocation.swift in Sources */,
				33D284421ADCE98F00DE03A0 /* Utils.swift in Sources */,
			);
			runOnlyForDeploymentPostprocessing = 0;
		};
		3337BF6A1AD89BC800AD9CB7 /* Sources */ = {
			isa = PBXSourcesBuildPhase;
			buildActionMask = 2147483647;
			files = (
				3337BF781AD89C8700AD9CB7 /* StageViewTransform.swift in Sources */,
				3337BF791AD89C8700AD9CB7 /* DebuggerConsoleView.swift in Sources */,
				3337BF7A1AD89C8700AD9CB7 /* SnakeGameController.swift in Sources */,
				3337BF7B1AD89C8700AD9CB7 /* KeyboardControlBindings.swift in Sources */,
				3337BF7C1AD89C8700AD9CB7 /* SnakeController.swift in Sources */,
				3337BF7D1AD89C8700AD9CB7 /* Stage.swift in Sources */,
				3337BF7E1AD89C8700AD9CB7 /* StageConfigurator.swift in Sources */,
				3337BF7F1AD89C8700AD9CB7 /* StageConfiguratorLevel1.swift in Sources */,
				3337BF801AD89C8700AD9CB7 /* StageLocation.swift in Sources */,
				3337BF811AD89C8700AD9CB7 /* StageSize.swift in Sources */,
				3337BF821AD89C8700AD9CB7 /* Apple.swift in Sources */,
				33267CC01AE99E1F0050BBEC /* MPCController.swift in Sources */,
				3337BF831AD89C8700AD9CB7 /* Direction.swift in Sources */,
				3337BF841AD89C8700AD9CB7 /* Obstacle.swift in Sources */,
				3337BF851AD89C8700AD9CB7 /* Snake.swift in Sources */,
				3337BF861AD89C8700AD9CB7 /* SnakeConfigurator.swift in Sources */,
				3337BF871AD89C8700AD9CB7 /* StageElement.swift in Sources */,
				3337BF881AD89C8700AD9CB7 /* StageElementDirectable.swift in Sources */,
				33267CC11AE99E240050BBEC /* PeerInvite.swift in Sources */,
				3337BF891AD89C8700AD9CB7 /* StageLocatable.swift in Sources */,
				33267CBF1AE99D910050BBEC /* MPCControllerTests.swift in Sources */,
				3337BF8A1AD89C8700AD9CB7 /* Tunnel.swift in Sources */,
				3337BF8B1AD89C8700AD9CB7 /* NSObject+ClassName.swift in Sources */,
				3337BF8C1AD89C8700AD9CB7 /* TimerFactory.swift in Sources */,
				3337BF8D1AD89C8700AD9CB7 /* Utils.swift in Sources */,
				3337BF8F1AD89C8700AD9CB7 /* AppleMock.swift in Sources */,
				3337BF901AD89C8700AD9CB7 /* SnakeMock.swift in Sources */,
				3337BF911AD89C8700AD9CB7 /* DebuggerConsoleViewTests.swift in Sources */,
				3337BF931AD89C8700AD9CB7 /* SnakeControllerTests.swift in Sources */,
				3337BF941AD89C8700AD9CB7 /* SnakeConfiguratorTests.swift in Sources */,
				3337BF951AD89C8700AD9CB7 /* TimerFactoryTests.swift in Sources */,
				3337BF961AD89C8700AD9CB7 /* KeyboardControlBindingsTests.swift in Sources */,
				3337BF971AD89C8700AD9CB7 /* DirectionTests.swift in Sources */,
				3337BF981AD89C8700AD9CB7 /* ObstacleTest.swift in Sources */,
				3337BF991AD89C8700AD9CB7 /* TunnelTest.swift in Sources */,
				3337BF9A1AD89C8700AD9CB7 /* AppleTests.swift in Sources */,
				3337BF9B1AD89C8700AD9CB7 /* SnakeTests.swift in Sources */,
				3337BF9C1AD89C8700AD9CB7 /* StageConfiguratorTest.swift in Sources */,
				3337BF9D1AD89C8700AD9CB7 /* StageElementDirectableTests.swift in Sources */,
				3337BF9E1AD89C8700AD9CB7 /* StageElementTests.swift in Sources */,
				3337BF9F1AD89C8700AD9CB7 /* StageLocationTest.swift in Sources */,
				3337BFA01AD89C8700AD9CB7 /* StageSizeTest.swift in Sources */,
				3337BFA11AD89C8700AD9CB7 /* StageTests.swift in Sources */,
				3337BFA21AD89C8700AD9CB7 /* UtilsTests.swift in Sources */,
			);
			runOnlyForDeploymentPostprocessing = 0;
		};
		3337BFC71AD8A07800AD9CB7 /* Sources */ = {
			isa = PBXSourcesBuildPhase;
			buildActionMask = 2147483647;
			files = (
				331964801ADCB56C00AF6CD5 /* OSX_SnakeWindowController.swift in Sources */,
				3337BFF21AD8A1CA00AD9CB7 /* StageViewTransform.swift in Sources */,
				333A14741ADDC7B100F12835 /* OSX_StageView.swift in Sources */,
				334916671ADE06A40094281C /* OSX_SnakeView.swift in Sources */,
				333A146A1ADDAEDA00F12835 /* ConcreteStageElementViewFactory.swift in Sources */,
				3337BFF31AD8A1CA00AD9CB7 /* DebuggerConsoleView.swift in Sources */,
				3337BFF41AD8A1CA00AD9CB7 /* SnakeGameController.swift in Sources */,
				3337BFF51AD8A1CA00AD9CB7 /* KeyboardControlBindings.swift in Sources */,
				3337BFF61AD8A1CA00AD9CB7 /* SnakeController.swift in Sources */,
				3337BFF71AD8A1CA00AD9CB7 /* Stage.swift in Sources */,
				3337BFF81AD8A1CA00AD9CB7 /* StageConfigurator.swift in Sources */,
				3337BFF91AD8A1CA00AD9CB7 /* StageConfiguratorLevel1.swift in Sources */,
				333A14721ADDB8D700F12835 /* StageViewCache.swift in Sources */,
				3337BFFA1AD8A1CA00AD9CB7 /* StageLocation.swift in Sources */,
				3337BFFB1AD8A1CA00AD9CB7 /* StageSize.swift in Sources */,
				3337BFFC1AD8A1CA00AD9CB7 /* Apple.swift in Sources */,
				3337BFFD1AD8A1CA00AD9CB7 /* Direction.swift in Sources */,
				3337BFFE1AD8A1CA00AD9CB7 /* Obstacle.swift in Sources */,
				33978A8D1AE82D20000FA45B /* MPCController.swift in Sources */,
				3337BFFF1AD8A1CA00AD9CB7 /* Snake.swift in Sources */,
				3337C0001AD8A1CA00AD9CB7 /* SnakeConfigurator.swift in Sources */,
				333A146E1ADDAFC800F12835 /* OSX_ObstacleView.swift in Sources */,
				333A146C1ADDAF4800F12835 /* StageElementView.swift in Sources */,
				3337C0011AD8A1CA00AD9CB7 /* StageElement.swift in Sources */,
				331964771ADC813F00AF6CD5 /* OSX_WindowResizer.swift in Sources */,
				33D284381ADCE22A00DE03A0 /* OSX_StageViewTransform.swift in Sources */,
				3337C0021AD8A1CA00AD9CB7 /* StageElementDirectable.swift in Sources */,
				33978A8F1AE8548C000FA45B /* PeerInvite.swift in Sources */,
				3337C0031AD8A1CA00AD9CB7 /* StageLocatable.swift in Sources */,
				333A14691ADDAEA600F12835 /* OSX_StageElementViewFactory.swift in Sources */,
				3337C0041AD8A1CA00AD9CB7 /* Tunnel.swift in Sources */,
				3337C0051AD8A1CA00AD9CB7 /* NSObject+ClassName.swift in Sources */,
				3337C0061AD8A1CA00AD9CB7 /* TimerFactory.swift in Sources */,
				334916651ADE055C0094281C /* OSX_AppleView.swift in Sources */,
				3337C0071AD8A1CA00AD9CB7 /* Utils.swift in Sources */,
				3337BFEE1AD8A16200AD9CB7 /* OSX_SnakeViewController.swift in Sources */,
				33978A831AE81CCB000FA45B /* OSX_GameLobbyViewController.swift in Sources */,
				3337BFD01AD8A07800AD9CB7 /* AppDelegate.swift in Sources */,
				33978A8B1AE82346000FA45B /* OSX_MainWindowController.swift in Sources */,
			);
			runOnlyForDeploymentPostprocessing = 0;
		};
/* End PBXSourcesBuildPhase section */

/* Begin PBXTargetDependency section */
		3319648C1ADCC23A00AF6CD5 /* PBXTargetDependency */ = {
			isa = PBXTargetDependency;
			target = 3337BFCA1AD8A07800AD9CB7 /* Snake_OSX */;
			targetProxy = 3319648B1ADCC23A00AF6CD5 /* PBXContainerItemProxy */;
		};
/* End PBXTargetDependency section */

/* Begin PBXVariantGroup section */
		33051C3A1AE09F29004978A1 /* Main.storyboard */ = {
			isa = PBXVariantGroup;
			children = (
				33051C3B1AE09F29004978A1 /* Base */,
			);
			name = Main.storyboard;
			path = ..;
			sourceTree = "<group>";
		};
		33051C3F1AE09F29004978A1 /* LaunchScreen.xib */ = {
			isa = PBXVariantGroup;
			children = (
				33051C401AE09F29004978A1 /* Base */,
			);
			name = LaunchScreen.xib;
			sourceTree = "<group>";
		};
		3337BFD51AD8A07800AD9CB7 /* Main.storyboard */ = {
			isa = PBXVariantGroup;
			children = (
				3337BFD61AD8A07800AD9CB7 /* Base */,
			);
			name = Main.storyboard;
			sourceTree = "<group>";
		};
/* End PBXVariantGroup section */

/* Begin XCBuildConfiguration section */
		33051C4F1AE09F2A004978A1 /* Debug */ = {
			isa = XCBuildConfiguration;
			buildSettings = {
				ASSETCATALOG_COMPILER_APPICON_NAME = AppIcon;
				"CODE_SIGN_IDENTITY[sdk=iphoneos*]" = "iPhone Developer";
				GCC_PREPROCESSOR_DEFINITIONS = (
					"DEBUG=1",
					"$(inherited)",
				);
				INFOPLIST_FILE = Snake_iOS/Info.plist;
				IPHONEOS_DEPLOYMENT_TARGET = 8.2;
				LD_RUNPATH_SEARCH_PATHS = "$(inherited) @executable_path/Frameworks";
				PRODUCT_NAME = "$(TARGET_NAME)";
				SDKROOT = iphoneos;
				TARGETED_DEVICE_FAMILY = "1,2";
			};
			name = Debug;
		};
		33051C501AE09F2A004978A1 /* Release */ = {
			isa = XCBuildConfiguration;
			buildSettings = {
				ASSETCATALOG_COMPILER_APPICON_NAME = AppIcon;
				"CODE_SIGN_IDENTITY[sdk=iphoneos*]" = "iPhone Developer";
				COPY_PHASE_STRIP = NO;
				INFOPLIST_FILE = Snake_iOS/Info.plist;
				IPHONEOS_DEPLOYMENT_TARGET = 8.2;
				LD_RUNPATH_SEARCH_PATHS = "$(inherited) @executable_path/Frameworks";
				PRODUCT_NAME = "$(TARGET_NAME)";
				SDKROOT = iphoneos;
				TARGETED_DEVICE_FAMILY = "1,2";
				VALIDATE_PRODUCT = YES;
			};
			name = Release;
		};
		3319648E1ADCC23A00AF6CD5 /* Debug */ = {
			isa = XCBuildConfiguration;
			buildSettings = {
				BUNDLE_LOADER = "$(TEST_HOST)";
				CLANG_ENABLE_MODULES = YES;
				COMBINE_HIDPI_IMAGES = YES;
				FRAMEWORK_SEARCH_PATHS = (
					"$(DEVELOPER_FRAMEWORKS_DIR)",
					"$(inherited)",
				);
				GCC_PREPROCESSOR_DEFINITIONS = (
					"DEBUG=1",
					"$(inherited)",
				);
				INFOPLIST_FILE = Snake_OSX_Tests/Info.plist;
				LD_RUNPATH_SEARCH_PATHS = "$(inherited) @executable_path/../Frameworks @loader_path/../Frameworks";
				PRODUCT_NAME = "$(TARGET_NAME)";
				SWIFT_OPTIMIZATION_LEVEL = "-Onone";
				TEST_HOST = "$(BUILT_PRODUCTS_DIR)/Snake_OSX.app/Contents/MacOS/Snake_OSX";
			};
			name = Debug;
		};
		3319648F1ADCC23A00AF6CD5 /* Release */ = {
			isa = XCBuildConfiguration;
			buildSettings = {
				BUNDLE_LOADER = "$(TEST_HOST)";
				CLANG_ENABLE_MODULES = YES;
				COMBINE_HIDPI_IMAGES = YES;
				COPY_PHASE_STRIP = NO;
				FRAMEWORK_SEARCH_PATHS = (
					"$(DEVELOPER_FRAMEWORKS_DIR)",
					"$(inherited)",
				);
				INFOPLIST_FILE = Snake_OSX_Tests/Info.plist;
				LD_RUNPATH_SEARCH_PATHS = "$(inherited) @executable_path/../Frameworks @loader_path/../Frameworks";
				PRODUCT_NAME = "$(TARGET_NAME)";
				TEST_HOST = "$(BUILT_PRODUCTS_DIR)/Snake_OSX.app/Contents/MacOS/Snake_OSX";
			};
			name = Release;
		};
		3337BF751AD89BC800AD9CB7 /* Debug */ = {
			isa = XCBuildConfiguration;
			buildSettings = {
				COMBINE_HIDPI_IMAGES = YES;
				FRAMEWORK_SEARCH_PATHS = (
					"$(DEVELOPER_FRAMEWORKS_DIR)",
					"$(inherited)",
				);
				GCC_PREPROCESSOR_DEFINITIONS = (
					"DEBUG=1",
					"$(inherited)",
				);
				INFOPLIST_FILE = Snake_Tests/Info.plist;
				LD_RUNPATH_SEARCH_PATHS = "$(inherited) @executable_path/../Frameworks @loader_path/../Frameworks";
				PRODUCT_NAME = "$(TARGET_NAME)";
			};
			name = Debug;
		};
		3337BF761AD89BC800AD9CB7 /* Release */ = {
			isa = XCBuildConfiguration;
			buildSettings = {
				COMBINE_HIDPI_IMAGES = YES;
				COPY_PHASE_STRIP = NO;
				FRAMEWORK_SEARCH_PATHS = (
					"$(DEVELOPER_FRAMEWORKS_DIR)",
					"$(inherited)",
				);
				INFOPLIST_FILE = Snake_Tests/Info.plist;
				LD_RUNPATH_SEARCH_PATHS = "$(inherited) @executable_path/../Frameworks @loader_path/../Frameworks";
				PRODUCT_NAME = "$(TARGET_NAME)";
			};
			name = Release;
		};
		3337BFE51AD8A07900AD9CB7 /* Debug */ = {
			isa = XCBuildConfiguration;
			buildSettings = {
				ASSETCATALOG_COMPILER_APPICON_NAME = AppIcon;
				CODE_SIGN_IDENTITY = "-";
				COMBINE_HIDPI_IMAGES = YES;
				GCC_PREPROCESSOR_DEFINITIONS = (
					"DEBUG=1",
					"$(inherited)",
				);
				INFOPLIST_FILE = Snake_OSX/Info.plist;
				LD_RUNPATH_SEARCH_PATHS = "$(inherited) @executable_path/../Frameworks";
				PRODUCT_NAME = "$(TARGET_NAME)";
			};
			name = Debug;
		};
		3337BFE61AD8A07900AD9CB7 /* Release */ = {
			isa = XCBuildConfiguration;
			buildSettings = {
				ASSETCATALOG_COMPILER_APPICON_NAME = AppIcon;
				CODE_SIGN_IDENTITY = "-";
				COMBINE_HIDPI_IMAGES = YES;
				COPY_PHASE_STRIP = NO;
				INFOPLIST_FILE = Snake_OSX/Info.plist;
				LD_RUNPATH_SEARCH_PATHS = "$(inherited) @executable_path/../Frameworks";
				PRODUCT_NAME = "$(TARGET_NAME)";
			};
			name = Release;
		};
		4CE0CA441A803F2600BE030C /* Debug */ = {
			isa = XCBuildConfiguration;
			buildSettings = {
				ALWAYS_SEARCH_USER_PATHS = NO;
				CLANG_CXX_LANGUAGE_STANDARD = "gnu++0x";
				CLANG_CXX_LIBRARY = "libc++";
				CLANG_ENABLE_MODULES = YES;
				CLANG_ENABLE_OBJC_ARC = YES;
				CLANG_WARN_BOOL_CONVERSION = YES;
				CLANG_WARN_CONSTANT_CONVERSION = YES;
				CLANG_WARN_DIRECT_OBJC_ISA_USAGE = YES_ERROR;
				CLANG_WARN_EMPTY_BODY = YES;
				CLANG_WARN_ENUM_CONVERSION = YES;
				CLANG_WARN_INT_CONVERSION = YES;
				CLANG_WARN_OBJC_ROOT_CLASS = YES_ERROR;
				CLANG_WARN_UNREACHABLE_CODE = YES;
				CLANG_WARN__DUPLICATE_METHOD_MATCH = YES;
				COPY_PHASE_STRIP = NO;
				ENABLE_STRICT_OBJC_MSGSEND = YES;
				GCC_C_LANGUAGE_STANDARD = gnu99;
				GCC_DYNAMIC_NO_PIC = NO;
				GCC_OPTIMIZATION_LEVEL = 0;
				GCC_PREPROCESSOR_DEFINITIONS = (
					"DEBUG=1",
					"$(inherited)",
				);
				GCC_SYMBOLS_PRIVATE_EXTERN = NO;
				GCC_WARN_64_TO_32_BIT_CONVERSION = YES;
				GCC_WARN_ABOUT_RETURN_TYPE = YES_ERROR;
				GCC_WARN_UNDECLARED_SELECTOR = YES;
				GCC_WARN_UNINITIALIZED_AUTOS = YES_AGGRESSIVE;
				GCC_WARN_UNUSED_FUNCTION = YES;
				GCC_WARN_UNUSED_VARIABLE = YES;
				MACOSX_DEPLOYMENT_TARGET = 10.10;
				MTL_ENABLE_DEBUG_INFO = YES;
				ONLY_ACTIVE_ARCH = YES;
				SDKROOT = macosx;
				SWIFT_OPTIMIZATION_LEVEL = "-Onone";
			};
			name = Debug;
		};
		4CE0CA451A803F2600BE030C /* Release */ = {
			isa = XCBuildConfiguration;
			buildSettings = {
				ALWAYS_SEARCH_USER_PATHS = NO;
				CLANG_CXX_LANGUAGE_STANDARD = "gnu++0x";
				CLANG_CXX_LIBRARY = "libc++";
				CLANG_ENABLE_MODULES = YES;
				CLANG_ENABLE_OBJC_ARC = YES;
				CLANG_WARN_BOOL_CONVERSION = YES;
				CLANG_WARN_CONSTANT_CONVERSION = YES;
				CLANG_WARN_DIRECT_OBJC_ISA_USAGE = YES_ERROR;
				CLANG_WARN_EMPTY_BODY = YES;
				CLANG_WARN_ENUM_CONVERSION = YES;
				CLANG_WARN_INT_CONVERSION = YES;
				CLANG_WARN_OBJC_ROOT_CLASS = YES_ERROR;
				CLANG_WARN_UNREACHABLE_CODE = YES;
				CLANG_WARN__DUPLICATE_METHOD_MATCH = YES;
				COPY_PHASE_STRIP = YES;
				DEBUG_INFORMATION_FORMAT = "dwarf-with-dsym";
				ENABLE_NS_ASSERTIONS = NO;
				ENABLE_STRICT_OBJC_MSGSEND = YES;
				GCC_C_LANGUAGE_STANDARD = gnu99;
				GCC_WARN_64_TO_32_BIT_CONVERSION = YES;
				GCC_WARN_ABOUT_RETURN_TYPE = YES_ERROR;
				GCC_WARN_UNDECLARED_SELECTOR = YES;
				GCC_WARN_UNINITIALIZED_AUTOS = YES_AGGRESSIVE;
				GCC_WARN_UNUSED_FUNCTION = YES;
				GCC_WARN_UNUSED_VARIABLE = YES;
				MACOSX_DEPLOYMENT_TARGET = 10.10;
				MTL_ENABLE_DEBUG_INFO = NO;
				SDKROOT = macosx;
			};
			name = Release;
		};
/* End XCBuildConfiguration section */

/* Begin XCConfigurationList section */
		33051C4E1AE09F2A004978A1 /* Build configuration list for PBXNativeTarget "Snake_iOS" */ = {
			isa = XCConfigurationList;
			buildConfigurations = (
				33051C4F1AE09F2A004978A1 /* Debug */,
				33051C501AE09F2A004978A1 /* Release */,
			);
			defaultConfigurationIsVisible = 0;
			defaultConfigurationName = Release;
		};
		3319648D1ADCC23A00AF6CD5 /* Build configuration list for PBXNativeTarget "Snake_OSX_Tests" */ = {
			isa = XCConfigurationList;
			buildConfigurations = (
				3319648E1ADCC23A00AF6CD5 /* Debug */,
				3319648F1ADCC23A00AF6CD5 /* Release */,
			);
			defaultConfigurationIsVisible = 0;
			defaultConfigurationName = Release;
		};
		3337BF741AD89BC800AD9CB7 /* Build configuration list for PBXNativeTarget "Snake_Tests" */ = {
			isa = XCConfigurationList;
			buildConfigurations = (
				3337BF751AD89BC800AD9CB7 /* Debug */,
				3337BF761AD89BC800AD9CB7 /* Release */,
			);
			defaultConfigurationIsVisible = 0;
			defaultConfigurationName = Release;
		};
		3337BFE41AD8A07900AD9CB7 /* Build configuration list for PBXNativeTarget "Snake_OSX" */ = {
			isa = XCConfigurationList;
			buildConfigurations = (
				3337BFE51AD8A07900AD9CB7 /* Debug */,
				3337BFE61AD8A07900AD9CB7 /* Release */,
			);
			defaultConfigurationIsVisible = 0;
			defaultConfigurationName = Release;
		};
		4CE0CA3A1A803F2600BE030C /* Build configuration list for PBXProject "SnakeSwift" */ = {
			isa = XCConfigurationList;
			buildConfigurations = (
				4CE0CA441A803F2600BE030C /* Debug */,
				4CE0CA451A803F2600BE030C /* Release */,
			);
			defaultConfigurationIsVisible = 0;
			defaultConfigurationName = Release;
		};
/* End XCConfigurationList section */
	};
	rootObject = 4CE0CA371A803F2600BE030C /* Project object */;
}
