// !$*UTF8*$!
{
	archiveVersion = 1;
	classes = {
	};
	objectVersion = 46;
	objects = {

/* Begin PBXBuildFile section */
		33301F461B1CEE1A00CC2694 /* StageElementVector.swift in Sources */ = {isa = PBXBuildFile; fileRef = 33301F451B1CEE1A00CC2694 /* StageElementVector.swift */; };
		333CB7AB1B1826010070B622 /* Main.storyboard in Resources */ = {isa = PBXBuildFile; fileRef = 333CB7A91B1826010070B622 /* Main.storyboard */; };
		3344CFD61B1D75AB00909DB7 /* StageElementVector.swift in Sources */ = {isa = PBXBuildFile; fileRef = 33301F451B1CEE1A00CC2694 /* StageElementVector.swift */; };
		334FC0BD1B178484005487F4 /* AppDelegate.swift in Sources */ = {isa = PBXBuildFile; fileRef = 334FC0BC1B178484005487F4 /* AppDelegate.swift */; };
		334FC0BF1B178484005487F4 /* Images.xcassets in Resources */ = {isa = PBXBuildFile; fileRef = 334FC0BE1B178484005487F4 /* Images.xcassets */; };
		334FC0CE1B178484005487F4 /* Game_OSXTests.swift in Sources */ = {isa = PBXBuildFile; fileRef = 334FC0CD1B178484005487F4 /* Game_OSXTests.swift */; };
		334FC0E01B17857A005487F4 /* OSX_GameLobbyViewController.swift in Sources */ = {isa = PBXBuildFile; fileRef = 334FC0D91B17857A005487F4 /* OSX_GameLobbyViewController.swift */; };
		334FC0E11B17857A005487F4 /* OSX_GameLobbyViewController.swift in Sources */ = {isa = PBXBuildFile; fileRef = 334FC0D91B17857A005487F4 /* OSX_GameLobbyViewController.swift */; };
		334FC0E21B17857A005487F4 /* OSX_GameLobbyViewController.xib in Resources */ = {isa = PBXBuildFile; fileRef = 334FC0DA1B17857A005487F4 /* OSX_GameLobbyViewController.xib */; };
		334FC0E31B17857A005487F4 /* OSX_GameLobbyViewController.xib in Resources */ = {isa = PBXBuildFile; fileRef = 334FC0DA1B17857A005487F4 /* OSX_GameLobbyViewController.xib */; };
		334FC0E41B17857A005487F4 /* OSX_MainWindowController.swift in Sources */ = {isa = PBXBuildFile; fileRef = 334FC0DB1B17857A005487F4 /* OSX_MainWindowController.swift */; };
		334FC0E51B17857A005487F4 /* OSX_MainWindowController.swift in Sources */ = {isa = PBXBuildFile; fileRef = 334FC0DB1B17857A005487F4 /* OSX_MainWindowController.swift */; };
		334FC0E61B17857A005487F4 /* OSX_MainWindowController.xib in Resources */ = {isa = PBXBuildFile; fileRef = 334FC0DC1B17857A005487F4 /* OSX_MainWindowController.xib */; };
		334FC0E71B17857A005487F4 /* OSX_MainWindowController.xib in Resources */ = {isa = PBXBuildFile; fileRef = 334FC0DC1B17857A005487F4 /* OSX_MainWindowController.xib */; };
		334FC0E81B17857A005487F4 /* OSX_GameViewController.swift in Sources */ = {isa = PBXBuildFile; fileRef = 334FC0DD1B17857A005487F4 /* OSX_GameViewController.swift */; };
		334FC0E91B17857A005487F4 /* OSX_GameViewController.swift in Sources */ = {isa = PBXBuildFile; fileRef = 334FC0DD1B17857A005487F4 /* OSX_GameViewController.swift */; };
		334FC0EA1B17857A005487F4 /* OSX_GameViewController.xib in Resources */ = {isa = PBXBuildFile; fileRef = 334FC0DE1B17857A005487F4 /* OSX_GameViewController.xib */; };
		334FC0EB1B17857A005487F4 /* OSX_GameViewController.xib in Resources */ = {isa = PBXBuildFile; fileRef = 334FC0DE1B17857A005487F4 /* OSX_GameViewController.xib */; };
		334FC0EC1B17857A005487F4 /* OSX_WindowController.swift in Sources */ = {isa = PBXBuildFile; fileRef = 334FC0DF1B17857A005487F4 /* OSX_WindowController.swift */; };
		334FC0ED1B17857A005487F4 /* OSX_WindowController.swift in Sources */ = {isa = PBXBuildFile; fileRef = 334FC0DF1B17857A005487F4 /* OSX_WindowController.swift */; };
		334FC0F61B1788BE005487F4 /* OSX_TargetView.swift in Sources */ = {isa = PBXBuildFile; fileRef = 334FC0EF1B1788BE005487F4 /* OSX_TargetView.swift */; };
		334FC0F71B1788BE005487F4 /* OSX_TargetView.swift in Sources */ = {isa = PBXBuildFile; fileRef = 334FC0EF1B1788BE005487F4 /* OSX_TargetView.swift */; };
		334FC0F81B1788BE005487F4 /* OSX_ObstacleView.swift in Sources */ = {isa = PBXBuildFile; fileRef = 334FC0F01B1788BE005487F4 /* OSX_ObstacleView.swift */; };
		334FC0F91B1788BE005487F4 /* OSX_ObstacleView.swift in Sources */ = {isa = PBXBuildFile; fileRef = 334FC0F01B1788BE005487F4 /* OSX_ObstacleView.swift */; };
		334FC0FA1B1788BE005487F4 /* OSX_PlayerView.swift in Sources */ = {isa = PBXBuildFile; fileRef = 334FC0F11B1788BE005487F4 /* OSX_PlayerView.swift */; };
		334FC0FB1B1788BE005487F4 /* OSX_PlayerView.swift in Sources */ = {isa = PBXBuildFile; fileRef = 334FC0F11B1788BE005487F4 /* OSX_PlayerView.swift */; };
		334FC0FC1B1788BE005487F4 /* OSX_StageElementViewFactory.swift in Sources */ = {isa = PBXBuildFile; fileRef = 334FC0F21B1788BE005487F4 /* OSX_StageElementViewFactory.swift */; };
		334FC0FD1B1788BE005487F4 /* OSX_StageElementViewFactory.swift in Sources */ = {isa = PBXBuildFile; fileRef = 334FC0F21B1788BE005487F4 /* OSX_StageElementViewFactory.swift */; };
		334FC0FE1B1788BE005487F4 /* OSX_StageView.swift in Sources */ = {isa = PBXBuildFile; fileRef = 334FC0F31B1788BE005487F4 /* OSX_StageView.swift */; };
		334FC0FF1B1788BE005487F4 /* OSX_StageView.swift in Sources */ = {isa = PBXBuildFile; fileRef = 334FC0F31B1788BE005487F4 /* OSX_StageView.swift */; };
		334FC1001B1788BE005487F4 /* OSX_StageViewTransform.swift in Sources */ = {isa = PBXBuildFile; fileRef = 334FC0F41B1788BE005487F4 /* OSX_StageViewTransform.swift */; };
		334FC1011B1788BE005487F4 /* OSX_StageViewTransform.swift in Sources */ = {isa = PBXBuildFile; fileRef = 334FC0F41B1788BE005487F4 /* OSX_StageViewTransform.swift */; };
		334FC1021B1788BE005487F4 /* OSX_WindowResizer.swift in Sources */ = {isa = PBXBuildFile; fileRef = 334FC0F51B1788BE005487F4 /* OSX_WindowResizer.swift */; };
		334FC1031B1788BE005487F4 /* OSX_WindowResizer.swift in Sources */ = {isa = PBXBuildFile; fileRef = 334FC0F51B1788BE005487F4 /* OSX_WindowResizer.swift */; };
		33644F671B16F2E50008BC94 /* AppDelegate.swift in Sources */ = {isa = PBXBuildFile; fileRef = 33644F661B16F2E50008BC94 /* AppDelegate.swift */; };
		33644F6C1B16F2E50008BC94 /* Main.storyboard in Resources */ = {isa = PBXBuildFile; fileRef = 33644F6A1B16F2E50008BC94 /* Main.storyboard */; };
		33644F6E1B16F2E50008BC94 /* Images.xcassets in Resources */ = {isa = PBXBuildFile; fileRef = 33644F6D1B16F2E50008BC94 /* Images.xcassets */; };
		33644F711B16F2E50008BC94 /* LaunchScreen.xib in Resources */ = {isa = PBXBuildFile; fileRef = 33644F6F1B16F2E50008BC94 /* LaunchScreen.xib */; };
		33644F8B1B16F4130008BC94 /* iOS_GameLobbyViewController.swift in Sources */ = {isa = PBXBuildFile; fileRef = 33644F851B16F4130008BC94 /* iOS_GameLobbyViewController.swift */; };
		33644F8C1B16F4130008BC94 /* iOS_GameLobbyViewController.swift in Sources */ = {isa = PBXBuildFile; fileRef = 33644F851B16F4130008BC94 /* iOS_GameLobbyViewController.swift */; };
		33644F8D1B16F4130008BC94 /* iOS_GameLobbyViewController.xib in Resources */ = {isa = PBXBuildFile; fileRef = 33644F861B16F4130008BC94 /* iOS_GameLobbyViewController.xib */; };
		33644F8E1B16F4130008BC94 /* iOS_GameLobbyViewController.xib in Resources */ = {isa = PBXBuildFile; fileRef = 33644F861B16F4130008BC94 /* iOS_GameLobbyViewController.xib */; };
		33644F8F1B16F4130008BC94 /* iOS_MPCGameLobbyBrowsingController.swift in Sources */ = {isa = PBXBuildFile; fileRef = 33644F871B16F4130008BC94 /* iOS_MPCGameLobbyBrowsingController.swift */; };
		33644F901B16F4130008BC94 /* iOS_MPCGameLobbyBrowsingController.swift in Sources */ = {isa = PBXBuildFile; fileRef = 33644F871B16F4130008BC94 /* iOS_MPCGameLobbyBrowsingController.swift */; };
		33644F911B16F4130008BC94 /* iOS_GameViewController.swift in Sources */ = {isa = PBXBuildFile; fileRef = 33644F881B16F4130008BC94 /* iOS_GameViewController.swift */; };
		33644F921B16F4130008BC94 /* iOS_GameViewController.swift in Sources */ = {isa = PBXBuildFile; fileRef = 33644F881B16F4130008BC94 /* iOS_GameViewController.swift */; };
		33644F931B16F4130008BC94 /* iOS_GameViewController.xib in Resources */ = {isa = PBXBuildFile; fileRef = 33644F891B16F4130008BC94 /* iOS_GameViewController.xib */; };
		33644F941B16F4130008BC94 /* iOS_GameViewController.xib in Resources */ = {isa = PBXBuildFile; fileRef = 33644F891B16F4130008BC94 /* iOS_GameViewController.xib */; };
		33644F951B16F4130008BC94 /* iOS_StartMenuViewController.swift in Sources */ = {isa = PBXBuildFile; fileRef = 33644F8A1B16F4130008BC94 /* iOS_StartMenuViewController.swift */; };
		33644F961B16F4130008BC94 /* iOS_StartMenuViewController.swift in Sources */ = {isa = PBXBuildFile; fileRef = 33644F8A1B16F4130008BC94 /* iOS_StartMenuViewController.swift */; };
		33644F9F1B16F5E20008BC94 /* iOS_TargetView.swift in Sources */ = {isa = PBXBuildFile; fileRef = 33644F981B16F5E20008BC94 /* iOS_TargetView.swift */; };
		33644FA01B16F5E20008BC94 /* iOS_TargetView.swift in Sources */ = {isa = PBXBuildFile; fileRef = 33644F981B16F5E20008BC94 /* iOS_TargetView.swift */; };
		33644FA11B16F5E20008BC94 /* iOS_ObstacleView.swift in Sources */ = {isa = PBXBuildFile; fileRef = 33644F991B16F5E20008BC94 /* iOS_ObstacleView.swift */; };
		33644FA21B16F5E20008BC94 /* iOS_ObstacleView.swift in Sources */ = {isa = PBXBuildFile; fileRef = 33644F991B16F5E20008BC94 /* iOS_ObstacleView.swift */; };
		33644FA31B16F5E20008BC94 /* iOS_PeerInvite.swift in Sources */ = {isa = PBXBuildFile; fileRef = 33644F9A1B16F5E20008BC94 /* iOS_PeerInvite.swift */; };
		33644FA41B16F5E20008BC94 /* iOS_PeerInvite.swift in Sources */ = {isa = PBXBuildFile; fileRef = 33644F9A1B16F5E20008BC94 /* iOS_PeerInvite.swift */; };
		33644FA51B16F5E20008BC94 /* iOS_PlayerView.swift in Sources */ = {isa = PBXBuildFile; fileRef = 33644F9B1B16F5E20008BC94 /* iOS_PlayerView.swift */; };
		33644FA61B16F5E20008BC94 /* iOS_PlayerView.swift in Sources */ = {isa = PBXBuildFile; fileRef = 33644F9B1B16F5E20008BC94 /* iOS_PlayerView.swift */; };
		33644FA71B16F5E20008BC94 /* iOS_StageElementViewFactory.swift in Sources */ = {isa = PBXBuildFile; fileRef = 33644F9C1B16F5E20008BC94 /* iOS_StageElementViewFactory.swift */; };
		33644FA81B16F5E20008BC94 /* iOS_StageElementViewFactory.swift in Sources */ = {isa = PBXBuildFile; fileRef = 33644F9C1B16F5E20008BC94 /* iOS_StageElementViewFactory.swift */; };
		33644FA91B16F5E20008BC94 /* iOS_StageView.swift in Sources */ = {isa = PBXBuildFile; fileRef = 33644F9D1B16F5E20008BC94 /* iOS_StageView.swift */; };
		33644FAA1B16F5E20008BC94 /* iOS_StageView.swift in Sources */ = {isa = PBXBuildFile; fileRef = 33644F9D1B16F5E20008BC94 /* iOS_StageView.swift */; };
		33644FAB1B16F5E20008BC94 /* iOS_StageViewTransform.swift in Sources */ = {isa = PBXBuildFile; fileRef = 33644F9E1B16F5E20008BC94 /* iOS_StageViewTransform.swift */; };
		33644FAC1B16F5E20008BC94 /* iOS_StageViewTransform.swift in Sources */ = {isa = PBXBuildFile; fileRef = 33644F9E1B16F5E20008BC94 /* iOS_StageViewTransform.swift */; };
		338F47251B184FC700394621 /* MPCControllerMock.swift in Sources */ = {isa = PBXBuildFile; fileRef = 338F47241B184FC700394621 /* MPCControllerMock.swift */; };
		338F47271B1852D800394621 /* MPCControllerTests.swift in Sources */ = {isa = PBXBuildFile; fileRef = 338F47261B1852D800394621 /* MPCControllerTests.swift */; };
		33902CA91B18349F005C5238 /* GameCommon.framework in Frameworks */ = {isa = PBXBuildFile; fileRef = 33902C9E1B18349F005C5238 /* GameCommon.framework */; };
		33902CB91B1834FF005C5238 /* GameCommon.framework in Frameworks */ = {isa = PBXBuildFile; fileRef = 33902C9E1B18349F005C5238 /* GameCommon.framework */; };
		33902CBC1B18350A005C5238 /* GameCommon.framework in Frameworks */ = {isa = PBXBuildFile; fileRef = 33902C9E1B18349F005C5238 /* GameCommon.framework */; };
		33902CBD1B18353B005C5238 /* KeyboardControlBindings.swift in Sources */ = {isa = PBXBuildFile; fileRef = 339EEBD81B166A1C00499A5C /* KeyboardControlBindings.swift */; };
		33902CBE1B18353B005C5238 /* MenuOptions.swift in Sources */ = {isa = PBXBuildFile; fileRef = 339EEBD91B166A1C00499A5C /* MenuOptions.swift */; };
		33902CBF1B18353B005C5238 /* MultiplayerGameController.swift in Sources */ = {isa = PBXBuildFile; fileRef = 339EEBDA1B166A1C00499A5C /* MultiplayerGameController.swift */; };
		33902CC01B18353B005C5238 /* MultiplayerGameStatus.swift in Sources */ = {isa = PBXBuildFile; fileRef = 339EEBDB1B166A1C00499A5C /* MultiplayerGameStatus.swift */; };
		33902CC21B18353B005C5238 /* SinglePlayerGameController.swift in Sources */ = {isa = PBXBuildFile; fileRef = 339EEBDF1B166A1C00499A5C /* SinglePlayerGameController.swift */; };
		33902CC31B18353B005C5238 /* PlayerController.swift in Sources */ = {isa = PBXBuildFile; fileRef = 339EEBE01B166A1C00499A5C /* PlayerController.swift */; };
		33902CC41B18353B005C5238 /* GameController.swift in Sources */ = {isa = PBXBuildFile; fileRef = 339EEBE11B166A1C00499A5C /* GameController.swift */; };
		33902CC51B18353B005C5238 /* ConcreteStageElementViewFactory.swift in Sources */ = {isa = PBXBuildFile; fileRef = 339EEBC81B1669C300499A5C /* ConcreteStageElementViewFactory.swift */; };
		33902CC61B18353B005C5238 /* DebuggerConsoleView.swift in Sources */ = {isa = PBXBuildFile; fileRef = 339EEBC91B1669C300499A5C /* DebuggerConsoleView.swift */; };
		33902CC71B18353B005C5238 /* StageElementView.swift in Sources */ = {isa = PBXBuildFile; fileRef = 339EEBCA1B1669C300499A5C /* StageElementView.swift */; };
		33902CC81B18353B005C5238 /* StageViewCache.swift in Sources */ = {isa = PBXBuildFile; fileRef = 339EEBCB1B1669C300499A5C /* StageViewCache.swift */; };
		33902CC91B18353B005C5238 /* StageViewTransform.swift in Sources */ = {isa = PBXBuildFile; fileRef = 339EEBCC1B1669C300499A5C /* StageViewTransform.swift */; };
		33902CCA1B18353B005C5238 /* Target.swift in Sources */ = {isa = PBXBuildFile; fileRef = 339EEB891B1648FE00499A5C /* Target.swift */; };
		33902CCB1B18353B005C5238 /* TargetConfiguration.swift in Sources */ = {isa = PBXBuildFile; fileRef = 339EEB8A1B1648FE00499A5C /* TargetConfiguration.swift */; };
		33902CCC1B18353B005C5238 /* Direction.swift in Sources */ = {isa = PBXBuildFile; fileRef = 339EEB8E1B1648FE00499A5C /* Direction.swift */; };
		33902CCD1B18353B005C5238 /* Obstacle.swift in Sources */ = {isa = PBXBuildFile; fileRef = 339EEB8F1B1648FE00499A5C /* Obstacle.swift */; };
		33902CCE1B18353B005C5238 /* Player.swift in Sources */ = {isa = PBXBuildFile; fileRef = 339EEB901B1648FE00499A5C /* Player.swift */; };
		33902CCF1B18353B005C5238 /* PlayerConfiguration.swift in Sources */ = {isa = PBXBuildFile; fileRef = 339EEB911B1648FE00499A5C /* PlayerConfiguration.swift */; };
		33902CD01B18353B005C5238 /* PlayerConfigurationGenerator.swift in Sources */ = {isa = PBXBuildFile; fileRef = 339EEB921B1648FE00499A5C /* PlayerConfigurationGenerator.swift */; };
		33902CD11B18353B005C5238 /* StageElement.swift in Sources */ = {isa = PBXBuildFile; fileRef = 339EEB961B1648FE00499A5C /* StageElement.swift */; };
		33902CD21B18353B005C5238 /* StageElementDirectable.swift in Sources */ = {isa = PBXBuildFile; fileRef = 339EEB971B1648FE00499A5C /* StageElementDirectable.swift */; };
		33902CD31B18353B005C5238 /* StageLocatable.swift in Sources */ = {isa = PBXBuildFile; fileRef = 339EEB981B1648FE00499A5C /* StageLocatable.swift */; };
		33902CD41B18353B005C5238 /* Tunnel.swift in Sources */ = {isa = PBXBuildFile; fileRef = 339EEB991B1648FE00499A5C /* Tunnel.swift */; };
		33902CD51B18353B005C5238 /* Stage.swift in Sources */ = {isa = PBXBuildFile; fileRef = 339EEB761B16443E00499A5C /* Stage.swift */; };
		33902CD61B18353B005C5238 /* StageConfigurator.swift in Sources */ = {isa = PBXBuildFile; fileRef = 339EEB771B16443E00499A5C /* StageConfigurator.swift */; };
		33902CD71B18353B005C5238 /* StageConfiguratorLevel1.swift in Sources */ = {isa = PBXBuildFile; fileRef = 339EEB781B16443E00499A5C /* StageConfiguratorLevel1.swift */; };
		33902CD81B18353B005C5238 /* StageLocation.swift in Sources */ = {isa = PBXBuildFile; fileRef = 339EEB791B16443E00499A5C /* StageLocation.swift */; };
		33902CD91B18353B005C5238 /* StageLocationSerializable.swift in Sources */ = {isa = PBXBuildFile; fileRef = 339EEB7A1B16443E00499A5C /* StageLocationSerializable.swift */; };
		33902CDA1B18353B005C5238 /* StageSize.swift in Sources */ = {isa = PBXBuildFile; fileRef = 339EEB7B1B16443E00499A5C /* StageSize.swift */; };
		33902CDB1B18353B005C5238 /* MPCController.swift in Sources */ = {isa = PBXBuildFile; fileRef = 339EEB6C1B163CDB00499A5C /* MPCController.swift */; };
		33902CDC1B18353B005C5238 /* MPCMessage.swift in Sources */ = {isa = PBXBuildFile; fileRef = 339EEB6D1B163CDB00499A5C /* MPCMessage.swift */; };
		33902CDD1B18353B005C5238 /* MPCPeerController.swift in Sources */ = {isa = PBXBuildFile; fileRef = 339EEB6E1B163CDB00499A5C /* MPCPeerController.swift */; };
		33902CDE1B18353B005C5238 /* TimerFactory.swift in Sources */ = {isa = PBXBuildFile; fileRef = 339EEBBE1B16685F00499A5C /* TimerFactory.swift */; };
		33902CDF1B18353B005C5238 /* Utils.swift in Sources */ = {isa = PBXBuildFile; fileRef = 339EEBBF1B16685F00499A5C /* Utils.swift */; };
		33902CE11B1835E2005C5238 /* GameCommon.h in Headers */ = {isa = PBXBuildFile; fileRef = 33902CE01B1835E2005C5238 /* GameCommon.h */; settings = {ATTRIBUTES = (Public, ); }; };
		33902CE21B1836BF005C5238 /* StageLocationTest.swift in Sources */ = {isa = PBXBuildFile; fileRef = 33644F521B16EDE60008BC94 /* StageLocationTest.swift */; };
		33902CE31B1836BF005C5238 /* StageSizeTest.swift in Sources */ = {isa = PBXBuildFile; fileRef = 33644F531B16EDE60008BC94 /* StageSizeTest.swift */; };
		33902CE41B1836BF005C5238 /* StageTests.swift in Sources */ = {isa = PBXBuildFile; fileRef = 33644F541B16EDE60008BC94 /* StageTests.swift */; };
		33902CE51B1836BF005C5238 /* TimerFactoryTests.swift in Sources */ = {isa = PBXBuildFile; fileRef = 33644F551B16EDE60008BC94 /* TimerFactoryTests.swift */; };
		33902CE61B1836BF005C5238 /* TunnelTest.swift in Sources */ = {isa = PBXBuildFile; fileRef = 33644F561B16EDE60008BC94 /* TunnelTest.swift */; };
		33902CE71B1836BF005C5238 /* UtilsTests.swift in Sources */ = {isa = PBXBuildFile; fileRef = 33644F571B16EDE60008BC94 /* UtilsTests.swift */; };
		33902CE81B1836BF005C5238 /* StageElementTests.swift in Sources */ = {isa = PBXBuildFile; fileRef = 33644F501B16EDBB0008BC94 /* StageElementTests.swift */; };
		33902CE91B1836BF005C5238 /* StageElementDirectableTests.swift in Sources */ = {isa = PBXBuildFile; fileRef = 33644F4E1B16ED980008BC94 /* StageElementDirectableTests.swift */; };
		33902CEA1B1836BF005C5238 /* StageConfiguratorTest.swift in Sources */ = {isa = PBXBuildFile; fileRef = 33644F4C1B16ED730008BC94 /* StageConfiguratorTest.swift */; };
		33902CEB1B1836BF005C5238 /* PlayerTests.swift in Sources */ = {isa = PBXBuildFile; fileRef = 33644F4A1B16EC710008BC94 /* PlayerTests.swift */; };
		33902CEC1B1836BF005C5238 /* PlayerControllerTests.swift in Sources */ = {isa = PBXBuildFile; fileRef = 33644F481B16EBC90008BC94 /* PlayerControllerTests.swift */; };
		33902CED1B1836BF005C5238 /* ObstacleTests.swift in Sources */ = {isa = PBXBuildFile; fileRef = 33644F441B16EAB40008BC94 /* ObstacleTests.swift */; };
		33902CEE1B1836BF005C5238 /* MultiplayerGameControllerTests.swift in Sources */ = {isa = PBXBuildFile; fileRef = 33644F421B16EA8E0008BC94 /* MultiplayerGameControllerTests.swift */; };
		33902CEF1B1836BF005C5238 /* MPCPeerControllerTests.swift in Sources */ = {isa = PBXBuildFile; fileRef = 33644F401B16EA500008BC94 /* MPCPeerControllerTests.swift */; };
		33902CF01B1836BF005C5238 /* MPCMessageTests.swift in Sources */ = {isa = PBXBuildFile; fileRef = 33644F3E1B16E8FC0008BC94 /* MPCMessageTests.swift */; };
		33902CF11B1836BF005C5238 /* KeyboardControlBindingsTests.swift in Sources */ = {isa = PBXBuildFile; fileRef = 33644F3C1B16E8C10008BC94 /* KeyboardControlBindingsTests.swift */; };
		33902CF21B1836BF005C5238 /* DirectionTests.swift in Sources */ = {isa = PBXBuildFile; fileRef = 33644F3A1B16E82E0008BC94 /* DirectionTests.swift */; };
		33902CF31B1836BF005C5238 /* DebuggerConsoleViewTests.swift in Sources */ = {isa = PBXBuildFile; fileRef = 33644F381B16E6F10008BC94 /* DebuggerConsoleViewTests.swift */; };
		33902CF41B1836BF005C5238 /* TargetTests.swift in Sources */ = {isa = PBXBuildFile; fileRef = 33644F361B16D2220008BC94 /* TargetTests.swift */; };
		33902CF51B1836BF005C5238 /* TargetMock.swift in Sources */ = {isa = PBXBuildFile; fileRef = 33644F301B16D1070008BC94 /* TargetMock.swift */; };
		33902CF61B1836BF005C5238 /* MultiplayerGameControllerMock.swift in Sources */ = {isa = PBXBuildFile; fileRef = 33644F311B16D1070008BC94 /* MultiplayerGameControllerMock.swift */; };
		33902CF71B1836BF005C5238 /* PlayerMock.swift in Sources */ = {isa = PBXBuildFile; fileRef = 33644F321B16D1070008BC94 /* PlayerMock.swift */; };
		33902CF81B18370D005C5238 /* KeyboardControlBindings.swift in Sources */ = {isa = PBXBuildFile; fileRef = 339EEBD81B166A1C00499A5C /* KeyboardControlBindings.swift */; };
		33902CF91B18370D005C5238 /* MenuOptions.swift in Sources */ = {isa = PBXBuildFile; fileRef = 339EEBD91B166A1C00499A5C /* MenuOptions.swift */; };
		33902CFA1B18370D005C5238 /* MultiplayerGameController.swift in Sources */ = {isa = PBXBuildFile; fileRef = 339EEBDA1B166A1C00499A5C /* MultiplayerGameController.swift */; };
		33902CFB1B18370D005C5238 /* MultiplayerGameStatus.swift in Sources */ = {isa = PBXBuildFile; fileRef = 339EEBDB1B166A1C00499A5C /* MultiplayerGameStatus.swift */; };
		33902CFD1B18370D005C5238 /* SinglePlayerGameController.swift in Sources */ = {isa = PBXBuildFile; fileRef = 339EEBDF1B166A1C00499A5C /* SinglePlayerGameController.swift */; };
		33902CFE1B18370D005C5238 /* PlayerController.swift in Sources */ = {isa = PBXBuildFile; fileRef = 339EEBE01B166A1C00499A5C /* PlayerController.swift */; };
		33902CFF1B18370D005C5238 /* GameController.swift in Sources */ = {isa = PBXBuildFile; fileRef = 339EEBE11B166A1C00499A5C /* GameController.swift */; };
		33902D001B18370D005C5238 /* ConcreteStageElementViewFactory.swift in Sources */ = {isa = PBXBuildFile; fileRef = 339EEBC81B1669C300499A5C /* ConcreteStageElementViewFactory.swift */; };
		33902D011B18370D005C5238 /* DebuggerConsoleView.swift in Sources */ = {isa = PBXBuildFile; fileRef = 339EEBC91B1669C300499A5C /* DebuggerConsoleView.swift */; };
		33902D021B18370D005C5238 /* StageElementView.swift in Sources */ = {isa = PBXBuildFile; fileRef = 339EEBCA1B1669C300499A5C /* StageElementView.swift */; };
		33902D031B18370D005C5238 /* StageViewCache.swift in Sources */ = {isa = PBXBuildFile; fileRef = 339EEBCB1B1669C300499A5C /* StageViewCache.swift */; };
		33902D041B18370D005C5238 /* StageViewTransform.swift in Sources */ = {isa = PBXBuildFile; fileRef = 339EEBCC1B1669C300499A5C /* StageViewTransform.swift */; };
		33902D051B18370D005C5238 /* Target.swift in Sources */ = {isa = PBXBuildFile; fileRef = 339EEB891B1648FE00499A5C /* Target.swift */; };
		33902D061B18370D005C5238 /* TargetConfiguration.swift in Sources */ = {isa = PBXBuildFile; fileRef = 339EEB8A1B1648FE00499A5C /* TargetConfiguration.swift */; };
		33902D071B18370D005C5238 /* Direction.swift in Sources */ = {isa = PBXBuildFile; fileRef = 339EEB8E1B1648FE00499A5C /* Direction.swift */; };
		33902D081B18370D005C5238 /* Obstacle.swift in Sources */ = {isa = PBXBuildFile; fileRef = 339EEB8F1B1648FE00499A5C /* Obstacle.swift */; };
		33902D091B18370D005C5238 /* Player.swift in Sources */ = {isa = PBXBuildFile; fileRef = 339EEB901B1648FE00499A5C /* Player.swift */; };
		33902D0A1B18370D005C5238 /* PlayerConfiguration.swift in Sources */ = {isa = PBXBuildFile; fileRef = 339EEB911B1648FE00499A5C /* PlayerConfiguration.swift */; };
		33902D0B1B18370D005C5238 /* PlayerConfigurationGenerator.swift in Sources */ = {isa = PBXBuildFile; fileRef = 339EEB921B1648FE00499A5C /* PlayerConfigurationGenerator.swift */; };
		33902D0C1B18370D005C5238 /* StageElement.swift in Sources */ = {isa = PBXBuildFile; fileRef = 339EEB961B1648FE00499A5C /* StageElement.swift */; };
		33902D0D1B18370D005C5238 /* StageElementDirectable.swift in Sources */ = {isa = PBXBuildFile; fileRef = 339EEB971B1648FE00499A5C /* StageElementDirectable.swift */; };
		33902D0E1B18370D005C5238 /* StageLocatable.swift in Sources */ = {isa = PBXBuildFile; fileRef = 339EEB981B1648FE00499A5C /* StageLocatable.swift */; };
		33902D0F1B18370D005C5238 /* Tunnel.swift in Sources */ = {isa = PBXBuildFile; fileRef = 339EEB991B1648FE00499A5C /* Tunnel.swift */; };
		33902D101B18370D005C5238 /* Stage.swift in Sources */ = {isa = PBXBuildFile; fileRef = 339EEB761B16443E00499A5C /* Stage.swift */; };
		33902D111B18370D005C5238 /* StageConfigurator.swift in Sources */ = {isa = PBXBuildFile; fileRef = 339EEB771B16443E00499A5C /* StageConfigurator.swift */; };
		33902D121B18370D005C5238 /* StageConfiguratorLevel1.swift in Sources */ = {isa = PBXBuildFile; fileRef = 339EEB781B16443E00499A5C /* StageConfiguratorLevel1.swift */; };
		33902D131B18370D005C5238 /* StageLocation.swift in Sources */ = {isa = PBXBuildFile; fileRef = 339EEB791B16443E00499A5C /* StageLocation.swift */; };
		33902D141B18370D005C5238 /* StageLocationSerializable.swift in Sources */ = {isa = PBXBuildFile; fileRef = 339EEB7A1B16443E00499A5C /* StageLocationSerializable.swift */; };
		33902D151B18370D005C5238 /* StageSize.swift in Sources */ = {isa = PBXBuildFile; fileRef = 339EEB7B1B16443E00499A5C /* StageSize.swift */; };
		33902D161B18370D005C5238 /* MPCController.swift in Sources */ = {isa = PBXBuildFile; fileRef = 339EEB6C1B163CDB00499A5C /* MPCController.swift */; };
		33902D171B18370D005C5238 /* MPCMessage.swift in Sources */ = {isa = PBXBuildFile; fileRef = 339EEB6D1B163CDB00499A5C /* MPCMessage.swift */; };
		33902D181B18370D005C5238 /* MPCPeerController.swift in Sources */ = {isa = PBXBuildFile; fileRef = 339EEB6E1B163CDB00499A5C /* MPCPeerController.swift */; };
		33902D191B18370D005C5238 /* TimerFactory.swift in Sources */ = {isa = PBXBuildFile; fileRef = 339EEBBE1B16685F00499A5C /* TimerFactory.swift */; };
		33902D1A1B18370D005C5238 /* Utils.swift in Sources */ = {isa = PBXBuildFile; fileRef = 339EEBBF1B16685F00499A5C /* Utils.swift */; };
/* End PBXBuildFile section */

/* Begin PBXContainerItemProxy section */
		334FC0C81B178484005487F4 /* PBXContainerItemProxy */ = {
			isa = PBXContainerItemProxy;
			containerPortal = 339EEB201B1636DC00499A5C /* Project object */;
			proxyType = 1;
			remoteGlobalIDString = 334FC0B71B178484005487F4;
			remoteInfo = Game_OSX;
		};
		33644F771B16F2E50008BC94 /* PBXContainerItemProxy */ = {
			isa = PBXContainerItemProxy;
			containerPortal = 339EEB201B1636DC00499A5C /* Project object */;
			proxyType = 1;
			remoteGlobalIDString = 33644F611B16F2E50008BC94;
			remoteInfo = Game_iOS;
		};
		33902CAA1B18349F005C5238 /* PBXContainerItemProxy */ = {
			isa = PBXContainerItemProxy;
			containerPortal = 339EEB201B1636DC00499A5C /* Project object */;
			proxyType = 1;
			remoteGlobalIDString = 33902C9D1B18349F005C5238;
			remoteInfo = GameCommon;
		};
		33902CB71B1834FA005C5238 /* PBXContainerItemProxy */ = {
			isa = PBXContainerItemProxy;
			containerPortal = 339EEB201B1636DC00499A5C /* Project object */;
			proxyType = 1;
			remoteGlobalIDString = 33902C9D1B18349F005C5238;
			remoteInfo = GameCommon;
		};
		33902CBA1B183506005C5238 /* PBXContainerItemProxy */ = {
			isa = PBXContainerItemProxy;
			containerPortal = 339EEB201B1636DC00499A5C /* Project object */;
			proxyType = 1;
			remoteGlobalIDString = 33902C9D1B18349F005C5238;
			remoteInfo = GameCommon;
		};
/* End PBXContainerItemProxy section */

/* Begin PBXFileReference section */
		33301F451B1CEE1A00CC2694 /* StageElementVector.swift */ = {isa = PBXFileReference; fileEncoding = 4; lastKnownFileType = sourcecode.swift; path = StageElementVector.swift; sourceTree = "<group>"; };
		333CB7AA1B1826010070B622 /* Base */ = {isa = PBXFileReference; lastKnownFileType = file.storyboard; name = Base; path = Base.lproj/Main.storyboard; sourceTree = "<group>"; };
		334FC0B81B178484005487F4 /* Game_OSX.app */ = {isa = PBXFileReference; explicitFileType = wrapper.application; includeInIndex = 0; path = Game_OSX.app; sourceTree = BUILT_PRODUCTS_DIR; };
		334FC0BB1B178484005487F4 /* Info.plist */ = {isa = PBXFileReference; lastKnownFileType = text.plist.xml; path = Info.plist; sourceTree = "<group>"; };
		334FC0BC1B178484005487F4 /* AppDelegate.swift */ = {isa = PBXFileReference; lastKnownFileType = sourcecode.swift; path = AppDelegate.swift; sourceTree = "<group>"; };
		334FC0BE1B178484005487F4 /* Images.xcassets */ = {isa = PBXFileReference; lastKnownFileType = folder.assetcatalog; path = Images.xcassets; sourceTree = "<group>"; };
		334FC0C71B178484005487F4 /* Game_OSXTests.xctest */ = {isa = PBXFileReference; explicitFileType = wrapper.cfbundle; includeInIndex = 0; path = Game_OSXTests.xctest; sourceTree = BUILT_PRODUCTS_DIR; };
		334FC0CC1B178484005487F4 /* Info.plist */ = {isa = PBXFileReference; lastKnownFileType = text.plist.xml; path = Info.plist; sourceTree = "<group>"; };
		334FC0CD1B178484005487F4 /* Game_OSXTests.swift */ = {isa = PBXFileReference; lastKnownFileType = sourcecode.swift; path = Game_OSXTests.swift; sourceTree = "<group>"; };
		334FC0D91B17857A005487F4 /* OSX_GameLobbyViewController.swift */ = {isa = PBXFileReference; fileEncoding = 4; lastKnownFileType = sourcecode.swift; name = OSX_GameLobbyViewController.swift; path = Controller/OSX_GameLobbyViewController.swift; sourceTree = "<group>"; };
		334FC0DA1B17857A005487F4 /* OSX_GameLobbyViewController.xib */ = {isa = PBXFileReference; fileEncoding = 4; lastKnownFileType = file.xib; name = OSX_GameLobbyViewController.xib; path = Controller/OSX_GameLobbyViewController.xib; sourceTree = "<group>"; };
		334FC0DB1B17857A005487F4 /* OSX_MainWindowController.swift */ = {isa = PBXFileReference; fileEncoding = 4; lastKnownFileType = sourcecode.swift; name = OSX_MainWindowController.swift; path = Controller/OSX_MainWindowController.swift; sourceTree = "<group>"; };
		334FC0DC1B17857A005487F4 /* OSX_MainWindowController.xib */ = {isa = PBXFileReference; fileEncoding = 4; lastKnownFileType = file.xib; name = OSX_MainWindowController.xib; path = Controller/OSX_MainWindowController.xib; sourceTree = "<group>"; };
		334FC0DD1B17857A005487F4 /* OSX_GameViewController.swift */ = {isa = PBXFileReference; fileEncoding = 4; lastKnownFileType = sourcecode.swift; name = OSX_GameViewController.swift; path = Controller/OSX_GameViewController.swift; sourceTree = "<group>"; };
		334FC0DE1B17857A005487F4 /* OSX_GameViewController.xib */ = {isa = PBXFileReference; fileEncoding = 4; lastKnownFileType = file.xib; name = OSX_GameViewController.xib; path = Controller/OSX_GameViewController.xib; sourceTree = "<group>"; };
		334FC0DF1B17857A005487F4 /* OSX_WindowController.swift */ = {isa = PBXFileReference; fileEncoding = 4; lastKnownFileType = sourcecode.swift; name = OSX_WindowController.swift; path = Controller/OSX_WindowController.swift; sourceTree = "<group>"; };
		334FC0EF1B1788BE005487F4 /* OSX_TargetView.swift */ = {isa = PBXFileReference; fileEncoding = 4; lastKnownFileType = sourcecode.swift; name = OSX_TargetView.swift; path = View/OSX_TargetView.swift; sourceTree = "<group>"; };
		334FC0F01B1788BE005487F4 /* OSX_ObstacleView.swift */ = {isa = PBXFileReference; fileEncoding = 4; lastKnownFileType = sourcecode.swift; name = OSX_ObstacleView.swift; path = View/OSX_ObstacleView.swift; sourceTree = "<group>"; };
		334FC0F11B1788BE005487F4 /* OSX_PlayerView.swift */ = {isa = PBXFileReference; fileEncoding = 4; lastKnownFileType = sourcecode.swift; name = OSX_PlayerView.swift; path = View/OSX_PlayerView.swift; sourceTree = "<group>"; };
		334FC0F21B1788BE005487F4 /* OSX_StageElementViewFactory.swift */ = {isa = PBXFileReference; fileEncoding = 4; lastKnownFileType = sourcecode.swift; name = OSX_StageElementViewFactory.swift; path = View/OSX_StageElementViewFactory.swift; sourceTree = "<group>"; };
		334FC0F31B1788BE005487F4 /* OSX_StageView.swift */ = {isa = PBXFileReference; fileEncoding = 4; lastKnownFileType = sourcecode.swift; name = OSX_StageView.swift; path = View/OSX_StageView.swift; sourceTree = "<group>"; };
		334FC0F41B1788BE005487F4 /* OSX_StageViewTransform.swift */ = {isa = PBXFileReference; fileEncoding = 4; lastKnownFileType = sourcecode.swift; name = OSX_StageViewTransform.swift; path = View/OSX_StageViewTransform.swift; sourceTree = "<group>"; };
		334FC0F51B1788BE005487F4 /* OSX_WindowResizer.swift */ = {isa = PBXFileReference; fileEncoding = 4; lastKnownFileType = sourcecode.swift; name = OSX_WindowResizer.swift; path = View/OSX_WindowResizer.swift; sourceTree = "<group>"; };
		33644F301B16D1070008BC94 /* TargetMock.swift */ = {isa = PBXFileReference; fileEncoding = 4; lastKnownFileType = sourcecode.swift; name = TargetMock.swift; path = Mocks/TargetMock.swift; sourceTree = "<group>"; };
		33644F311B16D1070008BC94 /* MultiplayerGameControllerMock.swift */ = {isa = PBXFileReference; fileEncoding = 4; lastKnownFileType = sourcecode.swift; name = MultiplayerGameControllerMock.swift; path = Mocks/MultiplayerGameControllerMock.swift; sourceTree = "<group>"; };
		33644F321B16D1070008BC94 /* PlayerMock.swift */ = {isa = PBXFileReference; fileEncoding = 4; lastKnownFileType = sourcecode.swift; name = PlayerMock.swift; path = Mocks/PlayerMock.swift; sourceTree = "<group>"; };
		33644F361B16D2220008BC94 /* TargetTests.swift */ = {isa = PBXFileReference; fileEncoding = 4; lastKnownFileType = sourcecode.swift; path = TargetTests.swift; sourceTree = "<group>"; };
		33644F381B16E6F10008BC94 /* DebuggerConsoleViewTests.swift */ = {isa = PBXFileReference; fileEncoding = 4; lastKnownFileType = sourcecode.swift; path = DebuggerConsoleViewTests.swift; sourceTree = "<group>"; };
		33644F3A1B16E82E0008BC94 /* DirectionTests.swift */ = {isa = PBXFileReference; fileEncoding = 4; lastKnownFileType = sourcecode.swift; path = DirectionTests.swift; sourceTree = "<group>"; };
		33644F3C1B16E8C10008BC94 /* KeyboardControlBindingsTests.swift */ = {isa = PBXFileReference; fileEncoding = 4; lastKnownFileType = sourcecode.swift; path = KeyboardControlBindingsTests.swift; sourceTree = "<group>"; };
		33644F3E1B16E8FC0008BC94 /* MPCMessageTests.swift */ = {isa = PBXFileReference; fileEncoding = 4; lastKnownFileType = sourcecode.swift; path = MPCMessageTests.swift; sourceTree = "<group>"; };
		33644F401B16EA500008BC94 /* MPCPeerControllerTests.swift */ = {isa = PBXFileReference; fileEncoding = 4; lastKnownFileType = sourcecode.swift; path = MPCPeerControllerTests.swift; sourceTree = "<group>"; };
		33644F421B16EA8E0008BC94 /* MultiplayerGameControllerTests.swift */ = {isa = PBXFileReference; fileEncoding = 4; lastKnownFileType = sourcecode.swift; path = MultiplayerGameControllerTests.swift; sourceTree = "<group>"; };
		33644F441B16EAB40008BC94 /* ObstacleTests.swift */ = {isa = PBXFileReference; fileEncoding = 4; lastKnownFileType = sourcecode.swift; path = ObstacleTests.swift; sourceTree = "<group>"; };
		33644F481B16EBC90008BC94 /* PlayerControllerTests.swift */ = {isa = PBXFileReference; fileEncoding = 4; lastKnownFileType = sourcecode.swift; path = PlayerControllerTests.swift; sourceTree = "<group>"; };
		33644F4A1B16EC710008BC94 /* PlayerTests.swift */ = {isa = PBXFileReference; fileEncoding = 4; lastKnownFileType = sourcecode.swift; path = PlayerTests.swift; sourceTree = "<group>"; };
		33644F4C1B16ED730008BC94 /* StageConfiguratorTest.swift */ = {isa = PBXFileReference; fileEncoding = 4; lastKnownFileType = sourcecode.swift; path = StageConfiguratorTest.swift; sourceTree = "<group>"; };
		33644F4E1B16ED980008BC94 /* StageElementDirectableTests.swift */ = {isa = PBXFileReference; fileEncoding = 4; lastKnownFileType = sourcecode.swift; path = StageElementDirectableTests.swift; sourceTree = "<group>"; };
		33644F501B16EDBB0008BC94 /* StageElementTests.swift */ = {isa = PBXFileReference; fileEncoding = 4; lastKnownFileType = sourcecode.swift; path = StageElementTests.swift; sourceTree = "<group>"; };
		33644F521B16EDE60008BC94 /* StageLocationTest.swift */ = {isa = PBXFileReference; fileEncoding = 4; lastKnownFileType = sourcecode.swift; path = StageLocationTest.swift; sourceTree = "<group>"; };
		33644F531B16EDE60008BC94 /* StageSizeTest.swift */ = {isa = PBXFileReference; fileEncoding = 4; lastKnownFileType = sourcecode.swift; path = StageSizeTest.swift; sourceTree = "<group>"; };
		33644F541B16EDE60008BC94 /* StageTests.swift */ = {isa = PBXFileReference; fileEncoding = 4; lastKnownFileType = sourcecode.swift; path = StageTests.swift; sourceTree = "<group>"; };
		33644F551B16EDE60008BC94 /* TimerFactoryTests.swift */ = {isa = PBXFileReference; fileEncoding = 4; lastKnownFileType = sourcecode.swift; path = TimerFactoryTests.swift; sourceTree = "<group>"; };
		33644F561B16EDE60008BC94 /* TunnelTest.swift */ = {isa = PBXFileReference; fileEncoding = 4; lastKnownFileType = sourcecode.swift; path = TunnelTest.swift; sourceTree = "<group>"; };
		33644F571B16EDE60008BC94 /* UtilsTests.swift */ = {isa = PBXFileReference; fileEncoding = 4; lastKnownFileType = sourcecode.swift; path = UtilsTests.swift; sourceTree = "<group>"; };
		33644F621B16F2E50008BC94 /* Game_iOS.app */ = {isa = PBXFileReference; explicitFileType = wrapper.application; includeInIndex = 0; path = Game_iOS.app; sourceTree = BUILT_PRODUCTS_DIR; };
		33644F651B16F2E50008BC94 /* Info.plist */ = {isa = PBXFileReference; lastKnownFileType = text.plist.xml; path = Info.plist; sourceTree = "<group>"; };
		33644F661B16F2E50008BC94 /* AppDelegate.swift */ = {isa = PBXFileReference; lastKnownFileType = sourcecode.swift; path = AppDelegate.swift; sourceTree = "<group>"; };
		33644F6B1B16F2E50008BC94 /* Base */ = {isa = PBXFileReference; lastKnownFileType = file.storyboard; name = Base; path = Base.lproj/Main.storyboard; sourceTree = "<group>"; };
		33644F6D1B16F2E50008BC94 /* Images.xcassets */ = {isa = PBXFileReference; lastKnownFileType = folder.assetcatalog; path = Images.xcassets; sourceTree = "<group>"; };
		33644F701B16F2E50008BC94 /* Base */ = {isa = PBXFileReference; lastKnownFileType = file.xib; name = Base; path = Base.lproj/LaunchScreen.xib; sourceTree = "<group>"; };
		33644F761B16F2E50008BC94 /* Game_iOSTests.xctest */ = {isa = PBXFileReference; explicitFileType = wrapper.cfbundle; includeInIndex = 0; path = Game_iOSTests.xctest; sourceTree = BUILT_PRODUCTS_DIR; };
		33644F7B1B16F2E50008BC94 /* Info.plist */ = {isa = PBXFileReference; lastKnownFileType = text.plist.xml; path = Info.plist; sourceTree = "<group>"; };
		33644F851B16F4130008BC94 /* iOS_GameLobbyViewController.swift */ = {isa = PBXFileReference; fileEncoding = 4; lastKnownFileType = sourcecode.swift; name = iOS_GameLobbyViewController.swift; path = Controller/iOS_GameLobbyViewController.swift; sourceTree = "<group>"; };
		33644F861B16F4130008BC94 /* iOS_GameLobbyViewController.xib */ = {isa = PBXFileReference; fileEncoding = 4; lastKnownFileType = file.xib; name = iOS_GameLobbyViewController.xib; path = Controller/iOS_GameLobbyViewController.xib; sourceTree = "<group>"; };
		33644F871B16F4130008BC94 /* iOS_MPCGameLobbyBrowsingController.swift */ = {isa = PBXFileReference; fileEncoding = 4; lastKnownFileType = sourcecode.swift; name = iOS_MPCGameLobbyBrowsingController.swift; path = Controller/iOS_MPCGameLobbyBrowsingController.swift; sourceTree = "<group>"; };
		33644F881B16F4130008BC94 /* iOS_GameViewController.swift */ = {isa = PBXFileReference; fileEncoding = 4; lastKnownFileType = sourcecode.swift; name = iOS_GameViewController.swift; path = Controller/iOS_GameViewController.swift; sourceTree = "<group>"; };
		33644F891B16F4130008BC94 /* iOS_GameViewController.xib */ = {isa = PBXFileReference; fileEncoding = 4; lastKnownFileType = file.xib; name = iOS_GameViewController.xib; path = Controller/iOS_GameViewController.xib; sourceTree = "<group>"; };
		33644F8A1B16F4130008BC94 /* iOS_StartMenuViewController.swift */ = {isa = PBXFileReference; fileEncoding = 4; lastKnownFileType = sourcecode.swift; name = iOS_StartMenuViewController.swift; path = Controller/iOS_StartMenuViewController.swift; sourceTree = "<group>"; };
		33644F981B16F5E20008BC94 /* iOS_TargetView.swift */ = {isa = PBXFileReference; fileEncoding = 4; lastKnownFileType = sourcecode.swift; name = iOS_TargetView.swift; path = View/iOS_TargetView.swift; sourceTree = "<group>"; };
		33644F991B16F5E20008BC94 /* iOS_ObstacleView.swift */ = {isa = PBXFileReference; fileEncoding = 4; lastKnownFileType = sourcecode.swift; name = iOS_ObstacleView.swift; path = View/iOS_ObstacleView.swift; sourceTree = "<group>"; };
		33644F9A1B16F5E20008BC94 /* iOS_PeerInvite.swift */ = {isa = PBXFileReference; fileEncoding = 4; lastKnownFileType = sourcecode.swift; name = iOS_PeerInvite.swift; path = View/iOS_PeerInvite.swift; sourceTree = "<group>"; };
		33644F9B1B16F5E20008BC94 /* iOS_PlayerView.swift */ = {isa = PBXFileReference; fileEncoding = 4; lastKnownFileType = sourcecode.swift; name = iOS_PlayerView.swift; path = View/iOS_PlayerView.swift; sourceTree = "<group>"; };
		33644F9C1B16F5E20008BC94 /* iOS_StageElementViewFactory.swift */ = {isa = PBXFileReference; fileEncoding = 4; lastKnownFileType = sourcecode.swift; name = iOS_StageElementViewFactory.swift; path = View/iOS_StageElementViewFactory.swift; sourceTree = "<group>"; };
		33644F9D1B16F5E20008BC94 /* iOS_StageView.swift */ = {isa = PBXFileReference; fileEncoding = 4; lastKnownFileType = sourcecode.swift; name = iOS_StageView.swift; path = View/iOS_StageView.swift; sourceTree = "<group>"; };
		33644F9E1B16F5E20008BC94 /* iOS_StageViewTransform.swift */ = {isa = PBXFileReference; fileEncoding = 4; lastKnownFileType = sourcecode.swift; name = iOS_StageViewTransform.swift; path = View/iOS_StageViewTransform.swift; sourceTree = "<group>"; };
		338F47241B184FC700394621 /* MPCControllerMock.swift */ = {isa = PBXFileReference; fileEncoding = 4; lastKnownFileType = sourcecode.swift; path = MPCControllerMock.swift; sourceTree = "<group>"; };
		338F47261B1852D800394621 /* MPCControllerTests.swift */ = {isa = PBXFileReference; fileEncoding = 4; lastKnownFileType = sourcecode.swift; path = MPCControllerTests.swift; sourceTree = "<group>"; };
		33902C9E1B18349F005C5238 /* GameCommon.framework */ = {isa = PBXFileReference; explicitFileType = wrapper.framework; includeInIndex = 0; path = GameCommon.framework; sourceTree = BUILT_PRODUCTS_DIR; };
		33902CA81B18349F005C5238 /* GameCommonTests.xctest */ = {isa = PBXFileReference; explicitFileType = wrapper.cfbundle; includeInIndex = 0; path = GameCommonTests.xctest; sourceTree = BUILT_PRODUCTS_DIR; };
		33902CE01B1835E2005C5238 /* GameCommon.h */ = {isa = PBXFileReference; fileEncoding = 4; lastKnownFileType = sourcecode.c.h; path = GameCommon.h; sourceTree = "<group>"; };
		339EEB551B1639A100499A5C /* Info.plist */ = {isa = PBXFileReference; lastKnownFileType = text.plist.xml; path = Info.plist; sourceTree = "<group>"; };
		339EEB621B1639A100499A5C /* Info.plist */ = {isa = PBXFileReference; lastKnownFileType = text.plist.xml; path = Info.plist; sourceTree = "<group>"; };
		339EEB6C1B163CDB00499A5C /* MPCController.swift */ = {isa = PBXFileReference; fileEncoding = 4; lastKnownFileType = sourcecode.swift; path = MPCController.swift; sourceTree = "<group>"; };
		339EEB6D1B163CDB00499A5C /* MPCMessage.swift */ = {isa = PBXFileReference; fileEncoding = 4; lastKnownFileType = sourcecode.swift; path = MPCMessage.swift; sourceTree = "<group>"; };
		339EEB6E1B163CDB00499A5C /* MPCPeerController.swift */ = {isa = PBXFileReference; fileEncoding = 4; lastKnownFileType = sourcecode.swift; path = MPCPeerController.swift; sourceTree = "<group>"; };
		339EEB761B16443E00499A5C /* Stage.swift */ = {isa = PBXFileReference; fileEncoding = 4; lastKnownFileType = sourcecode.swift; path = Stage.swift; sourceTree = "<group>"; };
		339EEB771B16443E00499A5C /* StageConfigurator.swift */ = {isa = PBXFileReference; fileEncoding = 4; lastKnownFileType = sourcecode.swift; path = StageConfigurator.swift; sourceTree = "<group>"; };
		339EEB781B16443E00499A5C /* StageConfiguratorLevel1.swift */ = {isa = PBXFileReference; fileEncoding = 4; lastKnownFileType = sourcecode.swift; path = StageConfiguratorLevel1.swift; sourceTree = "<group>"; };
		339EEB791B16443E00499A5C /* StageLocation.swift */ = {isa = PBXFileReference; fileEncoding = 4; lastKnownFileType = sourcecode.swift; path = StageLocation.swift; sourceTree = "<group>"; };
		339EEB7A1B16443E00499A5C /* StageLocationSerializable.swift */ = {isa = PBXFileReference; fileEncoding = 4; lastKnownFileType = sourcecode.swift; path = StageLocationSerializable.swift; sourceTree = "<group>"; };
		339EEB7B1B16443E00499A5C /* StageSize.swift */ = {isa = PBXFileReference; fileEncoding = 4; lastKnownFileType = sourcecode.swift; path = StageSize.swift; sourceTree = "<group>"; };
		339EEB891B1648FE00499A5C /* Target.swift */ = {isa = PBXFileReference; fileEncoding = 4; lastKnownFileType = sourcecode.swift; path = Target.swift; sourceTree = "<group>"; };
		339EEB8A1B1648FE00499A5C /* TargetConfiguration.swift */ = {isa = PBXFileReference; fileEncoding = 4; lastKnownFileType = sourcecode.swift; path = TargetConfiguration.swift; sourceTree = "<group>"; };
		339EEB8E1B1648FE00499A5C /* Direction.swift */ = {isa = PBXFileReference; fileEncoding = 4; lastKnownFileType = sourcecode.swift; path = Direction.swift; sourceTree = "<group>"; };
		339EEB8F1B1648FE00499A5C /* Obstacle.swift */ = {isa = PBXFileReference; fileEncoding = 4; lastKnownFileType = sourcecode.swift; path = Obstacle.swift; sourceTree = "<group>"; };
		339EEB901B1648FE00499A5C /* Player.swift */ = {isa = PBXFileReference; fileEncoding = 4; lastKnownFileType = sourcecode.swift; path = Player.swift; sourceTree = "<group>"; };
		339EEB911B1648FE00499A5C /* PlayerConfiguration.swift */ = {isa = PBXFileReference; fileEncoding = 4; lastKnownFileType = sourcecode.swift; path = PlayerConfiguration.swift; sourceTree = "<group>"; };
		339EEB921B1648FE00499A5C /* PlayerConfigurationGenerator.swift */ = {isa = PBXFileReference; fileEncoding = 4; lastKnownFileType = sourcecode.swift; path = PlayerConfigurationGenerator.swift; sourceTree = "<group>"; };
		339EEB961B1648FE00499A5C /* StageElement.swift */ = {isa = PBXFileReference; fileEncoding = 4; lastKnownFileType = sourcecode.swift; path = StageElement.swift; sourceTree = "<group>"; };
		339EEB971B1648FE00499A5C /* StageElementDirectable.swift */ = {isa = PBXFileReference; fileEncoding = 4; lastKnownFileType = sourcecode.swift; path = StageElementDirectable.swift; sourceTree = "<group>"; };
		339EEB981B1648FE00499A5C /* StageLocatable.swift */ = {isa = PBXFileReference; fileEncoding = 4; lastKnownFileType = sourcecode.swift; path = StageLocatable.swift; sourceTree = "<group>"; };
		339EEB991B1648FE00499A5C /* Tunnel.swift */ = {isa = PBXFileReference; fileEncoding = 4; lastKnownFileType = sourcecode.swift; path = Tunnel.swift; sourceTree = "<group>"; };
		339EEBBE1B16685F00499A5C /* TimerFactory.swift */ = {isa = PBXFileReference; fileEncoding = 4; lastKnownFileType = sourcecode.swift; path = TimerFactory.swift; sourceTree = "<group>"; };
		339EEBBF1B16685F00499A5C /* Utils.swift */ = {isa = PBXFileReference; fileEncoding = 4; lastKnownFileType = sourcecode.swift; path = Utils.swift; sourceTree = "<group>"; };
		339EEBC81B1669C300499A5C /* ConcreteStageElementViewFactory.swift */ = {isa = PBXFileReference; fileEncoding = 4; lastKnownFileType = sourcecode.swift; path = ConcreteStageElementViewFactory.swift; sourceTree = "<group>"; };
		339EEBC91B1669C300499A5C /* DebuggerConsoleView.swift */ = {isa = PBXFileReference; fileEncoding = 4; lastKnownFileType = sourcecode.swift; path = DebuggerConsoleView.swift; sourceTree = "<group>"; };
		339EEBCA1B1669C300499A5C /* StageElementView.swift */ = {isa = PBXFileReference; fileEncoding = 4; lastKnownFileType = sourcecode.swift; path = StageElementView.swift; sourceTree = "<group>"; };
		339EEBCB1B1669C300499A5C /* StageViewCache.swift */ = {isa = PBXFileReference; fileEncoding = 4; lastKnownFileType = sourcecode.swift; path = StageViewCache.swift; sourceTree = "<group>"; };
		339EEBCC1B1669C300499A5C /* StageViewTransform.swift */ = {isa = PBXFileReference; fileEncoding = 4; lastKnownFileType = sourcecode.swift; path = StageViewTransform.swift; sourceTree = "<group>"; };
		339EEBD81B166A1C00499A5C /* KeyboardControlBindings.swift */ = {isa = PBXFileReference; fileEncoding = 4; lastKnownFileType = sourcecode.swift; path = KeyboardControlBindings.swift; sourceTree = "<group>"; };
		339EEBD91B166A1C00499A5C /* MenuOptions.swift */ = {isa = PBXFileReference; fileEncoding = 4; lastKnownFileType = sourcecode.swift; path = MenuOptions.swift; sourceTree = "<group>"; };
		339EEBDA1B166A1C00499A5C /* MultiplayerGameController.swift */ = {isa = PBXFileReference; fileEncoding = 4; lastKnownFileType = sourcecode.swift; path = MultiplayerGameController.swift; sourceTree = "<group>"; };
		339EEBDB1B166A1C00499A5C /* MultiplayerGameStatus.swift */ = {isa = PBXFileReference; fileEncoding = 4; lastKnownFileType = sourcecode.swift; path = MultiplayerGameStatus.swift; sourceTree = "<group>"; };
		339EEBDF1B166A1C00499A5C /* SinglePlayerGameController.swift */ = {isa = PBXFileReference; fileEncoding = 4; lastKnownFileType = sourcecode.swift; path = SinglePlayerGameController.swift; sourceTree = "<group>"; };
		339EEBE01B166A1C00499A5C /* PlayerController.swift */ = {isa = PBXFileReference; fileEncoding = 4; lastKnownFileType = sourcecode.swift; path = PlayerController.swift; sourceTree = "<group>"; };
		339EEBE11B166A1C00499A5C /* GameController.swift */ = {isa = PBXFileReference; fileEncoding = 4; lastKnownFileType = sourcecode.swift; path = GameController.swift; sourceTree = "<group>"; };
/* End PBXFileReference section */

/* Begin PBXFrameworksBuildPhase section */
		334FC0B51B178484005487F4 /* Frameworks */ = {
			isa = PBXFrameworksBuildPhase;
			buildActionMask = 2147483647;
			files = (
				33902CBC1B18350A005C5238 /* GameCommon.framework in Frameworks */,
			);
			runOnlyForDeploymentPostprocessing = 0;
		};
		334FC0C41B178484005487F4 /* Frameworks */ = {
			isa = PBXFrameworksBuildPhase;
			buildActionMask = 2147483647;
			files = (
			);
			runOnlyForDeploymentPostprocessing = 0;
		};
		33644F5F1B16F2E50008BC94 /* Frameworks */ = {
			isa = PBXFrameworksBuildPhase;
			buildActionMask = 2147483647;
			files = (
				33902CB91B1834FF005C5238 /* GameCommon.framework in Frameworks */,
			);
			runOnlyForDeploymentPostprocessing = 0;
		};
		33644F731B16F2E50008BC94 /* Frameworks */ = {
			isa = PBXFrameworksBuildPhase;
			buildActionMask = 2147483647;
			files = (
			);
			runOnlyForDeploymentPostprocessing = 0;
		};
		33902C9A1B18349F005C5238 /* Frameworks */ = {
			isa = PBXFrameworksBuildPhase;
			buildActionMask = 2147483647;
			files = (
			);
			runOnlyForDeploymentPostprocessing = 0;
		};
		33902CA51B18349F005C5238 /* Frameworks */ = {
			isa = PBXFrameworksBuildPhase;
			buildActionMask = 2147483647;
			files = (
				33902CA91B18349F005C5238 /* GameCommon.framework in Frameworks */,
			);
			runOnlyForDeploymentPostprocessing = 0;
		};
/* End PBXFrameworksBuildPhase section */

/* Begin PBXGroup section */
		334FC0B91B178484005487F4 /* Game_OSX */ = {
			isa = PBXGroup;
			children = (
				334FC0EE1B17889E005487F4 /* View */,
				334FC0D81B178563005487F4 /* Controller */,
				334FC0BC1B178484005487F4 /* AppDelegate.swift */,
				333CB7A91B1826010070B622 /* Main.storyboard */,
				334FC0BE1B178484005487F4 /* Images.xcassets */,
				334FC0BA1B178484005487F4 /* Supporting Files */,
			);
			path = Game_OSX;
			sourceTree = "<group>";
		};
		334FC0BA1B178484005487F4 /* Supporting Files */ = {
			isa = PBXGroup;
			children = (
				334FC0BB1B178484005487F4 /* Info.plist */,
			);
			name = "Supporting Files";
			sourceTree = "<group>";
		};
		334FC0CA1B178484005487F4 /* Game_OSXTests */ = {
			isa = PBXGroup;
			children = (
				334FC0CD1B178484005487F4 /* Game_OSXTests.swift */,
				334FC0CB1B178484005487F4 /* Supporting Files */,
			);
			path = Game_OSXTests;
			sourceTree = "<group>";
		};
		334FC0CB1B178484005487F4 /* Supporting Files */ = {
			isa = PBXGroup;
			children = (
				334FC0CC1B178484005487F4 /* Info.plist */,
			);
			name = "Supporting Files";
			sourceTree = "<group>";
		};
		334FC0D81B178563005487F4 /* Controller */ = {
			isa = PBXGroup;
			children = (
				334FC0D91B17857A005487F4 /* OSX_GameLobbyViewController.swift */,
				334FC0DA1B17857A005487F4 /* OSX_GameLobbyViewController.xib */,
				334FC0DB1B17857A005487F4 /* OSX_MainWindowController.swift */,
				334FC0DC1B17857A005487F4 /* OSX_MainWindowController.xib */,
				334FC0DD1B17857A005487F4 /* OSX_GameViewController.swift */,
				334FC0DE1B17857A005487F4 /* OSX_GameViewController.xib */,
				334FC0DF1B17857A005487F4 /* OSX_WindowController.swift */,
			);
			name = Controller;
			sourceTree = "<group>";
		};
		334FC0EE1B17889E005487F4 /* View */ = {
			isa = PBXGroup;
			children = (
				334FC0EF1B1788BE005487F4 /* OSX_TargetView.swift */,
				334FC0F01B1788BE005487F4 /* OSX_ObstacleView.swift */,
				334FC0F11B1788BE005487F4 /* OSX_PlayerView.swift */,
				334FC0F21B1788BE005487F4 /* OSX_StageElementViewFactory.swift */,
				334FC0F31B1788BE005487F4 /* OSX_StageView.swift */,
				334FC0F41B1788BE005487F4 /* OSX_StageViewTransform.swift */,
				334FC0F51B1788BE005487F4 /* OSX_WindowResizer.swift */,
			);
			name = View;
			sourceTree = "<group>";
		};
		33644F211B16D0A20008BC94 /* Mocks */ = {
			isa = PBXGroup;
			children = (
				33644F301B16D1070008BC94 /* TargetMock.swift */,
				33644F311B16D1070008BC94 /* MultiplayerGameControllerMock.swift */,
				33644F321B16D1070008BC94 /* PlayerMock.swift */,
				338F47241B184FC700394621 /* MPCControllerMock.swift */,
			);
			name = Mocks;
			sourceTree = "<group>";
		};
		33644F631B16F2E50008BC94 /* Game_iOS */ = {
			isa = PBXGroup;
			children = (
				33644F971B16F5D20008BC94 /* View */,
				33644F841B16F3D40008BC94 /* Controller */,
				33644F661B16F2E50008BC94 /* AppDelegate.swift */,
				33644F6A1B16F2E50008BC94 /* Main.storyboard */,
				33644F6D1B16F2E50008BC94 /* Images.xcassets */,
				33644F6F1B16F2E50008BC94 /* LaunchScreen.xib */,
				33644F641B16F2E50008BC94 /* Supporting Files */,
			);
			path = Game_iOS;
			sourceTree = "<group>";
		};
		33644F641B16F2E50008BC94 /* Supporting Files */ = {
			isa = PBXGroup;
			children = (
				33644F651B16F2E50008BC94 /* Info.plist */,
			);
			name = "Supporting Files";
			sourceTree = "<group>";
		};
		33644F791B16F2E50008BC94 /* Game_iOSTests */ = {
			isa = PBXGroup;
			children = (
				33644F7A1B16F2E50008BC94 /* Supporting Files */,
			);
			path = Game_iOSTests;
			sourceTree = "<group>";
		};
		33644F7A1B16F2E50008BC94 /* Supporting Files */ = {
			isa = PBXGroup;
			children = (
				33644F7B1B16F2E50008BC94 /* Info.plist */,
			);
			name = "Supporting Files";
			sourceTree = "<group>";
		};
		33644F841B16F3D40008BC94 /* Controller */ = {
			isa = PBXGroup;
			children = (
				33644F851B16F4130008BC94 /* iOS_GameLobbyViewController.swift */,
				33644F861B16F4130008BC94 /* iOS_GameLobbyViewController.xib */,
				33644F871B16F4130008BC94 /* iOS_MPCGameLobbyBrowsingController.swift */,
				33644F881B16F4130008BC94 /* iOS_GameViewController.swift */,
				33644F891B16F4130008BC94 /* iOS_GameViewController.xib */,
				33644F8A1B16F4130008BC94 /* iOS_StartMenuViewController.swift */,
			);
			name = Controller;
			sourceTree = "<group>";
		};
		33644F971B16F5D20008BC94 /* View */ = {
			isa = PBXGroup;
			children = (
				33644F981B16F5E20008BC94 /* iOS_TargetView.swift */,
				33644F991B16F5E20008BC94 /* iOS_ObstacleView.swift */,
				33644F9A1B16F5E20008BC94 /* iOS_PeerInvite.swift */,
				33644F9B1B16F5E20008BC94 /* iOS_PlayerView.swift */,
				33644F9C1B16F5E20008BC94 /* iOS_StageElementViewFactory.swift */,
				33644F9D1B16F5E20008BC94 /* iOS_StageView.swift */,
				33644F9E1B16F5E20008BC94 /* iOS_StageViewTransform.swift */,
			);
			name = View;
			sourceTree = "<group>";
		};
		339EEB1F1B1636DC00499A5C = {
			isa = PBXGroup;
			children = (
				339EEB531B1639A100499A5C /* GameCommon */,
				339EEB601B1639A100499A5C /* GameCommonTests */,
				33644F631B16F2E50008BC94 /* Game_iOS */,
				33644F791B16F2E50008BC94 /* Game_iOSTests */,
				334FC0B91B178484005487F4 /* Game_OSX */,
				334FC0CA1B178484005487F4 /* Game_OSXTests */,
				33644F761B16F2E50008BC94 /* Game_iOSTests.xctest */,
				33644F621B16F2E50008BC94 /* Game_iOS.app */,
				334FC0B81B178484005487F4 /* Game_OSX.app */,
				334FC0C71B178484005487F4 /* Game_OSXTests.xctest */,
				33902C9E1B18349F005C5238 /* GameCommon.framework */,
				33902CA81B18349F005C5238 /* GameCommonTests.xctest */,
			);
			sourceTree = "<group>";
		};
		339EEB531B1639A100499A5C /* GameCommon */ = {
			isa = PBXGroup;
			children = (
				339EEBD71B166A1C00499A5C /* Controller */,
				339EEBC71B1669C300499A5C /* View */,
				339EEBC61B1669A300499A5C /* Model */,
				339EEBBC1B16685F00499A5C /* Utils */,
				339EEB541B1639A100499A5C /* Supporting Files */,
			);
			path = GameCommon;
			sourceTree = "<group>";
		};
		339EEB541B1639A100499A5C /* Supporting Files */ = {
			isa = PBXGroup;
			children = (
				33902CE01B1835E2005C5238 /* GameCommon.h */,
				339EEB551B1639A100499A5C /* Info.plist */,
			);
			name = "Supporting Files";
			sourceTree = "<group>";
		};
		339EEB601B1639A100499A5C /* GameCommonTests */ = {
			isa = PBXGroup;
			children = (
				338F47261B1852D800394621 /* MPCControllerTests.swift */,
				33644F521B16EDE60008BC94 /* StageLocationTest.swift */,
				33644F531B16EDE60008BC94 /* StageSizeTest.swift */,
				33644F541B16EDE60008BC94 /* StageTests.swift */,
				33644F551B16EDE60008BC94 /* TimerFactoryTests.swift */,
				33644F561B16EDE60008BC94 /* TunnelTest.swift */,
				33644F571B16EDE60008BC94 /* UtilsTests.swift */,
				33644F501B16EDBB0008BC94 /* StageElementTests.swift */,
				33644F4E1B16ED980008BC94 /* StageElementDirectableTests.swift */,
				33644F4C1B16ED730008BC94 /* StageConfiguratorTest.swift */,
				33644F4A1B16EC710008BC94 /* PlayerTests.swift */,
				33644F481B16EBC90008BC94 /* PlayerControllerTests.swift */,
				33644F441B16EAB40008BC94 /* ObstacleTests.swift */,
				33644F421B16EA8E0008BC94 /* MultiplayerGameControllerTests.swift */,
				33644F401B16EA500008BC94 /* MPCPeerControllerTests.swift */,
				33644F3E1B16E8FC0008BC94 /* MPCMessageTests.swift */,
				33644F3C1B16E8C10008BC94 /* KeyboardControlBindingsTests.swift */,
				33644F3A1B16E82E0008BC94 /* DirectionTests.swift */,
				33644F381B16E6F10008BC94 /* DebuggerConsoleViewTests.swift */,
				33644F361B16D2220008BC94 /* TargetTests.swift */,
				33644F211B16D0A20008BC94 /* Mocks */,
				339EEB611B1639A100499A5C /* Supporting Files */,
			);
			path = GameCommonTests;
			sourceTree = "<group>";
		};
		339EEB611B1639A100499A5C /* Supporting Files */ = {
			isa = PBXGroup;
			children = (
				339EEB621B1639A100499A5C /* Info.plist */,
			);
			name = "Supporting Files";
			sourceTree = "<group>";
		};
		339EEB6B1B163CDB00499A5C /* MultipeerConnectivity */ = {
			isa = PBXGroup;
			children = (
				339EEB6C1B163CDB00499A5C /* MPCController.swift */,
				339EEB6D1B163CDB00499A5C /* MPCMessage.swift */,
				339EEB6E1B163CDB00499A5C /* MPCPeerController.swift */,
			);
			name = MultipeerConnectivity;
			path = Model/MultipeerConnectivity;
			sourceTree = "<group>";
		};
		339EEB751B16443E00499A5C /* Stage */ = {
			isa = PBXGroup;
			children = (
				339EEB761B16443E00499A5C /* Stage.swift */,
				339EEB771B16443E00499A5C /* StageConfigurator.swift */,
				339EEB781B16443E00499A5C /* StageConfiguratorLevel1.swift */,
				339EEB791B16443E00499A5C /* StageLocation.swift */,
				339EEB7A1B16443E00499A5C /* StageLocationSerializable.swift */,
				339EEB7B1B16443E00499A5C /* StageSize.swift */,
			);
			name = Stage;
			path = Model/Stage;
			sourceTree = "<group>";
		};
		339EEB881B1648FE00499A5C /* StageElements */ = {
			isa = PBXGroup;
			children = (
				339EEB891B1648FE00499A5C /* Target.swift */,
				339EEB8A1B1648FE00499A5C /* TargetConfiguration.swift */,
				339EEB8E1B1648FE00499A5C /* Direction.swift */,
				339EEB8F1B1648FE00499A5C /* Obstacle.swift */,
				339EEB901B1648FE00499A5C /* Player.swift */,
				339EEB911B1648FE00499A5C /* PlayerConfiguration.swift */,
				339EEB921B1648FE00499A5C /* PlayerConfigurationGenerator.swift */,
				339EEB961B1648FE00499A5C /* StageElement.swift */,
				339EEB971B1648FE00499A5C /* StageElementDirectable.swift */,
				339EEB981B1648FE00499A5C /* StageLocatable.swift */,
				339EEB991B1648FE00499A5C /* Tunnel.swift */,
				33301F451B1CEE1A00CC2694 /* StageElementVector.swift */,
			);
			name = StageElements;
			path = Model/StageElements;
			sourceTree = "<group>";
		};
		339EEBBC1B16685F00499A5C /* Utils */ = {
			isa = PBXGroup;
			children = (
				339EEBBE1B16685F00499A5C /* TimerFactory.swift */,
				339EEBBF1B16685F00499A5C /* Utils.swift */,
			);
			path = Utils;
			sourceTree = "<group>";
		};
		339EEBC61B1669A300499A5C /* Model */ = {
			isa = PBXGroup;
			children = (
				339EEB881B1648FE00499A5C /* StageElements */,
				339EEB751B16443E00499A5C /* Stage */,
				339EEB6B1B163CDB00499A5C /* MultipeerConnectivity */,
			);
			name = Model;
			sourceTree = "<group>";
		};
		339EEBC71B1669C300499A5C /* View */ = {
			isa = PBXGroup;
			children = (
				339EEBC81B1669C300499A5C /* ConcreteStageElementViewFactory.swift */,
				339EEBC91B1669C300499A5C /* DebuggerConsoleView.swift */,
				339EEBCA1B1669C300499A5C /* StageElementView.swift */,
				339EEBCB1B1669C300499A5C /* StageViewCache.swift */,
				339EEBCC1B1669C300499A5C /* StageViewTransform.swift */,
			);
			path = View;
			sourceTree = "<group>";
		};
		339EEBD71B166A1C00499A5C /* Controller */ = {
			isa = PBXGroup;
			children = (
				339EEBD81B166A1C00499A5C /* KeyboardControlBindings.swift */,
				339EEBD91B166A1C00499A5C /* MenuOptions.swift */,
				339EEBDA1B166A1C00499A5C /* MultiplayerGameController.swift */,
				339EEBDB1B166A1C00499A5C /* MultiplayerGameStatus.swift */,
				339EEBDF1B166A1C00499A5C /* SinglePlayerGameController.swift */,
				339EEBE01B166A1C00499A5C /* PlayerController.swift */,
				339EEBE11B166A1C00499A5C /* GameController.swift */,
			);
			path = Controller;
			sourceTree = "<group>";
		};
/* End PBXGroup section */

/* Begin PBXHeadersBuildPhase section */
		33902C9B1B18349F005C5238 /* Headers */ = {
			isa = PBXHeadersBuildPhase;
			buildActionMask = 2147483647;
			files = (
				33902CE11B1835E2005C5238 /* GameCommon.h in Headers */,
			);
			runOnlyForDeploymentPostprocessing = 0;
		};
/* End PBXHeadersBuildPhase section */

/* Begin PBXNativeTarget section */
		334FC0B71B178484005487F4 /* Game_OSX */ = {
			isa = PBXNativeTarget;
			buildConfigurationList = 334FC0D31B178484005487F4 /* Build configuration list for PBXNativeTarget "Game_OSX" */;
			buildPhases = (
				334FC0B41B178484005487F4 /* Sources */,
				334FC0B51B178484005487F4 /* Frameworks */,
				334FC0B61B178484005487F4 /* Resources */,
			);
			buildRules = (
			);
			dependencies = (
				33902CBB1B183506005C5238 /* PBXTargetDependency */,
			);
			name = Game_OSX;
			productName = Game_OSX;
			productReference = 334FC0B81B178484005487F4 /* Game_OSX.app */;
			productType = "com.apple.product-type.application";
		};
		334FC0C61B178484005487F4 /* Game_OSXTests */ = {
			isa = PBXNativeTarget;
			buildConfigurationList = 334FC0D41B178484005487F4 /* Build configuration list for PBXNativeTarget "Game_OSXTests" */;
			buildPhases = (
				334FC0C31B178484005487F4 /* Sources */,
				334FC0C41B178484005487F4 /* Frameworks */,
				334FC0C51B178484005487F4 /* Resources */,
			);
			buildRules = (
			);
			dependencies = (
				334FC0C91B178484005487F4 /* PBXTargetDependency */,
			);
			name = Game_OSXTests;
			productName = Game_OSXTests;
			productReference = 334FC0C71B178484005487F4 /* Game_OSXTests.xctest */;
			productType = "com.apple.product-type.bundle.unit-test";
		};
		33644F611B16F2E50008BC94 /* Game_iOS */ = {
			isa = PBXNativeTarget;
			buildConfigurationList = 33644F7E1B16F2E50008BC94 /* Build configuration list for PBXNativeTarget "Game_iOS" */;
			buildPhases = (
				33644F5E1B16F2E50008BC94 /* Sources */,
				33644F5F1B16F2E50008BC94 /* Frameworks */,
				33644F601B16F2E50008BC94 /* Resources */,
			);
			buildRules = (
			);
			dependencies = (
				33902CB81B1834FA005C5238 /* PBXTargetDependency */,
			);
			name = Game_iOS;
			productName = Game_iOS;
			productReference = 33644F621B16F2E50008BC94 /* Game_iOS.app */;
			productType = "com.apple.product-type.application";
		};
		33644F751B16F2E50008BC94 /* Game_iOSTests */ = {
			isa = PBXNativeTarget;
			buildConfigurationList = 33644F811B16F2E50008BC94 /* Build configuration list for PBXNativeTarget "Game_iOSTests" */;
			buildPhases = (
				33644F721B16F2E50008BC94 /* Sources */,
				33644F731B16F2E50008BC94 /* Frameworks */,
				33644F741B16F2E50008BC94 /* Resources */,
			);
			buildRules = (
			);
			dependencies = (
				33644F781B16F2E50008BC94 /* PBXTargetDependency */,
			);
			name = Game_iOSTests;
			productName = Game_iOSTests;
			productReference = 33644F761B16F2E50008BC94 /* Game_iOSTests.xctest */;
			productType = "com.apple.product-type.bundle.unit-test";
		};
		33902C9D1B18349F005C5238 /* GameCommon */ = {
			isa = PBXNativeTarget;
			buildConfigurationList = 33902CB11B18349F005C5238 /* Build configuration list for PBXNativeTarget "GameCommon" */;
			buildPhases = (
				33902C991B18349F005C5238 /* Sources */,
				33902C9A1B18349F005C5238 /* Frameworks */,
				33902C9B1B18349F005C5238 /* Headers */,
				33902C9C1B18349F005C5238 /* Resources */,
			);
			buildRules = (
			);
			dependencies = (
			);
			name = GameCommon;
			productName = GameCommon;
			productReference = 33902C9E1B18349F005C5238 /* GameCommon.framework */;
			productType = "com.apple.product-type.framework";
		};
		33902CA71B18349F005C5238 /* GameCommonTests */ = {
			isa = PBXNativeTarget;
			buildConfigurationList = 33902CB41B18349F005C5238 /* Build configuration list for PBXNativeTarget "GameCommonTests" */;
			buildPhases = (
				33902CA41B18349F005C5238 /* Sources */,
				33902CA51B18349F005C5238 /* Frameworks */,
				33902CA61B18349F005C5238 /* Resources */,
			);
			buildRules = (
			);
			dependencies = (
				33902CAB1B18349F005C5238 /* PBXTargetDependency */,
			);
			name = GameCommonTests;
			productName = GameCommonTests;
			productReference = 33902CA81B18349F005C5238 /* GameCommonTests.xctest */;
			productType = "com.apple.product-type.bundle.unit-test";
		};
/* End PBXNativeTarget section */

/* Begin PBXProject section */
		339EEB201B1636DC00499A5C /* Project object */ = {
			isa = PBXProject;
			attributes = {
				LastUpgradeCheck = 0620;
				ORGANIZATIONNAME = PartyLand;
				TargetAttributes = {
					334FC0B71B178484005487F4 = {
						CreatedOnToolsVersion = 6.2;
					};
					334FC0C61B178484005487F4 = {
						CreatedOnToolsVersion = 6.2;
						TestTargetID = 334FC0B71B178484005487F4;
					};
					33644F611B16F2E50008BC94 = {
						CreatedOnToolsVersion = 6.2;
					};
					33644F751B16F2E50008BC94 = {
						CreatedOnToolsVersion = 6.2;
						TestTargetID = 33644F611B16F2E50008BC94;
					};
					33902C9D1B18349F005C5238 = {
						CreatedOnToolsVersion = 6.2;
					};
					33902CA71B18349F005C5238 = {
						CreatedOnToolsVersion = 6.2;
					};
				};
			};
			buildConfigurationList = 339EEB231B1636DC00499A5C /* Build configuration list for PBXProject "GameSwift" */;
			compatibilityVersion = "Xcode 3.2";
			developmentRegion = English;
			hasScannedForEncodings = 0;
			knownRegions = (
				en,
				Base,
			);
			mainGroup = 339EEB1F1B1636DC00499A5C;
			productRefGroup = 339EEB1F1B1636DC00499A5C;
			projectDirPath = "";
			projectRoot = "";
			targets = (
				33644F611B16F2E50008BC94 /* Game_iOS */,
				33644F751B16F2E50008BC94 /* Game_iOSTests */,
				334FC0B71B178484005487F4 /* Game_OSX */,
				334FC0C61B178484005487F4 /* Game_OSXTests */,
				33902C9D1B18349F005C5238 /* GameCommon */,
				33902CA71B18349F005C5238 /* GameCommonTests */,
			);
		};
/* End PBXProject section */

/* Begin PBXResourcesBuildPhase section */
		334FC0B61B178484005487F4 /* Resources */ = {
			isa = PBXResourcesBuildPhase;
			buildActionMask = 2147483647;
			files = (
				334FC0EA1B17857A005487F4 /* OSX_GameViewController.xib in Resources */,
				333CB7AB1B1826010070B622 /* Main.storyboard in Resources */,
				334FC0BF1B178484005487F4 /* Images.xcassets in Resources */,
				334FC0E21B17857A005487F4 /* OSX_GameLobbyViewController.xib in Resources */,
				334FC0E61B17857A005487F4 /* OSX_MainWindowController.xib in Resources */,
			);
			runOnlyForDeploymentPostprocessing = 0;
		};
		334FC0C51B178484005487F4 /* Resources */ = {
			isa = PBXResourcesBuildPhase;
			buildActionMask = 2147483647;
			files = (
				334FC0EB1B17857A005487F4 /* OSX_GameViewController.xib in Resources */,
				334FC0E31B17857A005487F4 /* OSX_GameLobbyViewController.xib in Resources */,
				334FC0E71B17857A005487F4 /* OSX_MainWindowController.xib in Resources */,
			);
			runOnlyForDeploymentPostprocessing = 0;
		};
		33644F601B16F2E50008BC94 /* Resources */ = {
			isa = PBXResourcesBuildPhase;
			buildActionMask = 2147483647;
			files = (
				33644F6C1B16F2E50008BC94 /* Main.storyboard in Resources */,
				33644F931B16F4130008BC94 /* iOS_GameViewController.xib in Resources */,
				33644F711B16F2E50008BC94 /* LaunchScreen.xib in Resources */,
				33644F6E1B16F2E50008BC94 /* Images.xcassets in Resources */,
				33644F8D1B16F4130008BC94 /* iOS_GameLobbyViewController.xib in Resources */,
			);
			runOnlyForDeploymentPostprocessing = 0;
		};
		33644F741B16F2E50008BC94 /* Resources */ = {
			isa = PBXResourcesBuildPhase;
			buildActionMask = 2147483647;
			files = (
				33644F8E1B16F4130008BC94 /* iOS_GameLobbyViewController.xib in Resources */,
				33644F941B16F4130008BC94 /* iOS_GameViewController.xib in Resources */,
			);
			runOnlyForDeploymentPostprocessing = 0;
		};
		33902C9C1B18349F005C5238 /* Resources */ = {
			isa = PBXResourcesBuildPhase;
			buildActionMask = 2147483647;
			files = (
			);
			runOnlyForDeploymentPostprocessing = 0;
		};
		33902CA61B18349F005C5238 /* Resources */ = {
			isa = PBXResourcesBuildPhase;
			buildActionMask = 2147483647;
			files = (
			);
			runOnlyForDeploymentPostprocessing = 0;
		};
/* End PBXResourcesBuildPhase section */

/* Begin PBXSourcesBuildPhase section */
		334FC0B41B178484005487F4 /* Sources */ = {
			isa = PBXSourcesBuildPhase;
			buildActionMask = 2147483647;
			files = (
				334FC0EC1B17857A005487F4 /* OSX_WindowController.swift in Sources */,
				334FC0E81B17857A005487F4 /* OSX_GameViewController.swift in Sources */,
				334FC0FE1B1788BE005487F4 /* OSX_StageView.swift in Sources */,
				334FC0F61B1788BE005487F4 /* OSX_TargetView.swift in Sources */,
				334FC0E41B17857A005487F4 /* OSX_MainWindowController.swift in Sources */,
				334FC1001B1788BE005487F4 /* OSX_StageViewTransform.swift in Sources */,
				334FC0FC1B1788BE005487F4 /* OSX_StageElementViewFactory.swift in Sources */,
				334FC0FA1B1788BE005487F4 /* OSX_PlayerView.swift in Sources */,
				334FC0F81B1788BE005487F4 /* OSX_ObstacleView.swift in Sources */,
				334FC0E01B17857A005487F4 /* OSX_GameLobbyViewController.swift in Sources */,
				334FC0BD1B178484005487F4 /* AppDelegate.swift in Sources */,
				334FC1021B1788BE005487F4 /* OSX_WindowResizer.swift in Sources */,
			);
			runOnlyForDeploymentPostprocessing = 0;
		};
		334FC0C31B178484005487F4 /* Sources */ = {
			isa = PBXSourcesBuildPhase;
			buildActionMask = 2147483647;
			files = (
				334FC0ED1B17857A005487F4 /* OSX_WindowController.swift in Sources */,
				334FC0E91B17857A005487F4 /* OSX_GameViewController.swift in Sources */,
				334FC0FF1B1788BE005487F4 /* OSX_StageView.swift in Sources */,
				334FC0F71B1788BE005487F4 /* OSX_TargetView.swift in Sources */,
				334FC0E51B17857A005487F4 /* OSX_MainWindowController.swift in Sources */,
				334FC1011B1788BE005487F4 /* OSX_StageViewTransform.swift in Sources */,
				334FC0FD1B1788BE005487F4 /* OSX_StageElementViewFactory.swift in Sources */,
				334FC0FB1B1788BE005487F4 /* OSX_PlayerView.swift in Sources */,
				334FC0F91B1788BE005487F4 /* OSX_ObstacleView.swift in Sources */,
				334FC0E11B17857A005487F4 /* OSX_GameLobbyViewController.swift in Sources */,
				334FC0CE1B178484005487F4 /* Game_OSXTests.swift in Sources */,
				334FC1031B1788BE005487F4 /* OSX_WindowResizer.swift in Sources */,
			);
			runOnlyForDeploymentPostprocessing = 0;
		};
		33644F5E1B16F2E50008BC94 /* Sources */ = {
			isa = PBXSourcesBuildPhase;
			buildActionMask = 2147483647;
			files = (
				33644FAB1B16F5E20008BC94 /* iOS_StageViewTransform.swift in Sources */,
				33644F951B16F4130008BC94 /* iOS_StartMenuViewController.swift in Sources */,
				33644F9F1B16F5E20008BC94 /* iOS_TargetView.swift in Sources */,
				33644F8F1B16F4130008BC94 /* iOS_MPCGameLobbyBrowsingController.swift in Sources */,
				33644FA11B16F5E20008BC94 /* iOS_ObstacleView.swift in Sources */,
				33644FA31B16F5E20008BC94 /* iOS_PeerInvite.swift in Sources */,
				33644FA51B16F5E20008BC94 /* iOS_PlayerView.swift in Sources */,
				33644F671B16F2E50008BC94 /* AppDelegate.swift in Sources */,
				33644FA71B16F5E20008BC94 /* iOS_StageElementViewFactory.swift in Sources */,
				33644FA91B16F5E20008BC94 /* iOS_StageView.swift in Sources */,
				33644F8B1B16F4130008BC94 /* iOS_GameLobbyViewController.swift in Sources */,
				33644F911B16F4130008BC94 /* iOS_GameViewController.swift in Sources */,
			);
			runOnlyForDeploymentPostprocessing = 0;
		};
		33644F721B16F2E50008BC94 /* Sources */ = {
			isa = PBXSourcesBuildPhase;
			buildActionMask = 2147483647;
			files = (
				33644F961B16F4130008BC94 /* iOS_StartMenuViewController.swift in Sources */,
				33644FA81B16F5E20008BC94 /* iOS_StageElementViewFactory.swift in Sources */,
				33644FA21B16F5E20008BC94 /* iOS_ObstacleView.swift in Sources */,
				33644FAC1B16F5E20008BC94 /* iOS_StageViewTransform.swift in Sources */,
				33644FA01B16F5E20008BC94 /* iOS_TargetView.swift in Sources */,
				33644FA41B16F5E20008BC94 /* iOS_PeerInvite.swift in Sources */,
				33644FAA1B16F5E20008BC94 /* iOS_StageView.swift in Sources */,
				33644F901B16F4130008BC94 /* iOS_MPCGameLobbyBrowsingController.swift in Sources */,
				33644FA61B16F5E20008BC94 /* iOS_PlayerView.swift in Sources */,
				33644F8C1B16F4130008BC94 /* iOS_GameLobbyViewController.swift in Sources */,
				33644F921B16F4130008BC94 /* iOS_GameViewController.swift in Sources */,
			);
			runOnlyForDeploymentPostprocessing = 0;
		};
		33902C991B18349F005C5238 /* Sources */ = {
			isa = PBXSourcesBuildPhase;
			buildActionMask = 2147483647;
			files = (
				33902CBD1B18353B005C5238 /* KeyboardControlBindings.swift in Sources */,
				33902CBE1B18353B005C5238 /* MenuOptions.swift in Sources */,
				33902CBF1B18353B005C5238 /* MultiplayerGameController.swift in Sources */,
				33902CC01B18353B005C5238 /* MultiplayerGameStatus.swift in Sources */,
				33902CC21B18353B005C5238 /* SinglePlayerGameController.swift in Sources */,
				33902CC31B18353B005C5238 /* PlayerController.swift in Sources */,
				33301F461B1CEE1A00CC2694 /* StageElementVector.swift in Sources */,
				33902CC41B18353B005C5238 /* GameController.swift in Sources */,
				33902CC51B18353B005C5238 /* ConcreteStageElementViewFactory.swift in Sources */,
				33902CC61B18353B005C5238 /* DebuggerConsoleView.swift in Sources */,
				33902CC71B18353B005C5238 /* StageElementView.swift in Sources */,
				33902CC81B18353B005C5238 /* StageViewCache.swift in Sources */,
				33902CC91B18353B005C5238 /* StageViewTransform.swift in Sources */,
				33902CCA1B18353B005C5238 /* Target.swift in Sources */,
				33902CCB1B18353B005C5238 /* TargetConfiguration.swift in Sources */,
				33902CCC1B18353B005C5238 /* Direction.swift in Sources */,
				33902CCD1B18353B005C5238 /* Obstacle.swift in Sources */,
				33902CCE1B18353B005C5238 /* Player.swift in Sources */,
				33902CCF1B18353B005C5238 /* PlayerConfiguration.swift in Sources */,
				33902CD01B18353B005C5238 /* PlayerConfigurationGenerator.swift in Sources */,
				33902CD11B18353B005C5238 /* StageElement.swift in Sources */,
				33902CD21B18353B005C5238 /* StageElementDirectable.swift in Sources */,
				33902CD31B18353B005C5238 /* StageLocatable.swift in Sources */,
				33902CD41B18353B005C5238 /* Tunnel.swift in Sources */,
				33902CD51B18353B005C5238 /* Stage.swift in Sources */,
				33902CD61B18353B005C5238 /* StageConfigurator.swift in Sources */,
				33902CD71B18353B005C5238 /* StageConfiguratorLevel1.swift in Sources */,
				33902CD81B18353B005C5238 /* StageLocation.swift in Sources */,
				33902CD91B18353B005C5238 /* StageLocationSerializable.swift in Sources */,
				33902CDA1B18353B005C5238 /* StageSize.swift in Sources */,
				33902CDB1B18353B005C5238 /* MPCController.swift in Sources */,
				33902CDC1B18353B005C5238 /* MPCMessage.swift in Sources */,
				33902CDD1B18353B005C5238 /* MPCPeerController.swift in Sources */,
				33902CDE1B18353B005C5238 /* TimerFactory.swift in Sources */,
				33902CDF1B18353B005C5238 /* Utils.swift in Sources */,
			);
			runOnlyForDeploymentPostprocessing = 0;
		};
		33902CA41B18349F005C5238 /* Sources */ = {
			isa = PBXSourcesBuildPhase;
			buildActionMask = 2147483647;
			files = (
				33902CF81B18370D005C5238 /* KeyboardControlBindings.swift in Sources */,
				33902CF91B18370D005C5238 /* MenuOptions.swift in Sources */,
				33902CFA1B18370D005C5238 /* MultiplayerGameController.swift in Sources */,
				33902CFB1B18370D005C5238 /* MultiplayerGameStatus.swift in Sources */,
				33902CFD1B18370D005C5238 /* SinglePlayerGameController.swift in Sources */,
				33902CFE1B18370D005C5238 /* PlayerController.swift in Sources */,
				33902CFF1B18370D005C5238 /* GameController.swift in Sources */,
				33902D001B18370D005C5238 /* ConcreteStageElementViewFactory.swift in Sources */,
				33902D011B18370D005C5238 /* DebuggerConsoleView.swift in Sources */,
				33902D021B18370D005C5238 /* StageElementView.swift in Sources */,
				33902D031B18370D005C5238 /* StageViewCache.swift in Sources */,
				33902D041B18370D005C5238 /* StageViewTransform.swift in Sources */,
				33902D051B18370D005C5238 /* Target.swift in Sources */,
				33902D061B18370D005C5238 /* TargetConfiguration.swift in Sources */,
				33902D071B18370D005C5238 /* Direction.swift in Sources */,
				33902D081B18370D005C5238 /* Obstacle.swift in Sources */,
				33902D091B18370D005C5238 /* Player.swift in Sources */,
				338F47251B184FC700394621 /* MPCControllerMock.swift in Sources */,
				33902D0A1B18370D005C5238 /* PlayerConfiguration.swift in Sources */,
				33902D0B1B18370D005C5238 /* PlayerConfigurationGenerator.swift in Sources */,
				33902D0C1B18370D005C5238 /* StageElement.swift in Sources */,
				33902D0D1B18370D005C5238 /* StageElementDirectable.swift in Sources */,
				33902D0E1B18370D005C5238 /* StageLocatable.swift in Sources */,
				33902D0F1B18370D005C5238 /* Tunnel.swift in Sources */,
				33902D101B18370D005C5238 /* Stage.swift in Sources */,
				33902D111B18370D005C5238 /* StageConfigurator.swift in Sources */,
				33902D121B18370D005C5238 /* StageConfiguratorLevel1.swift in Sources */,
				33902D131B18370D005C5238 /* StageLocation.swift in Sources */,
				33902D141B18370D005C5238 /* StageLocationSerializable.swift in Sources */,
				33902D151B18370D005C5238 /* StageSize.swift in Sources */,
				33902D161B18370D005C5238 /* MPCController.swift in Sources */,
				33902D171B18370D005C5238 /* MPCMessage.swift in Sources */,
				33902D181B18370D005C5238 /* MPCPeerController.swift in Sources */,
				33902D191B18370D005C5238 /* TimerFactory.swift in Sources */,
				33902D1A1B18370D005C5238 /* Utils.swift in Sources */,
				33902CE21B1836BF005C5238 /* StageLocationTest.swift in Sources */,
				33902CE31B1836BF005C5238 /* StageSizeTest.swift in Sources */,
				33902CE41B1836BF005C5238 /* StageTests.swift in Sources */,
				33902CE51B1836BF005C5238 /* TimerFactoryTests.swift in Sources */,
				33902CE61B1836BF005C5238 /* TunnelTest.swift in Sources */,
				33902CE71B1836BF005C5238 /* UtilsTests.swift in Sources */,
				33902CE81B1836BF005C5238 /* StageElementTests.swift in Sources */,
				33902CE91B1836BF005C5238 /* StageElementDirectableTests.swift in Sources */,
				33902CEA1B1836BF005C5238 /* StageConfiguratorTest.swift in Sources */,
				33902CEB1B1836BF005C5238 /* PlayerTests.swift in Sources */,
				33902CEC1B1836BF005C5238 /* PlayerControllerTests.swift in Sources */,
				33902CED1B1836BF005C5238 /* ObstacleTests.swift in Sources */,
				33902CEE1B1836BF005C5238 /* MultiplayerGameControllerTests.swift in Sources */,
				33902CEF1B1836BF005C5238 /* MPCPeerControllerTests.swift in Sources */,
				33902CF01B1836BF005C5238 /* MPCMessageTests.swift in Sources */,
				33902CF11B1836BF005C5238 /* KeyboardControlBindingsTests.swift in Sources */,
				33902CF21B1836BF005C5238 /* DirectionTests.swift in Sources */,
				33902CF31B1836BF005C5238 /* DebuggerConsoleViewTests.swift in Sources */,
				33902CF41B1836BF005C5238 /* TargetTests.swift in Sources */,
				33902CF51B1836BF005C5238 /* TargetMock.swift in Sources */,
				3344CFD61B1D75AB00909DB7 /* StageElementVector.swift in Sources */,
				338F47271B1852D800394621 /* MPCControllerTests.swift in Sources */,
				33902CF61B1836BF005C5238 /* MultiplayerGameControllerMock.swift in Sources */,
				33902CF71B1836BF005C5238 /* PlayerMock.swift in Sources */,
			);
			runOnlyForDeploymentPostprocessing = 0;
		};
/* End PBXSourcesBuildPhase section */

/* Begin PBXTargetDependency section */
		334FC0C91B178484005487F4 /* PBXTargetDependency */ = {
			isa = PBXTargetDependency;
			target = 334FC0B71B178484005487F4 /* Game_OSX */;
			targetProxy = 334FC0C81B178484005487F4 /* PBXContainerItemProxy */;
		};
		33644F781B16F2E50008BC94 /* PBXTargetDependency */ = {
			isa = PBXTargetDependency;
			target = 33644F611B16F2E50008BC94 /* Game_iOS */;
			targetProxy = 33644F771B16F2E50008BC94 /* PBXContainerItemProxy */;
		};
		33902CAB1B18349F005C5238 /* PBXTargetDependency */ = {
			isa = PBXTargetDependency;
			target = 33902C9D1B18349F005C5238 /* GameCommon */;
			targetProxy = 33902CAA1B18349F005C5238 /* PBXContainerItemProxy */;
		};
		33902CB81B1834FA005C5238 /* PBXTargetDependency */ = {
			isa = PBXTargetDependency;
			target = 33902C9D1B18349F005C5238 /* GameCommon */;
			targetProxy = 33902CB71B1834FA005C5238 /* PBXContainerItemProxy */;
		};
		33902CBB1B183506005C5238 /* PBXTargetDependency */ = {
			isa = PBXTargetDependency;
			target = 33902C9D1B18349F005C5238 /* GameCommon */;
			targetProxy = 33902CBA1B183506005C5238 /* PBXContainerItemProxy */;
		};
/* End PBXTargetDependency section */

/* Begin PBXVariantGroup section */
		333CB7A91B1826010070B622 /* Main.storyboard */ = {
			isa = PBXVariantGroup;
			children = (
				333CB7AA1B1826010070B622 /* Base */,
			);
			name = Main.storyboard;
			sourceTree = "<group>";
		};
		33644F6A1B16F2E50008BC94 /* Main.storyboard */ = {
			isa = PBXVariantGroup;
			children = (
				33644F6B1B16F2E50008BC94 /* Base */,
			);
			name = Main.storyboard;
			sourceTree = "<group>";
		};
		33644F6F1B16F2E50008BC94 /* LaunchScreen.xib */ = {
			isa = PBXVariantGroup;
			children = (
				33644F701B16F2E50008BC94 /* Base */,
			);
			name = LaunchScreen.xib;
			sourceTree = "<group>";
		};
/* End PBXVariantGroup section */

/* Begin XCBuildConfiguration section */
		334FC0CF1B178484005487F4 /* Debug */ = {
			isa = XCBuildConfiguration;
			buildSettings = {
				ASSETCATALOG_COMPILER_APPICON_NAME = AppIcon;
				CODE_SIGN_IDENTITY = "-";
				COMBINE_HIDPI_IMAGES = YES;
				GCC_PREPROCESSOR_DEFINITIONS = (
					"DEBUG=1",
					"$(inherited)",
				);
				INFOPLIST_FILE = Game_OSX/Info.plist;
				LD_RUNPATH_SEARCH_PATHS = "$(inherited) @executable_path/../Frameworks";
				MACOSX_DEPLOYMENT_TARGET = 10.10;
				PRODUCT_NAME = "$(TARGET_NAME)";
				SDKROOT = macosx;
			};
			name = Debug;
		};
		334FC0D01B178484005487F4 /* Release */ = {
			isa = XCBuildConfiguration;
			buildSettings = {
				ASSETCATALOG_COMPILER_APPICON_NAME = AppIcon;
				CODE_SIGN_IDENTITY = "-";
				COMBINE_HIDPI_IMAGES = YES;
				DEBUG_INFORMATION_FORMAT = "dwarf-with-dsym";
				INFOPLIST_FILE = Game_OSX/Info.plist;
				LD_RUNPATH_SEARCH_PATHS = "$(inherited) @executable_path/../Frameworks";
				MACOSX_DEPLOYMENT_TARGET = 10.10;
				PRODUCT_NAME = "$(TARGET_NAME)";
				SDKROOT = macosx;
			};
			name = Release;
		};
		334FC0D11B178484005487F4 /* Debug */ = {
			isa = XCBuildConfiguration;
			buildSettings = {
				BUNDLE_LOADER = "$(TEST_HOST)";
				COMBINE_HIDPI_IMAGES = YES;
				FRAMEWORK_SEARCH_PATHS = (
					"$(DEVELOPER_FRAMEWORKS_DIR)",
					"$(inherited)",
				);
				GCC_PREPROCESSOR_DEFINITIONS = (
					"DEBUG=1",
					"$(inherited)",
				);
				INFOPLIST_FILE = Game_OSXTests/Info.plist;
				LD_RUNPATH_SEARCH_PATHS = "$(inherited) @executable_path/../Frameworks @loader_path/../Frameworks";
				MACOSX_DEPLOYMENT_TARGET = 10.10;
				PRODUCT_NAME = "$(TARGET_NAME)";
				SDKROOT = macosx;
				TEST_HOST = "$(BUILT_PRODUCTS_DIR)/Game_OSX.app/Contents/MacOS/Game_OSX";
			};
			name = Debug;
		};
		334FC0D21B178484005487F4 /* Release */ = {
			isa = XCBuildConfiguration;
			buildSettings = {
				BUNDLE_LOADER = "$(TEST_HOST)";
				COMBINE_HIDPI_IMAGES = YES;
				DEBUG_INFORMATION_FORMAT = "dwarf-with-dsym";
				FRAMEWORK_SEARCH_PATHS = (
					"$(DEVELOPER_FRAMEWORKS_DIR)",
					"$(inherited)",
				);
				INFOPLIST_FILE = Game_OSXTests/Info.plist;
				LD_RUNPATH_SEARCH_PATHS = "$(inherited) @executable_path/../Frameworks @loader_path/../Frameworks";
				MACOSX_DEPLOYMENT_TARGET = 10.10;
				PRODUCT_NAME = "$(TARGET_NAME)";
				SDKROOT = macosx;
				TEST_HOST = "$(BUILT_PRODUCTS_DIR)/Game_OSX.app/Contents/MacOS/Game_OSX";
			};
			name = Release;
		};
		33644F7F1B16F2E50008BC94 /* Debug */ = {
			isa = XCBuildConfiguration;
			buildSettings = {
				ASSETCATALOG_COMPILER_APPICON_NAME = AppIcon;
				GCC_PREPROCESSOR_DEFINITIONS = (
					"DEBUG=1",
					"$(inherited)",
				);
				INFOPLIST_FILE = Game_iOS/Info.plist;
				LD_RUNPATH_SEARCH_PATHS = "$(inherited) @executable_path/Frameworks";
				PRODUCT_NAME = "$(TARGET_NAME)";
			};
			name = Debug;
		};
		33644F801B16F2E50008BC94 /* Release */ = {
			isa = XCBuildConfiguration;
			buildSettings = {
				ASSETCATALOG_COMPILER_APPICON_NAME = AppIcon;
				INFOPLIST_FILE = Game_iOS/Info.plist;
				LD_RUNPATH_SEARCH_PATHS = "$(inherited) @executable_path/Frameworks";
				PRODUCT_NAME = "$(TARGET_NAME)";
			};
			name = Release;
		};
		33644F821B16F2E50008BC94 /* Debug */ = {
			isa = XCBuildConfiguration;
			buildSettings = {
				BUNDLE_LOADER = "$(TEST_HOST)";
				FRAMEWORK_SEARCH_PATHS = (
					"$(SDKROOT)/Developer/Library/Frameworks",
					"$(inherited)",
				);
				GCC_PREPROCESSOR_DEFINITIONS = (
					"DEBUG=1",
					"$(inherited)",
				);
				INFOPLIST_FILE = Game_iOSTests/Info.plist;
				LD_RUNPATH_SEARCH_PATHS = "$(inherited) @executable_path/Frameworks @loader_path/Frameworks";
				PRODUCT_NAME = "$(TARGET_NAME)";
				TEST_HOST = "$(BUILT_PRODUCTS_DIR)/Game_iOS.app/Game_iOS";
			};
			name = Debug;
		};
		33644F831B16F2E50008BC94 /* Release */ = {
			isa = XCBuildConfiguration;
			buildSettings = {
				BUNDLE_LOADER = "$(TEST_HOST)";
				FRAMEWORK_SEARCH_PATHS = (
					"$(SDKROOT)/Developer/Library/Frameworks",
					"$(inherited)",
				);
				INFOPLIST_FILE = Game_iOSTests/Info.plist;
				LD_RUNPATH_SEARCH_PATHS = "$(inherited) @executable_path/Frameworks @loader_path/Frameworks";
				PRODUCT_NAME = "$(TARGET_NAME)";
				TEST_HOST = "$(BUILT_PRODUCTS_DIR)/Game_iOS.app/Game_iOS";
			};
			name = Release;
		};
		33902CB21B18349F005C5238 /* Debug */ = {
			isa = XCBuildConfiguration;
			buildSettings = {
				COMBINE_HIDPI_IMAGES = YES;
				CURRENT_PROJECT_VERSION = 1;
				DEFINES_MODULE = YES;
				DYLIB_COMPATIBILITY_VERSION = 1;
				DYLIB_CURRENT_VERSION = 1;
				DYLIB_INSTALL_NAME_BASE = "@rpath";
				FRAMEWORK_VERSION = A;
				GCC_PREPROCESSOR_DEFINITIONS = (
					"DEBUG=1",
					"$(inherited)",
				);
				INFOPLIST_FILE = GameCommon/Info.plist;
				INSTALL_PATH = "$(LOCAL_LIBRARY_DIR)/Frameworks";
				LD_RUNPATH_SEARCH_PATHS = "$(inherited) @executable_path/../Frameworks @loader_path/Frameworks @executable_path/Frameworks @loader_path/../Frameworks";
				LIBRARY_SEARCH_PATHS = (
					"$(SDKROOT)",
					"$(inherited)",
				);
				MACOSX_DEPLOYMENT_TARGET = 10.10;
				PRODUCT_NAME = "$(TARGET_NAME)";
				SDKROOT = macosx;
				SKIP_INSTALL = YES;
				SUPPORTED_PLATFORMS = "macosx iphoneos iphonesimulator";
				VALID_ARCHS = "i386 x86_64 armv7s armv7 arm64";
				VERSIONING_SYSTEM = "apple-generic";
				VERSION_INFO_PREFIX = "";
			};
			name = Debug;
		};
		33902CB31B18349F005C5238 /* Release */ = {
			isa = XCBuildConfiguration;
			buildSettings = {
				COMBINE_HIDPI_IMAGES = YES;
				CURRENT_PROJECT_VERSION = 1;
				DEBUG_INFORMATION_FORMAT = "dwarf-with-dsym";
				DEFINES_MODULE = YES;
				DYLIB_COMPATIBILITY_VERSION = 1;
				DYLIB_CURRENT_VERSION = 1;
				DYLIB_INSTALL_NAME_BASE = "@rpath";
				FRAMEWORK_VERSION = A;
				INFOPLIST_FILE = GameCommon/Info.plist;
				INSTALL_PATH = "$(LOCAL_LIBRARY_DIR)/Frameworks";
				LD_RUNPATH_SEARCH_PATHS = "$(inherited) @executable_path/../Frameworks @loader_path/Frameworks @executable_path/Frameworks @loader_path/../Frameworks";
				LIBRARY_SEARCH_PATHS = (
					"$(SDKROOT)",
					"$(inherited)",
				);
				MACOSX_DEPLOYMENT_TARGET = 10.10;
				PRODUCT_NAME = "$(TARGET_NAME)";
				SDKROOT = macosx;
				SKIP_INSTALL = YES;
				SUPPORTED_PLATFORMS = "macosx iphoneos iphonesimulator";
				VALID_ARCHS = "i386 x86_64 armv7s armv7 arm64";
				VERSIONING_SYSTEM = "apple-generic";
				VERSION_INFO_PREFIX = "";
			};
			name = Release;
		};
		33902CB51B18349F005C5238 /* Debug */ = {
			isa = XCBuildConfiguration;
			buildSettings = {
				COMBINE_HIDPI_IMAGES = YES;
				FRAMEWORK_SEARCH_PATHS = (
					"$(DEVELOPER_FRAMEWORKS_DIR)",
					"$(inherited)",
				);
				GCC_PREPROCESSOR_DEFINITIONS = (
					"DEBUG=1",
					"$(inherited)",
				);
				INFOPLIST_FILE = GameCommonTests/Info.plist;
				LD_RUNPATH_SEARCH_PATHS = "$(inherited) @executable_path/../Frameworks @loader_path/../Frameworks";
				MACOSX_DEPLOYMENT_TARGET = 10.10;
				PRODUCT_NAME = "$(TARGET_NAME)";
				SDKROOT = macosx;
			};
			name = Debug;
		};
		33902CB61B18349F005C5238 /* Release */ = {
			isa = XCBuildConfiguration;
			buildSettings = {
				COMBINE_HIDPI_IMAGES = YES;
				DEBUG_INFORMATION_FORMAT = "dwarf-with-dsym";
				FRAMEWORK_SEARCH_PATHS = (
					"$(DEVELOPER_FRAMEWORKS_DIR)",
					"$(inherited)",
				);
				INFOPLIST_FILE = GameCommonTests/Info.plist;
				LD_RUNPATH_SEARCH_PATHS = "$(inherited) @executable_path/../Frameworks @loader_path/../Frameworks";
				MACOSX_DEPLOYMENT_TARGET = 10.10;
				PRODUCT_NAME = "$(TARGET_NAME)";
				SDKROOT = macosx;
			};
			name = Release;
		};
		339EEB451B1636DC00499A5C /* Debug */ = {
			isa = XCBuildConfiguration;
			buildSettings = {
				ALWAYS_SEARCH_USER_PATHS = NO;
				CLANG_CXX_LANGUAGE_STANDARD = "gnu++0x";
				CLANG_CXX_LIBRARY = "libc++";
				CLANG_ENABLE_MODULES = YES;
				CLANG_ENABLE_OBJC_ARC = YES;
				CLANG_WARN_BOOL_CONVERSION = YES;
				CLANG_WARN_CONSTANT_CONVERSION = YES;
				CLANG_WARN_DIRECT_OBJC_ISA_USAGE = YES_ERROR;
				CLANG_WARN_EMPTY_BODY = YES;
				CLANG_WARN_ENUM_CONVERSION = YES;
				CLANG_WARN_INT_CONVERSION = YES;
				CLANG_WARN_OBJC_ROOT_CLASS = YES_ERROR;
				CLANG_WARN_UNREACHABLE_CODE = YES;
				CLANG_WARN__DUPLICATE_METHOD_MATCH = YES;
				"CODE_SIGN_IDENTITY[sdk=iphoneos*]" = "iPhone Developer";
				COPY_PHASE_STRIP = NO;
				ENABLE_STRICT_OBJC_MSGSEND = YES;
				GCC_C_LANGUAGE_STANDARD = gnu99;
				GCC_DYNAMIC_NO_PIC = NO;
				GCC_OPTIMIZATION_LEVEL = 0;
				GCC_PREPROCESSOR_DEFINITIONS = (
					"DEBUG=1",
					"$(inherited)",
				);
				GCC_SYMBOLS_PRIVATE_EXTERN = NO;
				GCC_WARN_64_TO_32_BIT_CONVERSION = YES;
				GCC_WARN_ABOUT_RETURN_TYPE = YES_ERROR;
				GCC_WARN_UNDECLARED_SELECTOR = YES;
				GCC_WARN_UNINITIALIZED_AUTOS = YES_AGGRESSIVE;
				GCC_WARN_UNUSED_FUNCTION = YES;
				GCC_WARN_UNUSED_VARIABLE = YES;
				IPHONEOS_DEPLOYMENT_TARGET = 8.2;
				MTL_ENABLE_DEBUG_INFO = YES;
				ONLY_ACTIVE_ARCH = YES;
				SDKROOT = iphoneos;
				SWIFT_OPTIMIZATION_LEVEL = "-Onone";
				TARGETED_DEVICE_FAMILY = "1,2";
			};
			name = Debug;
		};
		339EEB461B1636DC00499A5C /* Release */ = {
			isa = XCBuildConfiguration;
			buildSettings = {
				ALWAYS_SEARCH_USER_PATHS = NO;
				CLANG_CXX_LANGUAGE_STANDARD = "gnu++0x";
				CLANG_CXX_LIBRARY = "libc++";
				CLANG_ENABLE_MODULES = YES;
				CLANG_ENABLE_OBJC_ARC = YES;
				CLANG_WARN_BOOL_CONVERSION = YES;
				CLANG_WARN_CONSTANT_CONVERSION = YES;
				CLANG_WARN_DIRECT_OBJC_ISA_USAGE = YES_ERROR;
				CLANG_WARN_EMPTY_BODY = YES;
				CLANG_WARN_ENUM_CONVERSION = YES;
				CLANG_WARN_INT_CONVERSION = YES;
				CLANG_WARN_OBJC_ROOT_CLASS = YES_ERROR;
				CLANG_WARN_UNREACHABLE_CODE = YES;
				CLANG_WARN__DUPLICATE_METHOD_MATCH = YES;
				"CODE_SIGN_IDENTITY[sdk=iphoneos*]" = "iPhone Developer";
				COPY_PHASE_STRIP = NO;
				ENABLE_NS_ASSERTIONS = NO;
				ENABLE_STRICT_OBJC_MSGSEND = YES;
				GCC_C_LANGUAGE_STANDARD = gnu99;
				GCC_WARN_64_TO_32_BIT_CONVERSION = YES;
				GCC_WARN_ABOUT_RETURN_TYPE = YES_ERROR;
				GCC_WARN_UNDECLARED_SELECTOR = YES;
				GCC_WARN_UNINITIALIZED_AUTOS = YES_AGGRESSIVE;
				GCC_WARN_UNUSED_FUNCTION = YES;
				GCC_WARN_UNUSED_VARIABLE = YES;
				IPHONEOS_DEPLOYMENT_TARGET = 8.2;
				MTL_ENABLE_DEBUG_INFO = NO;
				SDKROOT = iphoneos;
				TARGETED_DEVICE_FAMILY = "1,2";
				VALIDATE_PRODUCT = YES;
			};
			name = Release;
		};
/* End XCBuildConfiguration section */

/* Begin XCConfigurationList section */
		334FC0D31B178484005487F4 /* Build configuration list for PBXNativeTarget "Game_OSX" */ = {
			isa = XCConfigurationList;
			buildConfigurations = (
				334FC0CF1B178484005487F4 /* Debug */,
				334FC0D01B178484005487F4 /* Release */,
			);
			defaultConfigurationIsVisible = 0;
			defaultConfigurationName = Release;
		};
		334FC0D41B178484005487F4 /* Build configuration list for PBXNativeTarget "Game_OSXTests" */ = {
			isa = XCConfigurationList;
			buildConfigurations = (
				334FC0D11B178484005487F4 /* Debug */,
				334FC0D21B178484005487F4 /* Release */,
			);
			defaultConfigurationIsVisible = 0;
			defaultConfigurationName = Release;
		};
		33644F7E1B16F2E50008BC94 /* Build configuration list for PBXNativeTarget "Game_iOS" */ = {
			isa = XCConfigurationList;
			buildConfigurations = (
				33644F7F1B16F2E50008BC94 /* Debug */,
				33644F801B16F2E50008BC94 /* Release */,
			);
			defaultConfigurationIsVisible = 0;
			defaultConfigurationName = Release;
		};
		33644F811B16F2E50008BC94 /* Build configuration list for PBXNativeTarget "Game_iOSTests" */ = {
			isa = XCConfigurationList;
			buildConfigurations = (
				33644F821B16F2E50008BC94 /* Debug */,
				33644F831B16F2E50008BC94 /* Release */,
			);
			defaultConfigurationIsVisible = 0;
			defaultConfigurationName = Release;
		};
		33902CB11B18349F005C5238 /* Build configuration list for PBXNativeTarget "GameCommon" */ = {
			isa = XCConfigurationList;
			buildConfigurations = (
				33902CB21B18349F005C5238 /* Debug */,
				33902CB31B18349F005C5238 /* Release */,
			);
			defaultConfigurationIsVisible = 0;
			defaultConfigurationName = Release;
		};
		33902CB41B18349F005C5238 /* Build configuration list for PBXNativeTarget "GameCommonTests" */ = {
			isa = XCConfigurationList;
			buildConfigurations = (
				33902CB51B18349F005C5238 /* Debug */,
				33902CB61B18349F005C5238 /* Release */,
			);
			defaultConfigurationIsVisible = 0;
			defaultConfigurationName = Release;
		};
		339EEB231B1636DC00499A5C /* Build configuration list for PBXProject "GameSwift" */ = {
			isa = XCConfigurationList;
			buildConfigurations = (
				339EEB451B1636DC00499A5C /* Debug */,
				339EEB461B1636DC00499A5C /* Release */,
			);
			defaultConfigurationIsVisible = 0;
			defaultConfigurationName = Release;
		};
/* End XCConfigurationList section */
	};
	rootObject = 339EEB201B1636DC00499A5C /* Project object */;
}
